Microsoft Visual Studio Solution File, Format Version 8.00
#
# $Id: VC71WorkspaceCreator.pm 1456 2008-07-18 16:05:54Z elliott_c $
#
# This file was generated by MPC.  Any changes made directly to
# this file will be lost the next time it is generated.
#
# MPC Command:
# /export/anduriltmp/bczar/DOC_ROOT/stage-4800/ACE_wrappers/bin/mwc.pl -type vc71 -static -name_modifier "*_vc71_Static" -apply_project -exclude TAO/CIAO -recurse -hierarchy -relative ACE_ROOT=/export/anduriltmp/bczar/DOC_ROOT/stage-4800/ACE_wrappers -relative TAO_ROOT=/export/anduriltmp/bczar/DOC_ROOT/stage-4800/ACE_wrappers/TAO -relative CIAO_ROOT=/export/anduriltmp/bczar/DOC_ROOT/stage-4800/ACE_wrappers/TAO/CIAO
Project("{8BC9CEB8-8B4A-11D0-8D11-00A0C91BC942}") = "Misc_Test_Dump_vc71_Static", "Misc_Test_Dump_vc71_Static.vcproj", "{0BF028BF-FECA-1BAD-BE51-8A67253450D7}"
	ProjectSection(ProjectDependencies) = postProject
	EndProjectSection
EndProject
Project("{8BC9CEB8-8B4A-11D0-8D11-00A0C91BC942}") = "Misc_Test_Get_Opt_vc71_Static", "Misc_Test_Get_Opt_vc71_Static.vcproj", "{E407EFF1-FECA-1BAD-BE51-8A67253450D7}"
	ProjectSection(ProjectDependencies) = postProject
	EndProjectSection
EndProject
Project("{8BC9CEB8-8B4A-11D0-8D11-00A0C91BC942}") = "Misc_Test_Profile_Timer_vc71_Static", "Misc_Test_Profile_Timer_vc71_Static.vcproj", "{5020F01B-FECA-1BAD-BE51-8A67253450D7}"
	ProjectSection(ProjectDependencies) = postProject
	EndProjectSection
EndProject
Project("{8BC9CEB8-8B4A-11D0-8D11-00A0C91BC942}") = "Misc_Test_Read_Buffer_vc71_Static", "Misc_Test_Read_Buffer_vc71_Static.vcproj", "{C9B7F920-FECA-1BAD-BE51-8A67253450D7}"
	ProjectSection(ProjectDependencies) = postProject
	EndProjectSection
EndProject
Project("{8BC9CEB8-8B4A-11D0-8D11-00A0C91BC942}") = "Misc_Test_Set_vc71_Static", "Misc_Test_Set_vc71_Static.vcproj", "{F9A4E895-FECA-1BAD-BE51-8A67253450D7}"
	ProjectSection(ProjectDependencies) = postProject
	EndProjectSection
EndProject
Project("{8BC9CEB8-8B4A-11D0-8D11-00A0C91BC942}") = "Misc_Test_Sstring_vc71_Static", "Misc_Test_Sstring_vc71_Static.vcproj", "{CB78DEA7-FECA-1BAD-BE51-8A67253450D7}"
	ProjectSection(ProjectDependencies) = postProject
	EndProjectSection
EndProject
Project("{8BC9CEB8-8B4A-11D0-8D11-00A0C91BC942}") = "Misc_Test_Timestamp_vc71_Static", "Misc_Test_Timestamp_vc71_Static.vcproj", "{3F7E73A5-FECA-1BAD-BE51-8A67253450D7}"
	ProjectSection(ProjectDependencies) = postProject
	EndProjectSection
EndProject
Project("{8BC9CEB8-8B4A-11D0-8D11-00A0C91BC942}") = "Misc_Test_Trace_vc71_Static", "Misc_Test_Trace_vc71_Static.vcproj", "{3F777A11-FECA-1BAD-BE51-8A67253450D7}"
	ProjectSection(ProjectDependencies) = postProject
	EndProjectSection
EndProject
Global
	GlobalSection(SolutionConfiguration) = preSolution
		Debug = Debug
		Release = Release
	EndGlobalSection
	GlobalSection(ProjectConfiguration) = postSolution
		{0BF028BF-FECA-1BAD-BE51-8A67253450D7}.Debug.ActiveCfg = Debug|Win32
		{0BF028BF-FECA-1BAD-BE51-8A67253450D7}.Debug.Build.0 = Debug|Win32
		{0BF028BF-FECA-1BAD-BE51-8A67253450D7}.Release.ActiveCfg = Release|Win32
		{0BF028BF-FECA-1BAD-BE51-8A67253450D7}.Release.Build.0 = Release|Win32
		{E407EFF1-FECA-1BAD-BE51-8A67253450D7}.Debug.ActiveCfg = Debug|Win32
		{E407EFF1-FECA-1BAD-BE51-8A67253450D7}.Debug.Build.0 = Debug|Win32
		{E407EFF1-FECA-1BAD-BE51-8A67253450D7}.Release.ActiveCfg = Release|Win32
		{E407EFF1-FECA-1BAD-BE51-8A67253450D7}.Release.Build.0 = Release|Win32
		{5020F01B-FECA-1BAD-BE51-8A67253450D7}.Debug.ActiveCfg = Debug|Win32
		{5020F01B-FECA-1BAD-BE51-8A67253450D7}.Debug.Build.0 = Debug|Win32
		{5020F01B-FECA-1BAD-BE51-8A67253450D7}.Release.ActiveCfg = Release|Win32
		{5020F01B-FECA-1BAD-BE51-8A67253450D7}.Release.Build.0 = Release|Win32
		{C9B7F920-FECA-1BAD-BE51-8A67253450D7}.Debug.ActiveCfg = Debug|Win32
		{C9B7F920-FECA-1BAD-BE51-8A67253450D7}.Debug.Build.0 = Debug|Win32
		{C9B7F920-FECA-1BAD-BE51-8A67253450D7}.Release.ActiveCfg = Release|Win32
		{C9B7F920-FECA-1BAD-BE51-8A67253450D7}.Release.Build.0 = Release|Win32
		{F9A4E895-FECA-1BAD-BE51-8A67253450D7}.Debug.ActiveCfg = Debug|Win32
		{F9A4E895-FECA-1BAD-BE51-8A67253450D7}.Debug.Build.0 = Debug|Win32
		{F9A4E895-FECA-1BAD-BE51-8A67253450D7}.Release.ActiveCfg = Release|Win32
		{F9A4E895-FECA-1BAD-BE51-8A67253450D7}.Release.Build.0 = Release|Win32
		{CB78DEA7-FECA-1BAD-BE51-8A67253450D7}.Debug.ActiveCfg = Debug|Win32
		{CB78DEA7-FECA-1BAD-BE51-8A67253450D7}.Debug.Build.0 = Debug|Win32
		{CB78DEA7-FECA-1BAD-BE51-8A67253450D7}.Release.ActiveCfg = Release|Win32
		{CB78DEA7-FECA-1BAD-BE51-8A67253450D7}.Release.Build.0 = Release|Win32
		{3F7E73A5-FECA-1BAD-BE51-8A67253450D7}.Debug.ActiveCfg = Debug|Win32
		{3F7E73A5-FECA-1BAD-BE51-8A67253450D7}.Debug.Build.0 = Debug|Win32
		{3F7E73A5-FECA-1BAD-BE51-8A67253450D7}.Release.ActiveCfg = Release|Win32
		{3F7E73A5-FECA-1BAD-BE51-8A67253450D7}.Release.Build.0 = Release|Win32
		{3F777A11-FECA-1BAD-BE51-8A67253450D7}.Debug.ActiveCfg = Debug|Win32
		{3F777A11-FECA-1BAD-BE51-8A67253450D7}.Debug.Build.0 = Debug|Win32
		{3F777A11-FECA-1BAD-BE51-8A67253450D7}.Release.ActiveCfg = Release|Win32
		{3F777A11-FECA-1BAD-BE51-8A67253450D7}.Release.Build.0 = Release|Win32
	EndGlobalSection
	GlobalSection(ExtensibilityGlobals) = postSolution
	EndGlobalSection
	GlobalSection(ExtensibilityAddIns) = postSolution
	EndGlobalSection
EndGlobal
