
Microsoft Visual Studio Solution File, Format Version 10.00
# Visual Studio 2008
# $Id: VC9WorkspaceCreator.pm 1577 2009-05-07 15:44:53Z elliott_c $
#
# This file was generated by MPC.  Any changes made directly to
# this file will be lost the next time it is generated.
#
# MPC Command:
# /export/anduriltmp/bczar/DOC_ROOT/stage-4800/ACE_wrappers/bin/mwc.pl -type vc9 -static -name_modifier "*_vc9_Static" -apply_project -exclude TAO/CIAO -recurse -hierarchy -relative ACE_ROOT=/export/anduriltmp/bczar/DOC_ROOT/stage-4800/ACE_wrappers -relative TAO_ROOT=/export/anduriltmp/bczar/DOC_ROOT/stage-4800/ACE_wrappers/TAO -relative CIAO_ROOT=/export/anduriltmp/bczar/DOC_ROOT/stage-4800/ACE_wrappers/TAO/CIAO
Project("{8BC9CEB8-8B4A-11D0-8D11-00A0C91BC942}") = "Change_Instance_Default_vc9_Static", "Change_Instance_Default_vc9_Static.vcproj", "{803AB83B-FECA-1BAD-1F85-E0F2F8C2552A}"
EndProject
Project("{8BC9CEB8-8B4A-11D0-8D11-00A0C91BC942}") = "Change_Mask_vc9_Static", "Change_Mask_vc9_Static.vcproj", "{1E53EBB4-FECA-1BAD-1F85-E0F2F8C2552A}"
EndProject
Project("{8BC9CEB8-8B4A-11D0-8D11-00A0C91BC942}") = "Howto_Syslog_vc9_Static", "Howto_Syslog_vc9_Static.vcproj", "{5F12C29F-FECA-1BAD-1F85-E0F2F8C2552A}"
EndProject
Project("{8BC9CEB8-8B4A-11D0-8D11-00A0C91BC942}") = "Simple1_vc9_Static", "Simple1_vc9_Static.vcproj", "{EFCA3660-FECA-1BAD-1F85-E0F2F8C2552A}"
EndProject
Project("{8BC9CEB8-8B4A-11D0-8D11-00A0C91BC942}") = "Simple2_vc9_Static", "Simple2_vc9_Static.vcproj", "{EFCA3560-FECA-1BAD-1F85-E0F2F8C2552A}"
EndProject
Project("{8BC9CEB8-8B4A-11D0-8D11-00A0C91BC942}") = "Trace_Return_vc9_Static", "Trace_Return_vc9_Static.vcproj", "{52A66C3F-FECA-1BAD-1F85-E0F2F8C2552A}"
EndProject
Project("{8BC9CEB8-8B4A-11D0-8D11-00A0C91BC942}") = "Use_Callback2_vc9_Static", "Use_Callback2_vc9_Static.vcproj", "{E385604F-FECA-1BAD-1F85-E0F2F8C2552A}"
EndProject
Project("{8BC9CEB8-8B4A-11D0-8D11-00A0C91BC942}") = "Use_Callback_vc9_Static", "Use_Callback_vc9_Static.vcproj", "{BAC20762-FECA-1BAD-1F85-E0F2F8C2552A}"
EndProject
Project("{8BC9CEB8-8B4A-11D0-8D11-00A0C91BC942}") = "Use_LogManager_vc9_Static", "Use_LogManager_vc9_Static.vcproj", "{48DADC0B-FECA-1BAD-1F85-E0F2F8C2552A}"
EndProject
Project("{8BC9CEB8-8B4A-11D0-8D11-00A0C91BC942}") = "Use_Logger_vc9_Static", "Use_Logger_vc9_Static.vcproj", "{BCB4503E-FECA-1BAD-1F85-E0F2F8C2552A}"
EndProject
Project("{8BC9CEB8-8B4A-11D0-8D11-00A0C91BC942}") = "Use_Logging_Server_vc9_Static", "Use_Logging_Server_vc9_Static.vcproj", "{EEE4A814-FECA-1BAD-1F85-E0F2F8C2552A}"
EndProject
Project("{8BC9CEB8-8B4A-11D0-8D11-00A0C91BC942}") = "Use_Logging_Strategy_vc9_Static", "Use_Logging_Strategy_vc9_Static.vcproj", "{475E7FDF-FECA-1BAD-1F85-E0F2F8C2552A}"
EndProject
Project("{8BC9CEB8-8B4A-11D0-8D11-00A0C91BC942}") = "Use_Multiple_Sinks_vc9_Static", "Use_Multiple_Sinks_vc9_Static.vcproj", "{13EF579E-FECA-1BAD-1F85-E0F2F8C2552A}"
EndProject
Project("{8BC9CEB8-8B4A-11D0-8D11-00A0C91BC942}") = "Use_Ostream_vc9_Static", "Use_Ostream_vc9_Static.vcproj", "{56B17A8D-FECA-1BAD-1F85-E0F2F8C2552A}"
EndProject
Project("{8BC9CEB8-8B4A-11D0-8D11-00A0C91BC942}") = "Use_Stderr_vc9_Static", "Use_Stderr_vc9_Static.vcproj", "{5787203F-FECA-1BAD-1F85-E0F2F8C2552A}"
EndProject
Project("{8BC9CEB8-8B4A-11D0-8D11-00A0C91BC942}") = "Use_Syslog_vc9_Static", "Use_Syslog_vc9_Static.vcproj", "{5BFFE53F-FECA-1BAD-1F85-E0F2F8C2552A}"
EndProject
Project("{8BC9CEB8-8B4A-11D0-8D11-00A0C91BC942}") = "Wrap_Macros_Alt_vc9_Static", "Wrap_Macros_Alt_vc9_Static.vcproj", "{D54C5421-FECA-1BAD-1F85-E0F2F8C2552A}"
EndProject
Project("{8BC9CEB8-8B4A-11D0-8D11-00A0C91BC942}") = "Wrap_Macros_vc9_Static", "Wrap_Macros_vc9_Static.vcproj", "{A2B4926E-FECA-1BAD-1F85-E0F2F8C2552A}"
EndProject
Global
	GlobalSection(SolutionConfigurationPlatforms) = preSolution
		Debug|Win32 = Debug|Win32
		Debug|x64 = Debug|x64
		Release|Win32 = Release|Win32
		Release|x64 = Release|x64
	EndGlobalSection
	GlobalSection(ProjectConfigurationPlatforms) = postSolution
		{803AB83B-FECA-1BAD-1F85-E0F2F8C2552A}.Debug|Win32.ActiveCfg = Debug|Win32
		{803AB83B-FECA-1BAD-1F85-E0F2F8C2552A}.Debug|Win32.Build.0 = Debug|Win32
		{803AB83B-FECA-1BAD-1F85-E0F2F8C2552A}.Debug|x64.ActiveCfg = Debug|x64
		{803AB83B-FECA-1BAD-1F85-E0F2F8C2552A}.Debug|x64.Build.0 = Debug|x64
		{803AB83B-FECA-1BAD-1F85-E0F2F8C2552A}.Release|Win32.ActiveCfg = Release|Win32
		{803AB83B-FECA-1BAD-1F85-E0F2F8C2552A}.Release|Win32.Build.0 = Release|Win32
		{803AB83B-FECA-1BAD-1F85-E0F2F8C2552A}.Release|x64.ActiveCfg = Release|x64
		{803AB83B-FECA-1BAD-1F85-E0F2F8C2552A}.Release|x64.Build.0 = Release|x64
		{1E53EBB4-FECA-1BAD-1F85-E0F2F8C2552A}.Debug|Win32.ActiveCfg = Debug|Win32
		{1E53EBB4-FECA-1BAD-1F85-E0F2F8C2552A}.Debug|Win32.Build.0 = Debug|Win32
		{1E53EBB4-FECA-1BAD-1F85-E0F2F8C2552A}.Debug|x64.ActiveCfg = Debug|x64
		{1E53EBB4-FECA-1BAD-1F85-E0F2F8C2552A}.Debug|x64.Build.0 = Debug|x64
		{1E53EBB4-FECA-1BAD-1F85-E0F2F8C2552A}.Release|Win32.ActiveCfg = Release|Win32
		{1E53EBB4-FECA-1BAD-1F85-E0F2F8C2552A}.Release|Win32.Build.0 = Release|Win32
		{1E53EBB4-FECA-1BAD-1F85-E0F2F8C2552A}.Release|x64.ActiveCfg = Release|x64
		{1E53EBB4-FECA-1BAD-1F85-E0F2F8C2552A}.Release|x64.Build.0 = Release|x64
		{5F12C29F-FECA-1BAD-1F85-E0F2F8C2552A}.Debug|Win32.ActiveCfg = Debug|Win32
		{5F12C29F-FECA-1BAD-1F85-E0F2F8C2552A}.Debug|Win32.Build.0 = Debug|Win32
		{5F12C29F-FECA-1BAD-1F85-E0F2F8C2552A}.Debug|x64.ActiveCfg = Debug|x64
		{5F12C29F-FECA-1BAD-1F85-E0F2F8C2552A}.Debug|x64.Build.0 = Debug|x64
		{5F12C29F-FECA-1BAD-1F85-E0F2F8C2552A}.Release|Win32.ActiveCfg = Release|Win32
		{5F12C29F-FECA-1BAD-1F85-E0F2F8C2552A}.Release|Win32.Build.0 = Release|Win32
		{5F12C29F-FECA-1BAD-1F85-E0F2F8C2552A}.Release|x64.ActiveCfg = Release|x64
		{5F12C29F-FECA-1BAD-1F85-E0F2F8C2552A}.Release|x64.Build.0 = Release|x64
		{EFCA3660-FECA-1BAD-1F85-E0F2F8C2552A}.Debug|Win32.ActiveCfg = Debug|Win32
		{EFCA3660-FECA-1BAD-1F85-E0F2F8C2552A}.Debug|Win32.Build.0 = Debug|Win32
		{EFCA3660-FECA-1BAD-1F85-E0F2F8C2552A}.Debug|x64.ActiveCfg = Debug|x64
		{EFCA3660-FECA-1BAD-1F85-E0F2F8C2552A}.Debug|x64.Build.0 = Debug|x64
		{EFCA3660-FECA-1BAD-1F85-E0F2F8C2552A}.Release|Win32.ActiveCfg = Release|Win32
		{EFCA3660-FECA-1BAD-1F85-E0F2F8C2552A}.Release|Win32.Build.0 = Release|Win32
		{EFCA3660-FECA-1BAD-1F85-E0F2F8C2552A}.Release|x64.ActiveCfg = Release|x64
		{EFCA3660-FECA-1BAD-1F85-E0F2F8C2552A}.Release|x64.Build.0 = Release|x64
		{EFCA3560-FECA-1BAD-1F85-E0F2F8C2552A}.Debug|Win32.ActiveCfg = Debug|Win32
		{EFCA3560-FECA-1BAD-1F85-E0F2F8C2552A}.Debug|Win32.Build.0 = Debug|Win32
		{EFCA3560-FECA-1BAD-1F85-E0F2F8C2552A}.Debug|x64.ActiveCfg = Debug|x64
		{EFCA3560-FECA-1BAD-1F85-E0F2F8C2552A}.Debug|x64.Build.0 = Debug|x64
		{EFCA3560-FECA-1BAD-1F85-E0F2F8C2552A}.Release|Win32.ActiveCfg = Release|Win32
		{EFCA3560-FECA-1BAD-1F85-E0F2F8C2552A}.Release|Win32.Build.0 = Release|Win32
		{EFCA3560-FECA-1BAD-1F85-E0F2F8C2552A}.Release|x64.ActiveCfg = Release|x64
		{EFCA3560-FECA-1BAD-1F85-E0F2F8C2552A}.Release|x64.Build.0 = Release|x64
		{52A66C3F-FECA-1BAD-1F85-E0F2F8C2552A}.Debug|Win32.ActiveCfg = Debug|Win32
		{52A66C3F-FECA-1BAD-1F85-E0F2F8C2552A}.Debug|Win32.Build.0 = Debug|Win32
		{52A66C3F-FECA-1BAD-1F85-E0F2F8C2552A}.Debug|x64.ActiveCfg = Debug|x64
		{52A66C3F-FECA-1BAD-1F85-E0F2F8C2552A}.Debug|x64.Build.0 = Debug|x64
		{52A66C3F-FECA-1BAD-1F85-E0F2F8C2552A}.Release|Win32.ActiveCfg = Release|Win32
		{52A66C3F-FECA-1BAD-1F85-E0F2F8C2552A}.Release|Win32.Build.0 = Release|Win32
		{52A66C3F-FECA-1BAD-1F85-E0F2F8C2552A}.Release|x64.ActiveCfg = Release|x64
		{52A66C3F-FECA-1BAD-1F85-E0F2F8C2552A}.Release|x64.Build.0 = Release|x64
		{E385604F-FECA-1BAD-1F85-E0F2F8C2552A}.Debug|Win32.ActiveCfg = Debug|Win32
		{E385604F-FECA-1BAD-1F85-E0F2F8C2552A}.Debug|Win32.Build.0 = Debug|Win32
		{E385604F-FECA-1BAD-1F85-E0F2F8C2552A}.Debug|x64.ActiveCfg = Debug|x64
		{E385604F-FECA-1BAD-1F85-E0F2F8C2552A}.Debug|x64.Build.0 = Debug|x64
		{E385604F-FECA-1BAD-1F85-E0F2F8C2552A}.Release|Win32.ActiveCfg = Release|Win32
		{E385604F-FECA-1BAD-1F85-E0F2F8C2552A}.Release|Win32.Build.0 = Release|Win32
		{E385604F-FECA-1BAD-1F85-E0F2F8C2552A}.Release|x64.ActiveCfg = Release|x64
		{E385604F-FECA-1BAD-1F85-E0F2F8C2552A}.Release|x64.Build.0 = Release|x64
		{BAC20762-FECA-1BAD-1F85-E0F2F8C2552A}.Debug|Win32.ActiveCfg = Debug|Win32
		{BAC20762-FECA-1BAD-1F85-E0F2F8C2552A}.Debug|Win32.Build.0 = Debug|Win32
		{BAC20762-FECA-1BAD-1F85-E0F2F8C2552A}.Debug|x64.ActiveCfg = Debug|x64
		{BAC20762-FECA-1BAD-1F85-E0F2F8C2552A}.Debug|x64.Build.0 = Debug|x64
		{BAC20762-FECA-1BAD-1F85-E0F2F8C2552A}.Release|Win32.ActiveCfg = Release|Win32
		{BAC20762-FECA-1BAD-1F85-E0F2F8C2552A}.Release|Win32.Build.0 = Release|Win32
		{BAC20762-FECA-1BAD-1F85-E0F2F8C2552A}.Release|x64.ActiveCfg = Release|x64
		{BAC20762-FECA-1BAD-1F85-E0F2F8C2552A}.Release|x64.Build.0 = Release|x64
		{48DADC0B-FECA-1BAD-1F85-E0F2F8C2552A}.Debug|Win32.ActiveCfg = Debug|Win32
		{48DADC0B-FECA-1BAD-1F85-E0F2F8C2552A}.Debug|Win32.Build.0 = Debug|Win32
		{48DADC0B-FECA-1BAD-1F85-E0F2F8C2552A}.Debug|x64.ActiveCfg = Debug|x64
		{48DADC0B-FECA-1BAD-1F85-E0F2F8C2552A}.Debug|x64.Build.0 = Debug|x64
		{48DADC0B-FECA-1BAD-1F85-E0F2F8C2552A}.Release|Win32.ActiveCfg = Release|Win32
		{48DADC0B-FECA-1BAD-1F85-E0F2F8C2552A}.Release|Win32.Build.0 = Release|Win32
		{48DADC0B-FECA-1BAD-1F85-E0F2F8C2552A}.Release|x64.ActiveCfg = Release|x64
		{48DADC0B-FECA-1BAD-1F85-E0F2F8C2552A}.Release|x64.Build.0 = Release|x64
		{BCB4503E-FECA-1BAD-1F85-E0F2F8C2552A}.Debug|Win32.ActiveCfg = Debug|Win32
		{BCB4503E-FECA-1BAD-1F85-E0F2F8C2552A}.Debug|Win32.Build.0 = Debug|Win32
		{BCB4503E-FECA-1BAD-1F85-E0F2F8C2552A}.Debug|x64.ActiveCfg = Debug|x64
		{BCB4503E-FECA-1BAD-1F85-E0F2F8C2552A}.Debug|x64.Build.0 = Debug|x64
		{BCB4503E-FECA-1BAD-1F85-E0F2F8C2552A}.Release|Win32.ActiveCfg = Release|Win32
		{BCB4503E-FECA-1BAD-1F85-E0F2F8C2552A}.Release|Win32.Build.0 = Release|Win32
		{BCB4503E-FECA-1BAD-1F85-E0F2F8C2552A}.Release|x64.ActiveCfg = Release|x64
		{BCB4503E-FECA-1BAD-1F85-E0F2F8C2552A}.Release|x64.Build.0 = Release|x64
		{EEE4A814-FECA-1BAD-1F85-E0F2F8C2552A}.Debug|Win32.ActiveCfg = Debug|Win32
		{EEE4A814-FECA-1BAD-1F85-E0F2F8C2552A}.Debug|Win32.Build.0 = Debug|Win32
		{EEE4A814-FECA-1BAD-1F85-E0F2F8C2552A}.Debug|x64.ActiveCfg = Debug|x64
		{EEE4A814-FECA-1BAD-1F85-E0F2F8C2552A}.Debug|x64.Build.0 = Debug|x64
		{EEE4A814-FECA-1BAD-1F85-E0F2F8C2552A}.Release|Win32.ActiveCfg = Release|Win32
		{EEE4A814-FECA-1BAD-1F85-E0F2F8C2552A}.Release|Win32.Build.0 = Release|Win32
		{EEE4A814-FECA-1BAD-1F85-E0F2F8C2552A}.Release|x64.ActiveCfg = Release|x64
		{EEE4A814-FECA-1BAD-1F85-E0F2F8C2552A}.Release|x64.Build.0 = Release|x64
		{475E7FDF-FECA-1BAD-1F85-E0F2F8C2552A}.Debug|Win32.ActiveCfg = Debug|Win32
		{475E7FDF-FECA-1BAD-1F85-E0F2F8C2552A}.Debug|Win32.Build.0 = Debug|Win32
		{475E7FDF-FECA-1BAD-1F85-E0F2F8C2552A}.Debug|x64.ActiveCfg = Debug|x64
		{475E7FDF-FECA-1BAD-1F85-E0F2F8C2552A}.Debug|x64.Build.0 = Debug|x64
		{475E7FDF-FECA-1BAD-1F85-E0F2F8C2552A}.Release|Win32.ActiveCfg = Release|Win32
		{475E7FDF-FECA-1BAD-1F85-E0F2F8C2552A}.Release|Win32.Build.0 = Release|Win32
		{475E7FDF-FECA-1BAD-1F85-E0F2F8C2552A}.Release|x64.ActiveCfg = Release|x64
		{475E7FDF-FECA-1BAD-1F85-E0F2F8C2552A}.Release|x64.Build.0 = Release|x64
		{13EF579E-FECA-1BAD-1F85-E0F2F8C2552A}.Debug|Win32.ActiveCfg = Debug|Win32
		{13EF579E-FECA-1BAD-1F85-E0F2F8C2552A}.Debug|Win32.Build.0 = Debug|Win32
		{13EF579E-FECA-1BAD-1F85-E0F2F8C2552A}.Debug|x64.ActiveCfg = Debug|x64
		{13EF579E-FECA-1BAD-1F85-E0F2F8C2552A}.Debug|x64.Build.0 = Debug|x64
		{13EF579E-FECA-1BAD-1F85-E0F2F8C2552A}.Release|Win32.ActiveCfg = Release|Win32
		{13EF579E-FECA-1BAD-1F85-E0F2F8C2552A}.Release|Win32.Build.0 = Release|Win32
		{13EF579E-FECA-1BAD-1F85-E0F2F8C2552A}.Release|x64.ActiveCfg = Release|x64
		{13EF579E-FECA-1BAD-1F85-E0F2F8C2552A}.Release|x64.Build.0 = Release|x64
		{56B17A8D-FECA-1BAD-1F85-E0F2F8C2552A}.Debug|Win32.ActiveCfg = Debug|Win32
		{56B17A8D-FECA-1BAD-1F85-E0F2F8C2552A}.Debug|Win32.Build.0 = Debug|Win32
		{56B17A8D-FECA-1BAD-1F85-E0F2F8C2552A}.Debug|x64.ActiveCfg = Debug|x64
		{56B17A8D-FECA-1BAD-1F85-E0F2F8C2552A}.Debug|x64.Build.0 = Debug|x64
		{56B17A8D-FECA-1BAD-1F85-E0F2F8C2552A}.Release|Win32.ActiveCfg = Release|Win32
		{56B17A8D-FECA-1BAD-1F85-E0F2F8C2552A}.Release|Win32.Build.0 = Release|Win32
		{56B17A8D-FECA-1BAD-1F85-E0F2F8C2552A}.Release|x64.ActiveCfg = Release|x64
		{56B17A8D-FECA-1BAD-1F85-E0F2F8C2552A}.Release|x64.Build.0 = Release|x64
		{5787203F-FECA-1BAD-1F85-E0F2F8C2552A}.Debug|Win32.ActiveCfg = Debug|Win32
		{5787203F-FECA-1BAD-1F85-E0F2F8C2552A}.Debug|Win32.Build.0 = Debug|Win32
		{5787203F-FECA-1BAD-1F85-E0F2F8C2552A}.Debug|x64.ActiveCfg = Debug|x64
		{5787203F-FECA-1BAD-1F85-E0F2F8C2552A}.Debug|x64.Build.0 = Debug|x64
		{5787203F-FECA-1BAD-1F85-E0F2F8C2552A}.Release|Win32.ActiveCfg = Release|Win32
		{5787203F-FECA-1BAD-1F85-E0F2F8C2552A}.Release|Win32.Build.0 = Release|Win32
		{5787203F-FECA-1BAD-1F85-E0F2F8C2552A}.Release|x64.ActiveCfg = Release|x64
		{5787203F-FECA-1BAD-1F85-E0F2F8C2552A}.Release|x64.Build.0 = Release|x64
		{5BFFE53F-FECA-1BAD-1F85-E0F2F8C2552A}.Debug|Win32.ActiveCfg = Debug|Win32
		{5BFFE53F-FECA-1BAD-1F85-E0F2F8C2552A}.Debug|Win32.Build.0 = Debug|Win32
		{5BFFE53F-FECA-1BAD-1F85-E0F2F8C2552A}.Debug|x64.ActiveCfg = Debug|x64
		{5BFFE53F-FECA-1BAD-1F85-E0F2F8C2552A}.Debug|x64.Build.0 = Debug|x64
		{5BFFE53F-FECA-1BAD-1F85-E0F2F8C2552A}.Release|Win32.ActiveCfg = Release|Win32
		{5BFFE53F-FECA-1BAD-1F85-E0F2F8C2552A}.Release|Win32.Build.0 = Release|Win32
		{5BFFE53F-FECA-1BAD-1F85-E0F2F8C2552A}.Release|x64.ActiveCfg = Release|x64
		{5BFFE53F-FECA-1BAD-1F85-E0F2F8C2552A}.Release|x64.Build.0 = Release|x64
		{D54C5421-FECA-1BAD-1F85-E0F2F8C2552A}.Debug|Win32.ActiveCfg = Debug|Win32
		{D54C5421-FECA-1BAD-1F85-E0F2F8C2552A}.Debug|Win32.Build.0 = Debug|Win32
		{D54C5421-FECA-1BAD-1F85-E0F2F8C2552A}.Debug|x64.ActiveCfg = Debug|x64
		{D54C5421-FECA-1BAD-1F85-E0F2F8C2552A}.Debug|x64.Build.0 = Debug|x64
		{D54C5421-FECA-1BAD-1F85-E0F2F8C2552A}.Release|Win32.ActiveCfg = Release|Win32
		{D54C5421-FECA-1BAD-1F85-E0F2F8C2552A}.Release|Win32.Build.0 = Release|Win32
		{D54C5421-FECA-1BAD-1F85-E0F2F8C2552A}.Release|x64.ActiveCfg = Release|x64
		{D54C5421-FECA-1BAD-1F85-E0F2F8C2552A}.Release|x64.Build.0 = Release|x64
		{A2B4926E-FECA-1BAD-1F85-E0F2F8C2552A}.Debug|Win32.ActiveCfg = Debug|Win32
		{A2B4926E-FECA-1BAD-1F85-E0F2F8C2552A}.Debug|Win32.Build.0 = Debug|Win32
		{A2B4926E-FECA-1BAD-1F85-E0F2F8C2552A}.Debug|x64.ActiveCfg = Debug|x64
		{A2B4926E-FECA-1BAD-1F85-E0F2F8C2552A}.Debug|x64.Build.0 = Debug|x64
		{A2B4926E-FECA-1BAD-1F85-E0F2F8C2552A}.Release|Win32.ActiveCfg = Release|Win32
		{A2B4926E-FECA-1BAD-1F85-E0F2F8C2552A}.Release|Win32.Build.0 = Release|Win32
		{A2B4926E-FECA-1BAD-1F85-E0F2F8C2552A}.Release|x64.ActiveCfg = Release|x64
		{A2B4926E-FECA-1BAD-1F85-E0F2F8C2552A}.Release|x64.Build.0 = Release|x64
	EndGlobalSection
	GlobalSection(SolutionProperties) = preSolution
		HideSolutionNode = FALSE
	EndGlobalSection
EndGlobal
