<?xml version="1.0" encoding="utf-8"?>
<Project ToolsVersion="4.0" xmlns="http://schemas.microsoft.com/developer/msbuild/2003">
  <ItemGroup>
    <Filter Include="Source Files">
      <UniqueIdentifier>{1d813222-2a23-4372-b9a1-76f2eba74abc}</UniqueIdentifier>
      <Extensions>cpp;cxx;cc;C;c</Extensions>
    </Filter>
    <Filter Include="Header Files">
      <UniqueIdentifier>{ec796e87-548b-4920-94e1-397c54ca18c2}</UniqueIdentifier>
      <Extensions>h;hpp;hxx;hh</Extensions>
    </Filter>
    <Filter Include="Build Files">
      <UniqueIdentifier>{74ab302c-a444-44c7-9778-d0fad73e76c3}</UniqueIdentifier>
      <Extensions>mpc;mpb;mwc</Extensions>
    </Filter>
    <Filter Include="Pkgconfig Files">
      <UniqueIdentifier>{2accabbe-217f-4627-b9cc-80fb5dd5e126}</UniqueIdentifier>
      <Extensions>in</Extensions>
    </Filter>
    <Filter Include="Inline Files">
      <UniqueIdentifier>{5f3495b2-c991-4335-a704-6e4e61129090}</UniqueIdentifier>
      <Extensions>i;inl</Extensions>
    </Filter>
  </ItemGroup>
  <ItemGroup>
    <ClCompile Include="Entity_Manager.cpp">
      <Filter>Source Files</Filter>
    </ClCompile>
    <ClCompile Include="Parser.cpp">
      <Filter>Source Files</Filter>
    </ClCompile>
    <ClCompile Include="ParserContext.cpp">
      <Filter>Source Files</Filter>
    </ClCompile>
    <ClCompile Include="ParserInternals.cpp">
      <Filter>Source Files</Filter>
    </ClCompile>
  </ItemGroup>
  <ItemGroup>
    <ClInclude Include="Entity_Manager.h">
      <Filter>Header Files</Filter>
    </ClInclude>
    <ClInclude Include="Parser.h">
      <Filter>Header Files</Filter>
    </ClInclude>
    <ClInclude Include="Parser_export.h">
      <Filter>Header Files</Filter>
    </ClInclude>
    <ClInclude Include="ParserContext.h">
      <Filter>Header Files</Filter>
    </ClInclude>
    <ClInclude Include="ParserInternals.h">
      <Filter>Header Files</Filter>
    </ClInclude>
  </ItemGroup>
  <ItemGroup>
    <None Include="parser.mpc">
      <Filter>Build Files</Filter>
    </None>
    <None Include="ACEXML_Parser.pc.in">
      <Filter>Pkgconfig Files</Filter>
    </None>
    <None Include="Entity_Manager.inl">
      <Filter>Inline Files</Filter>
    </None>
    <None Include="Parser.inl">
      <Filter>Inline Files</Filter>
    </None>
    <None Include="ParserContext.inl">
      <Filter>Inline Files</Filter>
    </None>
  </ItemGroup>
</Project>