
Microsoft Visual Studio Solution File, Format Version 9.00
# Visual Studio 2005
# $Id: VC8WorkspaceCreator.pm 1456 2008-07-18 16:05:54Z elliott_c $
#
# This file was generated by MPC.  Any changes made directly to
# this file will be lost the next time it is generated.
#
# MPC Command:
# /export/anduriltmp/bczar/DOC_ROOT/stage-4800/ACE_wrappers/bin/mwc.pl -type vc8 -recurse -hierarchy -relative ACE_ROOT=/export/anduriltmp/bczar/DOC_ROOT/stage-4800/ACE_wrappers -relative TAO_ROOT=/export/anduriltmp/bczar/DOC_ROOT/stage-4800/ACE_wrappers/TAO -relative CIAO_ROOT=/export/anduriltmp/bczar/DOC_ROOT/stage-4800/ACE_wrappers/TAO/CIAO -name_modifier "*_vc8_WinCE" -features uses_wchar=1,wince=1 -value_template "platforms+="Windows Mobile 5.0 Pocket PC SDK (ARMV4I)"" -value_template "platforms+="Windows Mobile 5.0 Smartphone SDK (ARMV4I)"" -value_template "platforms+="Windows Mobile 6 Standard SDK (ARMV4I)"" -value_template "platforms+="Windows Mobile 6 Professional SDK (ARMV4I)""
Project("{8BC9CEB8-8B4A-11D0-8D11-00A0C91BC942}") = "Sock_Sap_CPP_Inclient", "Sock_Sap_CPP_Inclient_vc8_WinCE.vcproj", "{9C9E593F-FECA-1BAD-8565-D33D5190F65E}"
EndProject
Project("{8BC9CEB8-8B4A-11D0-8D11-00A0C91BC942}") = "Sock_Sap_CPP_Inserver", "Sock_Sap_CPP_Inserver_vc8_WinCE.vcproj", "{8C14625F-FECA-1BAD-8565-D33D5190F65E}"
EndProject
Project("{8BC9CEB8-8B4A-11D0-8D11-00A0C91BC942}") = "Sock_Sap_CPP_Memclient", "Sock_Sap_CPP_Memclient_vc8_WinCE.vcproj", "{C281E3C0-FECA-1BAD-8565-D33D5190F65E}"
EndProject
Project("{8BC9CEB8-8B4A-11D0-8D11-00A0C91BC942}") = "Sock_Sap_CPP_Memserver", "Sock_Sap_CPP_Memserver_vc8_WinCE.vcproj", "{D20BD8A0-FECA-1BAD-8565-D33D5190F65E}"
EndProject
Project("{8BC9CEB8-8B4A-11D0-8D11-00A0C91BC942}") = "Sock_Sap_CPP_Unclient", "Sock_Sap_CPP_Unclient_vc8_WinCE.vcproj", "{9C9E5923-FECA-1BAD-8565-D33D5190F65E}"
EndProject
Project("{8BC9CEB8-8B4A-11D0-8D11-00A0C91BC942}") = "Sock_Sap_CPP_Unserver", "Sock_Sap_CPP_Unserver_vc8_WinCE.vcproj", "{8C146243-FECA-1BAD-8565-D33D5190F65E}"
EndProject
Project("{8BC9CEB8-8B4A-11D0-8D11-00A0C91BC942}") = "Sock_Sap_C_Inclient", "Sock_Sap_C_Inclient_vc8_WinCE.vcproj", "{5911BDC4-FECA-1BAD-8565-D33D5190F65E}"
EndProject
Project("{8BC9CEB8-8B4A-11D0-8D11-00A0C91BC942}") = "Sock_Sap_FD_Unclient", "Sock_Sap_FD_Unclient_vc8_WinCE.vcproj", "{AA7FE66C-FECA-1BAD-8565-D33D5190F65E}"
EndProject
Global
	GlobalSection(SolutionConfigurationPlatforms) = preSolution
		Debug|Win32 = Debug|Win32
		Debug|Windows Mobile 5.0 Pocket PC SDK (ARMV4I) = Debug|Windows Mobile 5.0 Pocket PC SDK (ARMV4I)
		Debug|Windows Mobile 5.0 Smartphone SDK (ARMV4I) = Debug|Windows Mobile 5.0 Smartphone SDK (ARMV4I)
		Debug|Windows Mobile 6 Professional SDK (ARMV4I) = Debug|Windows Mobile 6 Professional SDK (ARMV4I)
		Debug|Windows Mobile 6 Standard SDK (ARMV4I) = Debug|Windows Mobile 6 Standard SDK (ARMV4I)
		Debug|x64 = Debug|x64
		Release|Win32 = Release|Win32
		Release|Windows Mobile 5.0 Pocket PC SDK (ARMV4I) = Release|Windows Mobile 5.0 Pocket PC SDK (ARMV4I)
		Release|Windows Mobile 5.0 Smartphone SDK (ARMV4I) = Release|Windows Mobile 5.0 Smartphone SDK (ARMV4I)
		Release|Windows Mobile 6 Professional SDK (ARMV4I) = Release|Windows Mobile 6 Professional SDK (ARMV4I)
		Release|Windows Mobile 6 Standard SDK (ARMV4I) = Release|Windows Mobile 6 Standard SDK (ARMV4I)
		Release|x64 = Release|x64
	EndGlobalSection
	GlobalSection(ProjectConfigurationPlatforms) = postSolution
		{9C9E593F-FECA-1BAD-8565-D33D5190F65E}.Debug|Win32.ActiveCfg = Debug|Win32
		{9C9E593F-FECA-1BAD-8565-D33D5190F65E}.Debug|Win32.Build.0 = Debug|Win32
		{9C9E593F-FECA-1BAD-8565-D33D5190F65E}.Debug|Windows Mobile 5.0 Pocket PC SDK (ARMV4I).ActiveCfg = Debug|Windows Mobile 5.0 Pocket PC SDK (ARMV4I)
		{9C9E593F-FECA-1BAD-8565-D33D5190F65E}.Debug|Windows Mobile 5.0 Pocket PC SDK (ARMV4I).Build.0 = Debug|Windows Mobile 5.0 Pocket PC SDK (ARMV4I)
		{9C9E593F-FECA-1BAD-8565-D33D5190F65E}.Debug|Windows Mobile 5.0 Pocket PC SDK (ARMV4I).Deploy.0 = Debug|Windows Mobile 5.0 Pocket PC SDK (ARMV4I)
		{9C9E593F-FECA-1BAD-8565-D33D5190F65E}.Debug|Windows Mobile 5.0 Smartphone SDK (ARMV4I).ActiveCfg = Debug|Windows Mobile 5.0 Smartphone SDK (ARMV4I)
		{9C9E593F-FECA-1BAD-8565-D33D5190F65E}.Debug|Windows Mobile 5.0 Smartphone SDK (ARMV4I).Build.0 = Debug|Windows Mobile 5.0 Smartphone SDK (ARMV4I)
		{9C9E593F-FECA-1BAD-8565-D33D5190F65E}.Debug|Windows Mobile 5.0 Smartphone SDK (ARMV4I).Deploy.0 = Debug|Windows Mobile 5.0 Smartphone SDK (ARMV4I)
		{9C9E593F-FECA-1BAD-8565-D33D5190F65E}.Debug|Windows Mobile 6 Professional SDK (ARMV4I).ActiveCfg = Debug|Windows Mobile 6 Professional SDK (ARMV4I)
		{9C9E593F-FECA-1BAD-8565-D33D5190F65E}.Debug|Windows Mobile 6 Professional SDK (ARMV4I).Build.0 = Debug|Windows Mobile 6 Professional SDK (ARMV4I)
		{9C9E593F-FECA-1BAD-8565-D33D5190F65E}.Debug|Windows Mobile 6 Professional SDK (ARMV4I).Deploy.0 = Debug|Windows Mobile 6 Professional SDK (ARMV4I)
		{9C9E593F-FECA-1BAD-8565-D33D5190F65E}.Debug|Windows Mobile 6 Standard SDK (ARMV4I).ActiveCfg = Debug|Windows Mobile 6 Standard SDK (ARMV4I)
		{9C9E593F-FECA-1BAD-8565-D33D5190F65E}.Debug|Windows Mobile 6 Standard SDK (ARMV4I).Build.0 = Debug|Windows Mobile 6 Standard SDK (ARMV4I)
		{9C9E593F-FECA-1BAD-8565-D33D5190F65E}.Debug|Windows Mobile 6 Standard SDK (ARMV4I).Deploy.0 = Debug|Windows Mobile 6 Standard SDK (ARMV4I)
		{9C9E593F-FECA-1BAD-8565-D33D5190F65E}.Debug|x64.ActiveCfg = Debug|x64
		{9C9E593F-FECA-1BAD-8565-D33D5190F65E}.Debug|x64.Build.0 = Debug|x64
		{9C9E593F-FECA-1BAD-8565-D33D5190F65E}.Release|Win32.ActiveCfg = Release|Win32
		{9C9E593F-FECA-1BAD-8565-D33D5190F65E}.Release|Win32.Build.0 = Release|Win32
		{9C9E593F-FECA-1BAD-8565-D33D5190F65E}.Release|Windows Mobile 5.0 Pocket PC SDK (ARMV4I).ActiveCfg = Release|Windows Mobile 5.0 Pocket PC SDK (ARMV4I)
		{9C9E593F-FECA-1BAD-8565-D33D5190F65E}.Release|Windows Mobile 5.0 Pocket PC SDK (ARMV4I).Build.0 = Release|Windows Mobile 5.0 Pocket PC SDK (ARMV4I)
		{9C9E593F-FECA-1BAD-8565-D33D5190F65E}.Release|Windows Mobile 5.0 Pocket PC SDK (ARMV4I).Deploy.0 = Release|Windows Mobile 5.0 Pocket PC SDK (ARMV4I)
		{9C9E593F-FECA-1BAD-8565-D33D5190F65E}.Release|Windows Mobile 5.0 Smartphone SDK (ARMV4I).ActiveCfg = Release|Windows Mobile 5.0 Smartphone SDK (ARMV4I)
		{9C9E593F-FECA-1BAD-8565-D33D5190F65E}.Release|Windows Mobile 5.0 Smartphone SDK (ARMV4I).Build.0 = Release|Windows Mobile 5.0 Smartphone SDK (ARMV4I)
		{9C9E593F-FECA-1BAD-8565-D33D5190F65E}.Release|Windows Mobile 5.0 Smartphone SDK (ARMV4I).Deploy.0 = Release|Windows Mobile 5.0 Smartphone SDK (ARMV4I)
		{9C9E593F-FECA-1BAD-8565-D33D5190F65E}.Release|Windows Mobile 6 Professional SDK (ARMV4I).ActiveCfg = Release|Windows Mobile 6 Professional SDK (ARMV4I)
		{9C9E593F-FECA-1BAD-8565-D33D5190F65E}.Release|Windows Mobile 6 Professional SDK (ARMV4I).Build.0 = Release|Windows Mobile 6 Professional SDK (ARMV4I)
		{9C9E593F-FECA-1BAD-8565-D33D5190F65E}.Release|Windows Mobile 6 Professional SDK (ARMV4I).Deploy.0 = Release|Windows Mobile 6 Professional SDK (ARMV4I)
		{9C9E593F-FECA-1BAD-8565-D33D5190F65E}.Release|Windows Mobile 6 Standard SDK (ARMV4I).ActiveCfg = Release|Windows Mobile 6 Standard SDK (ARMV4I)
		{9C9E593F-FECA-1BAD-8565-D33D5190F65E}.Release|Windows Mobile 6 Standard SDK (ARMV4I).Build.0 = Release|Windows Mobile 6 Standard SDK (ARMV4I)
		{9C9E593F-FECA-1BAD-8565-D33D5190F65E}.Release|Windows Mobile 6 Standard SDK (ARMV4I).Deploy.0 = Release|Windows Mobile 6 Standard SDK (ARMV4I)
		{9C9E593F-FECA-1BAD-8565-D33D5190F65E}.Release|x64.ActiveCfg = Release|x64
		{9C9E593F-FECA-1BAD-8565-D33D5190F65E}.Release|x64.Build.0 = Release|x64
		{8C14625F-FECA-1BAD-8565-D33D5190F65E}.Debug|Win32.ActiveCfg = Debug|Win32
		{8C14625F-FECA-1BAD-8565-D33D5190F65E}.Debug|Win32.Build.0 = Debug|Win32
		{8C14625F-FECA-1BAD-8565-D33D5190F65E}.Debug|Windows Mobile 5.0 Pocket PC SDK (ARMV4I).ActiveCfg = Debug|Windows Mobile 5.0 Pocket PC SDK (ARMV4I)
		{8C14625F-FECA-1BAD-8565-D33D5190F65E}.Debug|Windows Mobile 5.0 Pocket PC SDK (ARMV4I).Build.0 = Debug|Windows Mobile 5.0 Pocket PC SDK (ARMV4I)
		{8C14625F-FECA-1BAD-8565-D33D5190F65E}.Debug|Windows Mobile 5.0 Pocket PC SDK (ARMV4I).Deploy.0 = Debug|Windows Mobile 5.0 Pocket PC SDK (ARMV4I)
		{8C14625F-FECA-1BAD-8565-D33D5190F65E}.Debug|Windows Mobile 5.0 Smartphone SDK (ARMV4I).ActiveCfg = Debug|Windows Mobile 5.0 Smartphone SDK (ARMV4I)
		{8C14625F-FECA-1BAD-8565-D33D5190F65E}.Debug|Windows Mobile 5.0 Smartphone SDK (ARMV4I).Build.0 = Debug|Windows Mobile 5.0 Smartphone SDK (ARMV4I)
		{8C14625F-FECA-1BAD-8565-D33D5190F65E}.Debug|Windows Mobile 5.0 Smartphone SDK (ARMV4I).Deploy.0 = Debug|Windows Mobile 5.0 Smartphone SDK (ARMV4I)
		{8C14625F-FECA-1BAD-8565-D33D5190F65E}.Debug|Windows Mobile 6 Professional SDK (ARMV4I).ActiveCfg = Debug|Windows Mobile 6 Professional SDK (ARMV4I)
		{8C14625F-FECA-1BAD-8565-D33D5190F65E}.Debug|Windows Mobile 6 Professional SDK (ARMV4I).Build.0 = Debug|Windows Mobile 6 Professional SDK (ARMV4I)
		{8C14625F-FECA-1BAD-8565-D33D5190F65E}.Debug|Windows Mobile 6 Professional SDK (ARMV4I).Deploy.0 = Debug|Windows Mobile 6 Professional SDK (ARMV4I)
		{8C14625F-FECA-1BAD-8565-D33D5190F65E}.Debug|Windows Mobile 6 Standard SDK (ARMV4I).ActiveCfg = Debug|Windows Mobile 6 Standard SDK (ARMV4I)
		{8C14625F-FECA-1BAD-8565-D33D5190F65E}.Debug|Windows Mobile 6 Standard SDK (ARMV4I).Build.0 = Debug|Windows Mobile 6 Standard SDK (ARMV4I)
		{8C14625F-FECA-1BAD-8565-D33D5190F65E}.Debug|Windows Mobile 6 Standard SDK (ARMV4I).Deploy.0 = Debug|Windows Mobile 6 Standard SDK (ARMV4I)
		{8C14625F-FECA-1BAD-8565-D33D5190F65E}.Debug|x64.ActiveCfg = Debug|x64
		{8C14625F-FECA-1BAD-8565-D33D5190F65E}.Debug|x64.Build.0 = Debug|x64
		{8C14625F-FECA-1BAD-8565-D33D5190F65E}.Release|Win32.ActiveCfg = Release|Win32
		{8C14625F-FECA-1BAD-8565-D33D5190F65E}.Release|Win32.Build.0 = Release|Win32
		{8C14625F-FECA-1BAD-8565-D33D5190F65E}.Release|Windows Mobile 5.0 Pocket PC SDK (ARMV4I).ActiveCfg = Release|Windows Mobile 5.0 Pocket PC SDK (ARMV4I)
		{8C14625F-FECA-1BAD-8565-D33D5190F65E}.Release|Windows Mobile 5.0 Pocket PC SDK (ARMV4I).Build.0 = Release|Windows Mobile 5.0 Pocket PC SDK (ARMV4I)
		{8C14625F-FECA-1BAD-8565-D33D5190F65E}.Release|Windows Mobile 5.0 Pocket PC SDK (ARMV4I).Deploy.0 = Release|Windows Mobile 5.0 Pocket PC SDK (ARMV4I)
		{8C14625F-FECA-1BAD-8565-D33D5190F65E}.Release|Windows Mobile 5.0 Smartphone SDK (ARMV4I).ActiveCfg = Release|Windows Mobile 5.0 Smartphone SDK (ARMV4I)
		{8C14625F-FECA-1BAD-8565-D33D5190F65E}.Release|Windows Mobile 5.0 Smartphone SDK (ARMV4I).Build.0 = Release|Windows Mobile 5.0 Smartphone SDK (ARMV4I)
		{8C14625F-FECA-1BAD-8565-D33D5190F65E}.Release|Windows Mobile 5.0 Smartphone SDK (ARMV4I).Deploy.0 = Release|Windows Mobile 5.0 Smartphone SDK (ARMV4I)
		{8C14625F-FECA-1BAD-8565-D33D5190F65E}.Release|Windows Mobile 6 Professional SDK (ARMV4I).ActiveCfg = Release|Windows Mobile 6 Professional SDK (ARMV4I)
		{8C14625F-FECA-1BAD-8565-D33D5190F65E}.Release|Windows Mobile 6 Professional SDK (ARMV4I).Build.0 = Release|Windows Mobile 6 Professional SDK (ARMV4I)
		{8C14625F-FECA-1BAD-8565-D33D5190F65E}.Release|Windows Mobile 6 Professional SDK (ARMV4I).Deploy.0 = Release|Windows Mobile 6 Professional SDK (ARMV4I)
		{8C14625F-FECA-1BAD-8565-D33D5190F65E}.Release|Windows Mobile 6 Standard SDK (ARMV4I).ActiveCfg = Release|Windows Mobile 6 Standard SDK (ARMV4I)
		{8C14625F-FECA-1BAD-8565-D33D5190F65E}.Release|Windows Mobile 6 Standard SDK (ARMV4I).Build.0 = Release|Windows Mobile 6 Standard SDK (ARMV4I)
		{8C14625F-FECA-1BAD-8565-D33D5190F65E}.Release|Windows Mobile 6 Standard SDK (ARMV4I).Deploy.0 = Release|Windows Mobile 6 Standard SDK (ARMV4I)
		{8C14625F-FECA-1BAD-8565-D33D5190F65E}.Release|x64.ActiveCfg = Release|x64
		{8C14625F-FECA-1BAD-8565-D33D5190F65E}.Release|x64.Build.0 = Release|x64
		{C281E3C0-FECA-1BAD-8565-D33D5190F65E}.Debug|Win32.ActiveCfg = Debug|Win32
		{C281E3C0-FECA-1BAD-8565-D33D5190F65E}.Debug|Win32.Build.0 = Debug|Win32
		{C281E3C0-FECA-1BAD-8565-D33D5190F65E}.Debug|Windows Mobile 5.0 Pocket PC SDK (ARMV4I).ActiveCfg = Debug|Windows Mobile 5.0 Pocket PC SDK (ARMV4I)
		{C281E3C0-FECA-1BAD-8565-D33D5190F65E}.Debug|Windows Mobile 5.0 Pocket PC SDK (ARMV4I).Build.0 = Debug|Windows Mobile 5.0 Pocket PC SDK (ARMV4I)
		{C281E3C0-FECA-1BAD-8565-D33D5190F65E}.Debug|Windows Mobile 5.0 Pocket PC SDK (ARMV4I).Deploy.0 = Debug|Windows Mobile 5.0 Pocket PC SDK (ARMV4I)
		{C281E3C0-FECA-1BAD-8565-D33D5190F65E}.Debug|Windows Mobile 5.0 Smartphone SDK (ARMV4I).ActiveCfg = Debug|Windows Mobile 5.0 Smartphone SDK (ARMV4I)
		{C281E3C0-FECA-1BAD-8565-D33D5190F65E}.Debug|Windows Mobile 5.0 Smartphone SDK (ARMV4I).Build.0 = Debug|Windows Mobile 5.0 Smartphone SDK (ARMV4I)
		{C281E3C0-FECA-1BAD-8565-D33D5190F65E}.Debug|Windows Mobile 5.0 Smartphone SDK (ARMV4I).Deploy.0 = Debug|Windows Mobile 5.0 Smartphone SDK (ARMV4I)
		{C281E3C0-FECA-1BAD-8565-D33D5190F65E}.Debug|Windows Mobile 6 Professional SDK (ARMV4I).ActiveCfg = Debug|Windows Mobile 6 Professional SDK (ARMV4I)
		{C281E3C0-FECA-1BAD-8565-D33D5190F65E}.Debug|Windows Mobile 6 Professional SDK (ARMV4I).Build.0 = Debug|Windows Mobile 6 Professional SDK (ARMV4I)
		{C281E3C0-FECA-1BAD-8565-D33D5190F65E}.Debug|Windows Mobile 6 Professional SDK (ARMV4I).Deploy.0 = Debug|Windows Mobile 6 Professional SDK (ARMV4I)
		{C281E3C0-FECA-1BAD-8565-D33D5190F65E}.Debug|Windows Mobile 6 Standard SDK (ARMV4I).ActiveCfg = Debug|Windows Mobile 6 Standard SDK (ARMV4I)
		{C281E3C0-FECA-1BAD-8565-D33D5190F65E}.Debug|Windows Mobile 6 Standard SDK (ARMV4I).Build.0 = Debug|Windows Mobile 6 Standard SDK (ARMV4I)
		{C281E3C0-FECA-1BAD-8565-D33D5190F65E}.Debug|Windows Mobile 6 Standard SDK (ARMV4I).Deploy.0 = Debug|Windows Mobile 6 Standard SDK (ARMV4I)
		{C281E3C0-FECA-1BAD-8565-D33D5190F65E}.Debug|x64.ActiveCfg = Debug|x64
		{C281E3C0-FECA-1BAD-8565-D33D5190F65E}.Debug|x64.Build.0 = Debug|x64
		{C281E3C0-FECA-1BAD-8565-D33D5190F65E}.Release|Win32.ActiveCfg = Release|Win32
		{C281E3C0-FECA-1BAD-8565-D33D5190F65E}.Release|Win32.Build.0 = Release|Win32
		{C281E3C0-FECA-1BAD-8565-D33D5190F65E}.Release|Windows Mobile 5.0 Pocket PC SDK (ARMV4I).ActiveCfg = Release|Windows Mobile 5.0 Pocket PC SDK (ARMV4I)
		{C281E3C0-FECA-1BAD-8565-D33D5190F65E}.Release|Windows Mobile 5.0 Pocket PC SDK (ARMV4I).Build.0 = Release|Windows Mobile 5.0 Pocket PC SDK (ARMV4I)
		{C281E3C0-FECA-1BAD-8565-D33D5190F65E}.Release|Windows Mobile 5.0 Pocket PC SDK (ARMV4I).Deploy.0 = Release|Windows Mobile 5.0 Pocket PC SDK (ARMV4I)
		{C281E3C0-FECA-1BAD-8565-D33D5190F65E}.Release|Windows Mobile 5.0 Smartphone SDK (ARMV4I).ActiveCfg = Release|Windows Mobile 5.0 Smartphone SDK (ARMV4I)
		{C281E3C0-FECA-1BAD-8565-D33D5190F65E}.Release|Windows Mobile 5.0 Smartphone SDK (ARMV4I).Build.0 = Release|Windows Mobile 5.0 Smartphone SDK (ARMV4I)
		{C281E3C0-FECA-1BAD-8565-D33D5190F65E}.Release|Windows Mobile 5.0 Smartphone SDK (ARMV4I).Deploy.0 = Release|Windows Mobile 5.0 Smartphone SDK (ARMV4I)
		{C281E3C0-FECA-1BAD-8565-D33D5190F65E}.Release|Windows Mobile 6 Professional SDK (ARMV4I).ActiveCfg = Release|Windows Mobile 6 Professional SDK (ARMV4I)
		{C281E3C0-FECA-1BAD-8565-D33D5190F65E}.Release|Windows Mobile 6 Professional SDK (ARMV4I).Build.0 = Release|Windows Mobile 6 Professional SDK (ARMV4I)
		{C281E3C0-FECA-1BAD-8565-D33D5190F65E}.Release|Windows Mobile 6 Professional SDK (ARMV4I).Deploy.0 = Release|Windows Mobile 6 Professional SDK (ARMV4I)
		{C281E3C0-FECA-1BAD-8565-D33D5190F65E}.Release|Windows Mobile 6 Standard SDK (ARMV4I).ActiveCfg = Release|Windows Mobile 6 Standard SDK (ARMV4I)
		{C281E3C0-FECA-1BAD-8565-D33D5190F65E}.Release|Windows Mobile 6 Standard SDK (ARMV4I).Build.0 = Release|Windows Mobile 6 Standard SDK (ARMV4I)
		{C281E3C0-FECA-1BAD-8565-D33D5190F65E}.Release|Windows Mobile 6 Standard SDK (ARMV4I).Deploy.0 = Release|Windows Mobile 6 Standard SDK (ARMV4I)
		{C281E3C0-FECA-1BAD-8565-D33D5190F65E}.Release|x64.ActiveCfg = Release|x64
		{C281E3C0-FECA-1BAD-8565-D33D5190F65E}.Release|x64.Build.0 = Release|x64
		{D20BD8A0-FECA-1BAD-8565-D33D5190F65E}.Debug|Win32.ActiveCfg = Debug|Win32
		{D20BD8A0-FECA-1BAD-8565-D33D5190F65E}.Debug|Win32.Build.0 = Debug|Win32
		{D20BD8A0-FECA-1BAD-8565-D33D5190F65E}.Debug|Windows Mobile 5.0 Pocket PC SDK (ARMV4I).ActiveCfg = Debug|Windows Mobile 5.0 Pocket PC SDK (ARMV4I)
		{D20BD8A0-FECA-1BAD-8565-D33D5190F65E}.Debug|Windows Mobile 5.0 Pocket PC SDK (ARMV4I).Build.0 = Debug|Windows Mobile 5.0 Pocket PC SDK (ARMV4I)
		{D20BD8A0-FECA-1BAD-8565-D33D5190F65E}.Debug|Windows Mobile 5.0 Pocket PC SDK (ARMV4I).Deploy.0 = Debug|Windows Mobile 5.0 Pocket PC SDK (ARMV4I)
		{D20BD8A0-FECA-1BAD-8565-D33D5190F65E}.Debug|Windows Mobile 5.0 Smartphone SDK (ARMV4I).ActiveCfg = Debug|Windows Mobile 5.0 Smartphone SDK (ARMV4I)
		{D20BD8A0-FECA-1BAD-8565-D33D5190F65E}.Debug|Windows Mobile 5.0 Smartphone SDK (ARMV4I).Build.0 = Debug|Windows Mobile 5.0 Smartphone SDK (ARMV4I)
		{D20BD8A0-FECA-1BAD-8565-D33D5190F65E}.Debug|Windows Mobile 5.0 Smartphone SDK (ARMV4I).Deploy.0 = Debug|Windows Mobile 5.0 Smartphone SDK (ARMV4I)
		{D20BD8A0-FECA-1BAD-8565-D33D5190F65E}.Debug|Windows Mobile 6 Professional SDK (ARMV4I).ActiveCfg = Debug|Windows Mobile 6 Professional SDK (ARMV4I)
		{D20BD8A0-FECA-1BAD-8565-D33D5190F65E}.Debug|Windows Mobile 6 Professional SDK (ARMV4I).Build.0 = Debug|Windows Mobile 6 Professional SDK (ARMV4I)
		{D20BD8A0-FECA-1BAD-8565-D33D5190F65E}.Debug|Windows Mobile 6 Professional SDK (ARMV4I).Deploy.0 = Debug|Windows Mobile 6 Professional SDK (ARMV4I)
		{D20BD8A0-FECA-1BAD-8565-D33D5190F65E}.Debug|Windows Mobile 6 Standard SDK (ARMV4I).ActiveCfg = Debug|Windows Mobile 6 Standard SDK (ARMV4I)
		{D20BD8A0-FECA-1BAD-8565-D33D5190F65E}.Debug|Windows Mobile 6 Standard SDK (ARMV4I).Build.0 = Debug|Windows Mobile 6 Standard SDK (ARMV4I)
		{D20BD8A0-FECA-1BAD-8565-D33D5190F65E}.Debug|Windows Mobile 6 Standard SDK (ARMV4I).Deploy.0 = Debug|Windows Mobile 6 Standard SDK (ARMV4I)
		{D20BD8A0-FECA-1BAD-8565-D33D5190F65E}.Debug|x64.ActiveCfg = Debug|x64
		{D20BD8A0-FECA-1BAD-8565-D33D5190F65E}.Debug|x64.Build.0 = Debug|x64
		{D20BD8A0-FECA-1BAD-8565-D33D5190F65E}.Release|Win32.ActiveCfg = Release|Win32
		{D20BD8A0-FECA-1BAD-8565-D33D5190F65E}.Release|Win32.Build.0 = Release|Win32
		{D20BD8A0-FECA-1BAD-8565-D33D5190F65E}.Release|Windows Mobile 5.0 Pocket PC SDK (ARMV4I).ActiveCfg = Release|Windows Mobile 5.0 Pocket PC SDK (ARMV4I)
		{D20BD8A0-FECA-1BAD-8565-D33D5190F65E}.Release|Windows Mobile 5.0 Pocket PC SDK (ARMV4I).Build.0 = Release|Windows Mobile 5.0 Pocket PC SDK (ARMV4I)
		{D20BD8A0-FECA-1BAD-8565-D33D5190F65E}.Release|Windows Mobile 5.0 Pocket PC SDK (ARMV4I).Deploy.0 = Release|Windows Mobile 5.0 Pocket PC SDK (ARMV4I)
		{D20BD8A0-FECA-1BAD-8565-D33D5190F65E}.Release|Windows Mobile 5.0 Smartphone SDK (ARMV4I).ActiveCfg = Release|Windows Mobile 5.0 Smartphone SDK (ARMV4I)
		{D20BD8A0-FECA-1BAD-8565-D33D5190F65E}.Release|Windows Mobile 5.0 Smartphone SDK (ARMV4I).Build.0 = Release|Windows Mobile 5.0 Smartphone SDK (ARMV4I)
		{D20BD8A0-FECA-1BAD-8565-D33D5190F65E}.Release|Windows Mobile 5.0 Smartphone SDK (ARMV4I).Deploy.0 = Release|Windows Mobile 5.0 Smartphone SDK (ARMV4I)
		{D20BD8A0-FECA-1BAD-8565-D33D5190F65E}.Release|Windows Mobile 6 Professional SDK (ARMV4I).ActiveCfg = Release|Windows Mobile 6 Professional SDK (ARMV4I)
		{D20BD8A0-FECA-1BAD-8565-D33D5190F65E}.Release|Windows Mobile 6 Professional SDK (ARMV4I).Build.0 = Release|Windows Mobile 6 Professional SDK (ARMV4I)
		{D20BD8A0-FECA-1BAD-8565-D33D5190F65E}.Release|Windows Mobile 6 Professional SDK (ARMV4I).Deploy.0 = Release|Windows Mobile 6 Professional SDK (ARMV4I)
		{D20BD8A0-FECA-1BAD-8565-D33D5190F65E}.Release|Windows Mobile 6 Standard SDK (ARMV4I).ActiveCfg = Release|Windows Mobile 6 Standard SDK (ARMV4I)
		{D20BD8A0-FECA-1BAD-8565-D33D5190F65E}.Release|Windows Mobile 6 Standard SDK (ARMV4I).Build.0 = Release|Windows Mobile 6 Standard SDK (ARMV4I)
		{D20BD8A0-FECA-1BAD-8565-D33D5190F65E}.Release|Windows Mobile 6 Standard SDK (ARMV4I).Deploy.0 = Release|Windows Mobile 6 Standard SDK (ARMV4I)
		{D20BD8A0-FECA-1BAD-8565-D33D5190F65E}.Release|x64.ActiveCfg = Release|x64
		{D20BD8A0-FECA-1BAD-8565-D33D5190F65E}.Release|x64.Build.0 = Release|x64
		{9C9E5923-FECA-1BAD-8565-D33D5190F65E}.Debug|Win32.ActiveCfg = Debug|Win32
		{9C9E5923-FECA-1BAD-8565-D33D5190F65E}.Debug|Win32.Build.0 = Debug|Win32
		{9C9E5923-FECA-1BAD-8565-D33D5190F65E}.Debug|Windows Mobile 5.0 Pocket PC SDK (ARMV4I).ActiveCfg = Debug|Windows Mobile 5.0 Pocket PC SDK (ARMV4I)
		{9C9E5923-FECA-1BAD-8565-D33D5190F65E}.Debug|Windows Mobile 5.0 Pocket PC SDK (ARMV4I).Build.0 = Debug|Windows Mobile 5.0 Pocket PC SDK (ARMV4I)
		{9C9E5923-FECA-1BAD-8565-D33D5190F65E}.Debug|Windows Mobile 5.0 Pocket PC SDK (ARMV4I).Deploy.0 = Debug|Windows Mobile 5.0 Pocket PC SDK (ARMV4I)
		{9C9E5923-FECA-1BAD-8565-D33D5190F65E}.Debug|Windows Mobile 5.0 Smartphone SDK (ARMV4I).ActiveCfg = Debug|Windows Mobile 5.0 Smartphone SDK (ARMV4I)
		{9C9E5923-FECA-1BAD-8565-D33D5190F65E}.Debug|Windows Mobile 5.0 Smartphone SDK (ARMV4I).Build.0 = Debug|Windows Mobile 5.0 Smartphone SDK (ARMV4I)
		{9C9E5923-FECA-1BAD-8565-D33D5190F65E}.Debug|Windows Mobile 5.0 Smartphone SDK (ARMV4I).Deploy.0 = Debug|Windows Mobile 5.0 Smartphone SDK (ARMV4I)
		{9C9E5923-FECA-1BAD-8565-D33D5190F65E}.Debug|Windows Mobile 6 Professional SDK (ARMV4I).ActiveCfg = Debug|Windows Mobile 6 Professional SDK (ARMV4I)
		{9C9E5923-FECA-1BAD-8565-D33D5190F65E}.Debug|Windows Mobile 6 Professional SDK (ARMV4I).Build.0 = Debug|Windows Mobile 6 Professional SDK (ARMV4I)
		{9C9E5923-FECA-1BAD-8565-D33D5190F65E}.Debug|Windows Mobile 6 Professional SDK (ARMV4I).Deploy.0 = Debug|Windows Mobile 6 Professional SDK (ARMV4I)
		{9C9E5923-FECA-1BAD-8565-D33D5190F65E}.Debug|Windows Mobile 6 Standard SDK (ARMV4I).ActiveCfg = Debug|Windows Mobile 6 Standard SDK (ARMV4I)
		{9C9E5923-FECA-1BAD-8565-D33D5190F65E}.Debug|Windows Mobile 6 Standard SDK (ARMV4I).Build.0 = Debug|Windows Mobile 6 Standard SDK (ARMV4I)
		{9C9E5923-FECA-1BAD-8565-D33D5190F65E}.Debug|Windows Mobile 6 Standard SDK (ARMV4I).Deploy.0 = Debug|Windows Mobile 6 Standard SDK (ARMV4I)
		{9C9E5923-FECA-1BAD-8565-D33D5190F65E}.Debug|x64.ActiveCfg = Debug|x64
		{9C9E5923-FECA-1BAD-8565-D33D5190F65E}.Debug|x64.Build.0 = Debug|x64
		{9C9E5923-FECA-1BAD-8565-D33D5190F65E}.Release|Win32.ActiveCfg = Release|Win32
		{9C9E5923-FECA-1BAD-8565-D33D5190F65E}.Release|Win32.Build.0 = Release|Win32
		{9C9E5923-FECA-1BAD-8565-D33D5190F65E}.Release|Windows Mobile 5.0 Pocket PC SDK (ARMV4I).ActiveCfg = Release|Windows Mobile 5.0 Pocket PC SDK (ARMV4I)
		{9C9E5923-FECA-1BAD-8565-D33D5190F65E}.Release|Windows Mobile 5.0 Pocket PC SDK (ARMV4I).Build.0 = Release|Windows Mobile 5.0 Pocket PC SDK (ARMV4I)
		{9C9E5923-FECA-1BAD-8565-D33D5190F65E}.Release|Windows Mobile 5.0 Pocket PC SDK (ARMV4I).Deploy.0 = Release|Windows Mobile 5.0 Pocket PC SDK (ARMV4I)
		{9C9E5923-FECA-1BAD-8565-D33D5190F65E}.Release|Windows Mobile 5.0 Smartphone SDK (ARMV4I).ActiveCfg = Release|Windows Mobile 5.0 Smartphone SDK (ARMV4I)
		{9C9E5923-FECA-1BAD-8565-D33D5190F65E}.Release|Windows Mobile 5.0 Smartphone SDK (ARMV4I).Build.0 = Release|Windows Mobile 5.0 Smartphone SDK (ARMV4I)
		{9C9E5923-FECA-1BAD-8565-D33D5190F65E}.Release|Windows Mobile 5.0 Smartphone SDK (ARMV4I).Deploy.0 = Release|Windows Mobile 5.0 Smartphone SDK (ARMV4I)
		{9C9E5923-FECA-1BAD-8565-D33D5190F65E}.Release|Windows Mobile 6 Professional SDK (ARMV4I).ActiveCfg = Release|Windows Mobile 6 Professional SDK (ARMV4I)
		{9C9E5923-FECA-1BAD-8565-D33D5190F65E}.Release|Windows Mobile 6 Professional SDK (ARMV4I).Build.0 = Release|Windows Mobile 6 Professional SDK (ARMV4I)
		{9C9E5923-FECA-1BAD-8565-D33D5190F65E}.Release|Windows Mobile 6 Professional SDK (ARMV4I).Deploy.0 = Release|Windows Mobile 6 Professional SDK (ARMV4I)
		{9C9E5923-FECA-1BAD-8565-D33D5190F65E}.Release|Windows Mobile 6 Standard SDK (ARMV4I).ActiveCfg = Release|Windows Mobile 6 Standard SDK (ARMV4I)
		{9C9E5923-FECA-1BAD-8565-D33D5190F65E}.Release|Windows Mobile 6 Standard SDK (ARMV4I).Build.0 = Release|Windows Mobile 6 Standard SDK (ARMV4I)
		{9C9E5923-FECA-1BAD-8565-D33D5190F65E}.Release|Windows Mobile 6 Standard SDK (ARMV4I).Deploy.0 = Release|Windows Mobile 6 Standard SDK (ARMV4I)
		{9C9E5923-FECA-1BAD-8565-D33D5190F65E}.Release|x64.ActiveCfg = Release|x64
		{9C9E5923-FECA-1BAD-8565-D33D5190F65E}.Release|x64.Build.0 = Release|x64
		{8C146243-FECA-1BAD-8565-D33D5190F65E}.Debug|Win32.ActiveCfg = Debug|Win32
		{8C146243-FECA-1BAD-8565-D33D5190F65E}.Debug|Win32.Build.0 = Debug|Win32
		{8C146243-FECA-1BAD-8565-D33D5190F65E}.Debug|Windows Mobile 5.0 Pocket PC SDK (ARMV4I).ActiveCfg = Debug|Windows Mobile 5.0 Pocket PC SDK (ARMV4I)
		{8C146243-FECA-1BAD-8565-D33D5190F65E}.Debug|Windows Mobile 5.0 Pocket PC SDK (ARMV4I).Build.0 = Debug|Windows Mobile 5.0 Pocket PC SDK (ARMV4I)
		{8C146243-FECA-1BAD-8565-D33D5190F65E}.Debug|Windows Mobile 5.0 Pocket PC SDK (ARMV4I).Deploy.0 = Debug|Windows Mobile 5.0 Pocket PC SDK (ARMV4I)
		{8C146243-FECA-1BAD-8565-D33D5190F65E}.Debug|Windows Mobile 5.0 Smartphone SDK (ARMV4I).ActiveCfg = Debug|Windows Mobile 5.0 Smartphone SDK (ARMV4I)
		{8C146243-FECA-1BAD-8565-D33D5190F65E}.Debug|Windows Mobile 5.0 Smartphone SDK (ARMV4I).Build.0 = Debug|Windows Mobile 5.0 Smartphone SDK (ARMV4I)
		{8C146243-FECA-1BAD-8565-D33D5190F65E}.Debug|Windows Mobile 5.0 Smartphone SDK (ARMV4I).Deploy.0 = Debug|Windows Mobile 5.0 Smartphone SDK (ARMV4I)
		{8C146243-FECA-1BAD-8565-D33D5190F65E}.Debug|Windows Mobile 6 Professional SDK (ARMV4I).ActiveCfg = Debug|Windows Mobile 6 Professional SDK (ARMV4I)
		{8C146243-FECA-1BAD-8565-D33D5190F65E}.Debug|Windows Mobile 6 Professional SDK (ARMV4I).Build.0 = Debug|Windows Mobile 6 Professional SDK (ARMV4I)
		{8C146243-FECA-1BAD-8565-D33D5190F65E}.Debug|Windows Mobile 6 Professional SDK (ARMV4I).Deploy.0 = Debug|Windows Mobile 6 Professional SDK (ARMV4I)
		{8C146243-FECA-1BAD-8565-D33D5190F65E}.Debug|Windows Mobile 6 Standard SDK (ARMV4I).ActiveCfg = Debug|Windows Mobile 6 Standard SDK (ARMV4I)
		{8C146243-FECA-1BAD-8565-D33D5190F65E}.Debug|Windows Mobile 6 Standard SDK (ARMV4I).Build.0 = Debug|Windows Mobile 6 Standard SDK (ARMV4I)
		{8C146243-FECA-1BAD-8565-D33D5190F65E}.Debug|Windows Mobile 6 Standard SDK (ARMV4I).Deploy.0 = Debug|Windows Mobile 6 Standard SDK (ARMV4I)
		{8C146243-FECA-1BAD-8565-D33D5190F65E}.Debug|x64.ActiveCfg = Debug|x64
		{8C146243-FECA-1BAD-8565-D33D5190F65E}.Debug|x64.Build.0 = Debug|x64
		{8C146243-FECA-1BAD-8565-D33D5190F65E}.Release|Win32.ActiveCfg = Release|Win32
		{8C146243-FECA-1BAD-8565-D33D5190F65E}.Release|Win32.Build.0 = Release|Win32
		{8C146243-FECA-1BAD-8565-D33D5190F65E}.Release|Windows Mobile 5.0 Pocket PC SDK (ARMV4I).ActiveCfg = Release|Windows Mobile 5.0 Pocket PC SDK (ARMV4I)
		{8C146243-FECA-1BAD-8565-D33D5190F65E}.Release|Windows Mobile 5.0 Pocket PC SDK (ARMV4I).Build.0 = Release|Windows Mobile 5.0 Pocket PC SDK (ARMV4I)
		{8C146243-FECA-1BAD-8565-D33D5190F65E}.Release|Windows Mobile 5.0 Pocket PC SDK (ARMV4I).Deploy.0 = Release|Windows Mobile 5.0 Pocket PC SDK (ARMV4I)
		{8C146243-FECA-1BAD-8565-D33D5190F65E}.Release|Windows Mobile 5.0 Smartphone SDK (ARMV4I).ActiveCfg = Release|Windows Mobile 5.0 Smartphone SDK (ARMV4I)
		{8C146243-FECA-1BAD-8565-D33D5190F65E}.Release|Windows Mobile 5.0 Smartphone SDK (ARMV4I).Build.0 = Release|Windows Mobile 5.0 Smartphone SDK (ARMV4I)
		{8C146243-FECA-1BAD-8565-D33D5190F65E}.Release|Windows Mobile 5.0 Smartphone SDK (ARMV4I).Deploy.0 = Release|Windows Mobile 5.0 Smartphone SDK (ARMV4I)
		{8C146243-FECA-1BAD-8565-D33D5190F65E}.Release|Windows Mobile 6 Professional SDK (ARMV4I).ActiveCfg = Release|Windows Mobile 6 Professional SDK (ARMV4I)
		{8C146243-FECA-1BAD-8565-D33D5190F65E}.Release|Windows Mobile 6 Professional SDK (ARMV4I).Build.0 = Release|Windows Mobile 6 Professional SDK (ARMV4I)
		{8C146243-FECA-1BAD-8565-D33D5190F65E}.Release|Windows Mobile 6 Professional SDK (ARMV4I).Deploy.0 = Release|Windows Mobile 6 Professional SDK (ARMV4I)
		{8C146243-FECA-1BAD-8565-D33D5190F65E}.Release|Windows Mobile 6 Standard SDK (ARMV4I).ActiveCfg = Release|Windows Mobile 6 Standard SDK (ARMV4I)
		{8C146243-FECA-1BAD-8565-D33D5190F65E}.Release|Windows Mobile 6 Standard SDK (ARMV4I).Build.0 = Release|Windows Mobile 6 Standard SDK (ARMV4I)
		{8C146243-FECA-1BAD-8565-D33D5190F65E}.Release|Windows Mobile 6 Standard SDK (ARMV4I).Deploy.0 = Release|Windows Mobile 6 Standard SDK (ARMV4I)
		{8C146243-FECA-1BAD-8565-D33D5190F65E}.Release|x64.ActiveCfg = Release|x64
		{8C146243-FECA-1BAD-8565-D33D5190F65E}.Release|x64.Build.0 = Release|x64
		{5911BDC4-FECA-1BAD-8565-D33D5190F65E}.Debug|Win32.ActiveCfg = Debug|Win32
		{5911BDC4-FECA-1BAD-8565-D33D5190F65E}.Debug|Win32.Build.0 = Debug|Win32
		{5911BDC4-FECA-1BAD-8565-D33D5190F65E}.Debug|Windows Mobile 5.0 Pocket PC SDK (ARMV4I).ActiveCfg = Debug|Windows Mobile 5.0 Pocket PC SDK (ARMV4I)
		{5911BDC4-FECA-1BAD-8565-D33D5190F65E}.Debug|Windows Mobile 5.0 Pocket PC SDK (ARMV4I).Build.0 = Debug|Windows Mobile 5.0 Pocket PC SDK (ARMV4I)
		{5911BDC4-FECA-1BAD-8565-D33D5190F65E}.Debug|Windows Mobile 5.0 Pocket PC SDK (ARMV4I).Deploy.0 = Debug|Windows Mobile 5.0 Pocket PC SDK (ARMV4I)
		{5911BDC4-FECA-1BAD-8565-D33D5190F65E}.Debug|Windows Mobile 5.0 Smartphone SDK (ARMV4I).ActiveCfg = Debug|Windows Mobile 5.0 Smartphone SDK (ARMV4I)
		{5911BDC4-FECA-1BAD-8565-D33D5190F65E}.Debug|Windows Mobile 5.0 Smartphone SDK (ARMV4I).Build.0 = Debug|Windows Mobile 5.0 Smartphone SDK (ARMV4I)
		{5911BDC4-FECA-1BAD-8565-D33D5190F65E}.Debug|Windows Mobile 5.0 Smartphone SDK (ARMV4I).Deploy.0 = Debug|Windows Mobile 5.0 Smartphone SDK (ARMV4I)
		{5911BDC4-FECA-1BAD-8565-D33D5190F65E}.Debug|Windows Mobile 6 Professional SDK (ARMV4I).ActiveCfg = Debug|Windows Mobile 6 Professional SDK (ARMV4I)
		{5911BDC4-FECA-1BAD-8565-D33D5190F65E}.Debug|Windows Mobile 6 Professional SDK (ARMV4I).Build.0 = Debug|Windows Mobile 6 Professional SDK (ARMV4I)
		{5911BDC4-FECA-1BAD-8565-D33D5190F65E}.Debug|Windows Mobile 6 Professional SDK (ARMV4I).Deploy.0 = Debug|Windows Mobile 6 Professional SDK (ARMV4I)
		{5911BDC4-FECA-1BAD-8565-D33D5190F65E}.Debug|Windows Mobile 6 Standard SDK (ARMV4I).ActiveCfg = Debug|Windows Mobile 6 Standard SDK (ARMV4I)
		{5911BDC4-FECA-1BAD-8565-D33D5190F65E}.Debug|Windows Mobile 6 Standard SDK (ARMV4I).Build.0 = Debug|Windows Mobile 6 Standard SDK (ARMV4I)
		{5911BDC4-FECA-1BAD-8565-D33D5190F65E}.Debug|Windows Mobile 6 Standard SDK (ARMV4I).Deploy.0 = Debug|Windows Mobile 6 Standard SDK (ARMV4I)
		{5911BDC4-FECA-1BAD-8565-D33D5190F65E}.Debug|x64.ActiveCfg = Debug|x64
		{5911BDC4-FECA-1BAD-8565-D33D5190F65E}.Debug|x64.Build.0 = Debug|x64
		{5911BDC4-FECA-1BAD-8565-D33D5190F65E}.Release|Win32.ActiveCfg = Release|Win32
		{5911BDC4-FECA-1BAD-8565-D33D5190F65E}.Release|Win32.Build.0 = Release|Win32
		{5911BDC4-FECA-1BAD-8565-D33D5190F65E}.Release|Windows Mobile 5.0 Pocket PC SDK (ARMV4I).ActiveCfg = Release|Windows Mobile 5.0 Pocket PC SDK (ARMV4I)
		{5911BDC4-FECA-1BAD-8565-D33D5190F65E}.Release|Windows Mobile 5.0 Pocket PC SDK (ARMV4I).Build.0 = Release|Windows Mobile 5.0 Pocket PC SDK (ARMV4I)
		{5911BDC4-FECA-1BAD-8565-D33D5190F65E}.Release|Windows Mobile 5.0 Pocket PC SDK (ARMV4I).Deploy.0 = Release|Windows Mobile 5.0 Pocket PC SDK (ARMV4I)
		{5911BDC4-FECA-1BAD-8565-D33D5190F65E}.Release|Windows Mobile 5.0 Smartphone SDK (ARMV4I).ActiveCfg = Release|Windows Mobile 5.0 Smartphone SDK (ARMV4I)
		{5911BDC4-FECA-1BAD-8565-D33D5190F65E}.Release|Windows Mobile 5.0 Smartphone SDK (ARMV4I).Build.0 = Release|Windows Mobile 5.0 Smartphone SDK (ARMV4I)
		{5911BDC4-FECA-1BAD-8565-D33D5190F65E}.Release|Windows Mobile 5.0 Smartphone SDK (ARMV4I).Deploy.0 = Release|Windows Mobile 5.0 Smartphone SDK (ARMV4I)
		{5911BDC4-FECA-1BAD-8565-D33D5190F65E}.Release|Windows Mobile 6 Professional SDK (ARMV4I).ActiveCfg = Release|Windows Mobile 6 Professional SDK (ARMV4I)
		{5911BDC4-FECA-1BAD-8565-D33D5190F65E}.Release|Windows Mobile 6 Professional SDK (ARMV4I).Build.0 = Release|Windows Mobile 6 Professional SDK (ARMV4I)
		{5911BDC4-FECA-1BAD-8565-D33D5190F65E}.Release|Windows Mobile 6 Professional SDK (ARMV4I).Deploy.0 = Release|Windows Mobile 6 Professional SDK (ARMV4I)
		{5911BDC4-FECA-1BAD-8565-D33D5190F65E}.Release|Windows Mobile 6 Standard SDK (ARMV4I).ActiveCfg = Release|Windows Mobile 6 Standard SDK (ARMV4I)
		{5911BDC4-FECA-1BAD-8565-D33D5190F65E}.Release|Windows Mobile 6 Standard SDK (ARMV4I).Build.0 = Release|Windows Mobile 6 Standard SDK (ARMV4I)
		{5911BDC4-FECA-1BAD-8565-D33D5190F65E}.Release|Windows Mobile 6 Standard SDK (ARMV4I).Deploy.0 = Release|Windows Mobile 6 Standard SDK (ARMV4I)
		{5911BDC4-FECA-1BAD-8565-D33D5190F65E}.Release|x64.ActiveCfg = Release|x64
		{5911BDC4-FECA-1BAD-8565-D33D5190F65E}.Release|x64.Build.0 = Release|x64
		{AA7FE66C-FECA-1BAD-8565-D33D5190F65E}.Debug|Win32.ActiveCfg = Debug|Win32
		{AA7FE66C-FECA-1BAD-8565-D33D5190F65E}.Debug|Win32.Build.0 = Debug|Win32
		{AA7FE66C-FECA-1BAD-8565-D33D5190F65E}.Debug|Windows Mobile 5.0 Pocket PC SDK (ARMV4I).ActiveCfg = Debug|Windows Mobile 5.0 Pocket PC SDK (ARMV4I)
		{AA7FE66C-FECA-1BAD-8565-D33D5190F65E}.Debug|Windows Mobile 5.0 Pocket PC SDK (ARMV4I).Build.0 = Debug|Windows Mobile 5.0 Pocket PC SDK (ARMV4I)
		{AA7FE66C-FECA-1BAD-8565-D33D5190F65E}.Debug|Windows Mobile 5.0 Pocket PC SDK (ARMV4I).Deploy.0 = Debug|Windows Mobile 5.0 Pocket PC SDK (ARMV4I)
		{AA7FE66C-FECA-1BAD-8565-D33D5190F65E}.Debug|Windows Mobile 5.0 Smartphone SDK (ARMV4I).ActiveCfg = Debug|Windows Mobile 5.0 Smartphone SDK (ARMV4I)
		{AA7FE66C-FECA-1BAD-8565-D33D5190F65E}.Debug|Windows Mobile 5.0 Smartphone SDK (ARMV4I).Build.0 = Debug|Windows Mobile 5.0 Smartphone SDK (ARMV4I)
		{AA7FE66C-FECA-1BAD-8565-D33D5190F65E}.Debug|Windows Mobile 5.0 Smartphone SDK (ARMV4I).Deploy.0 = Debug|Windows Mobile 5.0 Smartphone SDK (ARMV4I)
		{AA7FE66C-FECA-1BAD-8565-D33D5190F65E}.Debug|Windows Mobile 6 Professional SDK (ARMV4I).ActiveCfg = Debug|Windows Mobile 6 Professional SDK (ARMV4I)
		{AA7FE66C-FECA-1BAD-8565-D33D5190F65E}.Debug|Windows Mobile 6 Professional SDK (ARMV4I).Build.0 = Debug|Windows Mobile 6 Professional SDK (ARMV4I)
		{AA7FE66C-FECA-1BAD-8565-D33D5190F65E}.Debug|Windows Mobile 6 Professional SDK (ARMV4I).Deploy.0 = Debug|Windows Mobile 6 Professional SDK (ARMV4I)
		{AA7FE66C-FECA-1BAD-8565-D33D5190F65E}.Debug|Windows Mobile 6 Standard SDK (ARMV4I).ActiveCfg = Debug|Windows Mobile 6 Standard SDK (ARMV4I)
		{AA7FE66C-FECA-1BAD-8565-D33D5190F65E}.Debug|Windows Mobile 6 Standard SDK (ARMV4I).Build.0 = Debug|Windows Mobile 6 Standard SDK (ARMV4I)
		{AA7FE66C-FECA-1BAD-8565-D33D5190F65E}.Debug|Windows Mobile 6 Standard SDK (ARMV4I).Deploy.0 = Debug|Windows Mobile 6 Standard SDK (ARMV4I)
		{AA7FE66C-FECA-1BAD-8565-D33D5190F65E}.Debug|x64.ActiveCfg = Debug|x64
		{AA7FE66C-FECA-1BAD-8565-D33D5190F65E}.Debug|x64.Build.0 = Debug|x64
		{AA7FE66C-FECA-1BAD-8565-D33D5190F65E}.Release|Win32.ActiveCfg = Release|Win32
		{AA7FE66C-FECA-1BAD-8565-D33D5190F65E}.Release|Win32.Build.0 = Release|Win32
		{AA7FE66C-FECA-1BAD-8565-D33D5190F65E}.Release|Windows Mobile 5.0 Pocket PC SDK (ARMV4I).ActiveCfg = Release|Windows Mobile 5.0 Pocket PC SDK (ARMV4I)
		{AA7FE66C-FECA-1BAD-8565-D33D5190F65E}.Release|Windows Mobile 5.0 Pocket PC SDK (ARMV4I).Build.0 = Release|Windows Mobile 5.0 Pocket PC SDK (ARMV4I)
		{AA7FE66C-FECA-1BAD-8565-D33D5190F65E}.Release|Windows Mobile 5.0 Pocket PC SDK (ARMV4I).Deploy.0 = Release|Windows Mobile 5.0 Pocket PC SDK (ARMV4I)
		{AA7FE66C-FECA-1BAD-8565-D33D5190F65E}.Release|Windows Mobile 5.0 Smartphone SDK (ARMV4I).ActiveCfg = Release|Windows Mobile 5.0 Smartphone SDK (ARMV4I)
		{AA7FE66C-FECA-1BAD-8565-D33D5190F65E}.Release|Windows Mobile 5.0 Smartphone SDK (ARMV4I).Build.0 = Release|Windows Mobile 5.0 Smartphone SDK (ARMV4I)
		{AA7FE66C-FECA-1BAD-8565-D33D5190F65E}.Release|Windows Mobile 5.0 Smartphone SDK (ARMV4I).Deploy.0 = Release|Windows Mobile 5.0 Smartphone SDK (ARMV4I)
		{AA7FE66C-FECA-1BAD-8565-D33D5190F65E}.Release|Windows Mobile 6 Professional SDK (ARMV4I).ActiveCfg = Release|Windows Mobile 6 Professional SDK (ARMV4I)
		{AA7FE66C-FECA-1BAD-8565-D33D5190F65E}.Release|Windows Mobile 6 Professional SDK (ARMV4I).Build.0 = Release|Windows Mobile 6 Professional SDK (ARMV4I)
		{AA7FE66C-FECA-1BAD-8565-D33D5190F65E}.Release|Windows Mobile 6 Professional SDK (ARMV4I).Deploy.0 = Release|Windows Mobile 6 Professional SDK (ARMV4I)
		{AA7FE66C-FECA-1BAD-8565-D33D5190F65E}.Release|Windows Mobile 6 Standard SDK (ARMV4I).ActiveCfg = Release|Windows Mobile 6 Standard SDK (ARMV4I)
		{AA7FE66C-FECA-1BAD-8565-D33D5190F65E}.Release|Windows Mobile 6 Standard SDK (ARMV4I).Build.0 = Release|Windows Mobile 6 Standard SDK (ARMV4I)
		{AA7FE66C-FECA-1BAD-8565-D33D5190F65E}.Release|Windows Mobile 6 Standard SDK (ARMV4I).Deploy.0 = Release|Windows Mobile 6 Standard SDK (ARMV4I)
		{AA7FE66C-FECA-1BAD-8565-D33D5190F65E}.Release|x64.ActiveCfg = Release|x64
		{AA7FE66C-FECA-1BAD-8565-D33D5190F65E}.Release|x64.Build.0 = Release|x64
	EndGlobalSection
	GlobalSection(SolutionProperties) = preSolution
		HideSolutionNode = FALSE
	EndGlobalSection
EndGlobal
