
Microsoft Visual Studio Solution File, Format Version 9.00
# Visual Studio 2005
# $Id: VC8WorkspaceCreator.pm 1456 2008-07-18 16:05:54Z elliott_c $
#
# This file was generated by MPC.  Any changes made directly to
# this file will be lost the next time it is generated.
#
# MPC Command:
# /export/anduriltmp/bczar/DOC_ROOT/stage-4800/ACE_wrappers/bin/mwc.pl -type vc8 -recurse -hierarchy -relative ACE_ROOT=/export/anduriltmp/bczar/DOC_ROOT/stage-4800/ACE_wrappers -relative TAO_ROOT=/export/anduriltmp/bczar/DOC_ROOT/stage-4800/ACE_wrappers/TAO -relative CIAO_ROOT=/export/anduriltmp/bczar/DOC_ROOT/stage-4800/ACE_wrappers/TAO/CIAO -name_modifier "*_vc8_WinCE" -features uses_wchar=1,wince=1 -value_template "platforms+="Windows Mobile 5.0 Pocket PC SDK (ARMV4I)"" -value_template "platforms+="Windows Mobile 5.0 Smartphone SDK (ARMV4I)"" -value_template "platforms+="Windows Mobile 6 Standard SDK (ARMV4I)"" -value_template "platforms+="Windows Mobile 6 Professional SDK (ARMV4I)""
Project("{8BC9CEB8-8B4A-11D0-8D11-00A0C91BC942}") = "Allocator", "Allocator_vc8_WinCE.vcproj", "{D088473F-FECA-1BAD-8408-181CA6D55D2F}"
EndProject
Project("{8BC9CEB8-8B4A-11D0-8D11-00A0C91BC942}") = "Array", "Array_vc8_WinCE.vcproj", "{7DBB2DF5-FECA-1BAD-8408-181CA6D55D2F}"
EndProject
Project("{8BC9CEB8-8B4A-11D0-8D11-00A0C91BC942}") = "Containers_Hash_Map", "Containers_Hash_Map_vc8_WinCE.vcproj", "{6383D249-FECA-1BAD-8408-181CA6D55D2F}"
EndProject
Project("{8BC9CEB8-8B4A-11D0-8D11-00A0C91BC942}") = "Containers_Map_Manager", "Containers_Map_Manager_vc8_WinCE.vcproj", "{AEABE8E6-FECA-1BAD-8408-181CA6D55D2F}"
EndProject
Project("{8BC9CEB8-8B4A-11D0-8D11-00A0C91BC942}") = "DLList", "DLList_vc8_WinCE.vcproj", "{39548F25-FECA-1BAD-8408-181CA6D55D2F}"
EndProject
Project("{8BC9CEB8-8B4A-11D0-8D11-00A0C91BC942}") = "Hash_Map_Hash", "Hash_Map_Hash_vc8_WinCE.vcproj", "{1886535E-FECA-1BAD-8408-181CA6D55D2F}"
EndProject
Project("{8BC9CEB8-8B4A-11D0-8D11-00A0C91BC942}") = "Map_Manager_Specialization", "Map_Manager_Specialization_vc8_WinCE.vcproj", "{8AA7F7BD-FECA-1BAD-8408-181CA6D55D2F}"
EndProject
Project("{8BC9CEB8-8B4A-11D0-8D11-00A0C91BC942}") = "Queues", "Queues_vc8_WinCE.vcproj", "{2FEC5955-FECA-1BAD-8408-181CA6D55D2F}"
EndProject
Project("{8BC9CEB8-8B4A-11D0-8D11-00A0C91BC942}") = "RB_Tree_Functors", "RB_Tree_Functors_vc8_WinCE.vcproj", "{3BA8DEB2-FECA-1BAD-8408-181CA6D55D2F}"
EndProject
Project("{8BC9CEB8-8B4A-11D0-8D11-00A0C91BC942}") = "RB_Tree", "RB_Tree_vc8_WinCE.vcproj", "{1E7D2830-FECA-1BAD-8408-181CA6D55D2F}"
EndProject
Project("{8BC9CEB8-8B4A-11D0-8D11-00A0C91BC942}") = "Sets", "Sets_vc8_WinCE.vcproj", "{798B4855-FECA-1BAD-8408-181CA6D55D2F}"
EndProject
Project("{8BC9CEB8-8B4A-11D0-8D11-00A0C91BC942}") = "Stacks", "Stacks_vc8_WinCE.vcproj", "{2DF93755-FECA-1BAD-8408-181CA6D55D2F}"
EndProject
Global
	GlobalSection(SolutionConfigurationPlatforms) = preSolution
		Debug|Win32 = Debug|Win32
		Debug|Windows Mobile 5.0 Pocket PC SDK (ARMV4I) = Debug|Windows Mobile 5.0 Pocket PC SDK (ARMV4I)
		Debug|Windows Mobile 5.0 Smartphone SDK (ARMV4I) = Debug|Windows Mobile 5.0 Smartphone SDK (ARMV4I)
		Debug|Windows Mobile 6 Professional SDK (ARMV4I) = Debug|Windows Mobile 6 Professional SDK (ARMV4I)
		Debug|Windows Mobile 6 Standard SDK (ARMV4I) = Debug|Windows Mobile 6 Standard SDK (ARMV4I)
		Debug|x64 = Debug|x64
		Release|Win32 = Release|Win32
		Release|Windows Mobile 5.0 Pocket PC SDK (ARMV4I) = Release|Windows Mobile 5.0 Pocket PC SDK (ARMV4I)
		Release|Windows Mobile 5.0 Smartphone SDK (ARMV4I) = Release|Windows Mobile 5.0 Smartphone SDK (ARMV4I)
		Release|Windows Mobile 6 Professional SDK (ARMV4I) = Release|Windows Mobile 6 Professional SDK (ARMV4I)
		Release|Windows Mobile 6 Standard SDK (ARMV4I) = Release|Windows Mobile 6 Standard SDK (ARMV4I)
		Release|x64 = Release|x64
	EndGlobalSection
	GlobalSection(ProjectConfigurationPlatforms) = postSolution
		{D088473F-FECA-1BAD-8408-181CA6D55D2F}.Debug|Win32.ActiveCfg = Debug|Win32
		{D088473F-FECA-1BAD-8408-181CA6D55D2F}.Debug|Win32.Build.0 = Debug|Win32
		{D088473F-FECA-1BAD-8408-181CA6D55D2F}.Debug|Windows Mobile 5.0 Pocket PC SDK (ARMV4I).ActiveCfg = Debug|Windows Mobile 5.0 Pocket PC SDK (ARMV4I)
		{D088473F-FECA-1BAD-8408-181CA6D55D2F}.Debug|Windows Mobile 5.0 Pocket PC SDK (ARMV4I).Build.0 = Debug|Windows Mobile 5.0 Pocket PC SDK (ARMV4I)
		{D088473F-FECA-1BAD-8408-181CA6D55D2F}.Debug|Windows Mobile 5.0 Pocket PC SDK (ARMV4I).Deploy.0 = Debug|Windows Mobile 5.0 Pocket PC SDK (ARMV4I)
		{D088473F-FECA-1BAD-8408-181CA6D55D2F}.Debug|Windows Mobile 5.0 Smartphone SDK (ARMV4I).ActiveCfg = Debug|Windows Mobile 5.0 Smartphone SDK (ARMV4I)
		{D088473F-FECA-1BAD-8408-181CA6D55D2F}.Debug|Windows Mobile 5.0 Smartphone SDK (ARMV4I).Build.0 = Debug|Windows Mobile 5.0 Smartphone SDK (ARMV4I)
		{D088473F-FECA-1BAD-8408-181CA6D55D2F}.Debug|Windows Mobile 5.0 Smartphone SDK (ARMV4I).Deploy.0 = Debug|Windows Mobile 5.0 Smartphone SDK (ARMV4I)
		{D088473F-FECA-1BAD-8408-181CA6D55D2F}.Debug|Windows Mobile 6 Professional SDK (ARMV4I).ActiveCfg = Debug|Windows Mobile 6 Professional SDK (ARMV4I)
		{D088473F-FECA-1BAD-8408-181CA6D55D2F}.Debug|Windows Mobile 6 Professional SDK (ARMV4I).Build.0 = Debug|Windows Mobile 6 Professional SDK (ARMV4I)
		{D088473F-FECA-1BAD-8408-181CA6D55D2F}.Debug|Windows Mobile 6 Professional SDK (ARMV4I).Deploy.0 = Debug|Windows Mobile 6 Professional SDK (ARMV4I)
		{D088473F-FECA-1BAD-8408-181CA6D55D2F}.Debug|Windows Mobile 6 Standard SDK (ARMV4I).ActiveCfg = Debug|Windows Mobile 6 Standard SDK (ARMV4I)
		{D088473F-FECA-1BAD-8408-181CA6D55D2F}.Debug|Windows Mobile 6 Standard SDK (ARMV4I).Build.0 = Debug|Windows Mobile 6 Standard SDK (ARMV4I)
		{D088473F-FECA-1BAD-8408-181CA6D55D2F}.Debug|Windows Mobile 6 Standard SDK (ARMV4I).Deploy.0 = Debug|Windows Mobile 6 Standard SDK (ARMV4I)
		{D088473F-FECA-1BAD-8408-181CA6D55D2F}.Debug|x64.ActiveCfg = Debug|x64
		{D088473F-FECA-1BAD-8408-181CA6D55D2F}.Debug|x64.Build.0 = Debug|x64
		{D088473F-FECA-1BAD-8408-181CA6D55D2F}.Release|Win32.ActiveCfg = Release|Win32
		{D088473F-FECA-1BAD-8408-181CA6D55D2F}.Release|Win32.Build.0 = Release|Win32
		{D088473F-FECA-1BAD-8408-181CA6D55D2F}.Release|Windows Mobile 5.0 Pocket PC SDK (ARMV4I).ActiveCfg = Release|Windows Mobile 5.0 Pocket PC SDK (ARMV4I)
		{D088473F-FECA-1BAD-8408-181CA6D55D2F}.Release|Windows Mobile 5.0 Pocket PC SDK (ARMV4I).Build.0 = Release|Windows Mobile 5.0 Pocket PC SDK (ARMV4I)
		{D088473F-FECA-1BAD-8408-181CA6D55D2F}.Release|Windows Mobile 5.0 Pocket PC SDK (ARMV4I).Deploy.0 = Release|Windows Mobile 5.0 Pocket PC SDK (ARMV4I)
		{D088473F-FECA-1BAD-8408-181CA6D55D2F}.Release|Windows Mobile 5.0 Smartphone SDK (ARMV4I).ActiveCfg = Release|Windows Mobile 5.0 Smartphone SDK (ARMV4I)
		{D088473F-FECA-1BAD-8408-181CA6D55D2F}.Release|Windows Mobile 5.0 Smartphone SDK (ARMV4I).Build.0 = Release|Windows Mobile 5.0 Smartphone SDK (ARMV4I)
		{D088473F-FECA-1BAD-8408-181CA6D55D2F}.Release|Windows Mobile 5.0 Smartphone SDK (ARMV4I).Deploy.0 = Release|Windows Mobile 5.0 Smartphone SDK (ARMV4I)
		{D088473F-FECA-1BAD-8408-181CA6D55D2F}.Release|Windows Mobile 6 Professional SDK (ARMV4I).ActiveCfg = Release|Windows Mobile 6 Professional SDK (ARMV4I)
		{D088473F-FECA-1BAD-8408-181CA6D55D2F}.Release|Windows Mobile 6 Professional SDK (ARMV4I).Build.0 = Release|Windows Mobile 6 Professional SDK (ARMV4I)
		{D088473F-FECA-1BAD-8408-181CA6D55D2F}.Release|Windows Mobile 6 Professional SDK (ARMV4I).Deploy.0 = Release|Windows Mobile 6 Professional SDK (ARMV4I)
		{D088473F-FECA-1BAD-8408-181CA6D55D2F}.Release|Windows Mobile 6 Standard SDK (ARMV4I).ActiveCfg = Release|Windows Mobile 6 Standard SDK (ARMV4I)
		{D088473F-FECA-1BAD-8408-181CA6D55D2F}.Release|Windows Mobile 6 Standard SDK (ARMV4I).Build.0 = Release|Windows Mobile 6 Standard SDK (ARMV4I)
		{D088473F-FECA-1BAD-8408-181CA6D55D2F}.Release|Windows Mobile 6 Standard SDK (ARMV4I).Deploy.0 = Release|Windows Mobile 6 Standard SDK (ARMV4I)
		{D088473F-FECA-1BAD-8408-181CA6D55D2F}.Release|x64.ActiveCfg = Release|x64
		{D088473F-FECA-1BAD-8408-181CA6D55D2F}.Release|x64.Build.0 = Release|x64
		{7DBB2DF5-FECA-1BAD-8408-181CA6D55D2F}.Debug|Win32.ActiveCfg = Debug|Win32
		{7DBB2DF5-FECA-1BAD-8408-181CA6D55D2F}.Debug|Win32.Build.0 = Debug|Win32
		{7DBB2DF5-FECA-1BAD-8408-181CA6D55D2F}.Debug|Windows Mobile 5.0 Pocket PC SDK (ARMV4I).ActiveCfg = Debug|Windows Mobile 5.0 Pocket PC SDK (ARMV4I)
		{7DBB2DF5-FECA-1BAD-8408-181CA6D55D2F}.Debug|Windows Mobile 5.0 Pocket PC SDK (ARMV4I).Build.0 = Debug|Windows Mobile 5.0 Pocket PC SDK (ARMV4I)
		{7DBB2DF5-FECA-1BAD-8408-181CA6D55D2F}.Debug|Windows Mobile 5.0 Pocket PC SDK (ARMV4I).Deploy.0 = Debug|Windows Mobile 5.0 Pocket PC SDK (ARMV4I)
		{7DBB2DF5-FECA-1BAD-8408-181CA6D55D2F}.Debug|Windows Mobile 5.0 Smartphone SDK (ARMV4I).ActiveCfg = Debug|Windows Mobile 5.0 Smartphone SDK (ARMV4I)
		{7DBB2DF5-FECA-1BAD-8408-181CA6D55D2F}.Debug|Windows Mobile 5.0 Smartphone SDK (ARMV4I).Build.0 = Debug|Windows Mobile 5.0 Smartphone SDK (ARMV4I)
		{7DBB2DF5-FECA-1BAD-8408-181CA6D55D2F}.Debug|Windows Mobile 5.0 Smartphone SDK (ARMV4I).Deploy.0 = Debug|Windows Mobile 5.0 Smartphone SDK (ARMV4I)
		{7DBB2DF5-FECA-1BAD-8408-181CA6D55D2F}.Debug|Windows Mobile 6 Professional SDK (ARMV4I).ActiveCfg = Debug|Windows Mobile 6 Professional SDK (ARMV4I)
		{7DBB2DF5-FECA-1BAD-8408-181CA6D55D2F}.Debug|Windows Mobile 6 Professional SDK (ARMV4I).Build.0 = Debug|Windows Mobile 6 Professional SDK (ARMV4I)
		{7DBB2DF5-FECA-1BAD-8408-181CA6D55D2F}.Debug|Windows Mobile 6 Professional SDK (ARMV4I).Deploy.0 = Debug|Windows Mobile 6 Professional SDK (ARMV4I)
		{7DBB2DF5-FECA-1BAD-8408-181CA6D55D2F}.Debug|Windows Mobile 6 Standard SDK (ARMV4I).ActiveCfg = Debug|Windows Mobile 6 Standard SDK (ARMV4I)
		{7DBB2DF5-FECA-1BAD-8408-181CA6D55D2F}.Debug|Windows Mobile 6 Standard SDK (ARMV4I).Build.0 = Debug|Windows Mobile 6 Standard SDK (ARMV4I)
		{7DBB2DF5-FECA-1BAD-8408-181CA6D55D2F}.Debug|Windows Mobile 6 Standard SDK (ARMV4I).Deploy.0 = Debug|Windows Mobile 6 Standard SDK (ARMV4I)
		{7DBB2DF5-FECA-1BAD-8408-181CA6D55D2F}.Debug|x64.ActiveCfg = Debug|x64
		{7DBB2DF5-FECA-1BAD-8408-181CA6D55D2F}.Debug|x64.Build.0 = Debug|x64
		{7DBB2DF5-FECA-1BAD-8408-181CA6D55D2F}.Release|Win32.ActiveCfg = Release|Win32
		{7DBB2DF5-FECA-1BAD-8408-181CA6D55D2F}.Release|Win32.Build.0 = Release|Win32
		{7DBB2DF5-FECA-1BAD-8408-181CA6D55D2F}.Release|Windows Mobile 5.0 Pocket PC SDK (ARMV4I).ActiveCfg = Release|Windows Mobile 5.0 Pocket PC SDK (ARMV4I)
		{7DBB2DF5-FECA-1BAD-8408-181CA6D55D2F}.Release|Windows Mobile 5.0 Pocket PC SDK (ARMV4I).Build.0 = Release|Windows Mobile 5.0 Pocket PC SDK (ARMV4I)
		{7DBB2DF5-FECA-1BAD-8408-181CA6D55D2F}.Release|Windows Mobile 5.0 Pocket PC SDK (ARMV4I).Deploy.0 = Release|Windows Mobile 5.0 Pocket PC SDK (ARMV4I)
		{7DBB2DF5-FECA-1BAD-8408-181CA6D55D2F}.Release|Windows Mobile 5.0 Smartphone SDK (ARMV4I).ActiveCfg = Release|Windows Mobile 5.0 Smartphone SDK (ARMV4I)
		{7DBB2DF5-FECA-1BAD-8408-181CA6D55D2F}.Release|Windows Mobile 5.0 Smartphone SDK (ARMV4I).Build.0 = Release|Windows Mobile 5.0 Smartphone SDK (ARMV4I)
		{7DBB2DF5-FECA-1BAD-8408-181CA6D55D2F}.Release|Windows Mobile 5.0 Smartphone SDK (ARMV4I).Deploy.0 = Release|Windows Mobile 5.0 Smartphone SDK (ARMV4I)
		{7DBB2DF5-FECA-1BAD-8408-181CA6D55D2F}.Release|Windows Mobile 6 Professional SDK (ARMV4I).ActiveCfg = Release|Windows Mobile 6 Professional SDK (ARMV4I)
		{7DBB2DF5-FECA-1BAD-8408-181CA6D55D2F}.Release|Windows Mobile 6 Professional SDK (ARMV4I).Build.0 = Release|Windows Mobile 6 Professional SDK (ARMV4I)
		{7DBB2DF5-FECA-1BAD-8408-181CA6D55D2F}.Release|Windows Mobile 6 Professional SDK (ARMV4I).Deploy.0 = Release|Windows Mobile 6 Professional SDK (ARMV4I)
		{7DBB2DF5-FECA-1BAD-8408-181CA6D55D2F}.Release|Windows Mobile 6 Standard SDK (ARMV4I).ActiveCfg = Release|Windows Mobile 6 Standard SDK (ARMV4I)
		{7DBB2DF5-FECA-1BAD-8408-181CA6D55D2F}.Release|Windows Mobile 6 Standard SDK (ARMV4I).Build.0 = Release|Windows Mobile 6 Standard SDK (ARMV4I)
		{7DBB2DF5-FECA-1BAD-8408-181CA6D55D2F}.Release|Windows Mobile 6 Standard SDK (ARMV4I).Deploy.0 = Release|Windows Mobile 6 Standard SDK (ARMV4I)
		{7DBB2DF5-FECA-1BAD-8408-181CA6D55D2F}.Release|x64.ActiveCfg = Release|x64
		{7DBB2DF5-FECA-1BAD-8408-181CA6D55D2F}.Release|x64.Build.0 = Release|x64
		{6383D249-FECA-1BAD-8408-181CA6D55D2F}.Debug|Win32.ActiveCfg = Debug|Win32
		{6383D249-FECA-1BAD-8408-181CA6D55D2F}.Debug|Win32.Build.0 = Debug|Win32
		{6383D249-FECA-1BAD-8408-181CA6D55D2F}.Debug|Windows Mobile 5.0 Pocket PC SDK (ARMV4I).ActiveCfg = Debug|Windows Mobile 5.0 Pocket PC SDK (ARMV4I)
		{6383D249-FECA-1BAD-8408-181CA6D55D2F}.Debug|Windows Mobile 5.0 Pocket PC SDK (ARMV4I).Build.0 = Debug|Windows Mobile 5.0 Pocket PC SDK (ARMV4I)
		{6383D249-FECA-1BAD-8408-181CA6D55D2F}.Debug|Windows Mobile 5.0 Pocket PC SDK (ARMV4I).Deploy.0 = Debug|Windows Mobile 5.0 Pocket PC SDK (ARMV4I)
		{6383D249-FECA-1BAD-8408-181CA6D55D2F}.Debug|Windows Mobile 5.0 Smartphone SDK (ARMV4I).ActiveCfg = Debug|Windows Mobile 5.0 Smartphone SDK (ARMV4I)
		{6383D249-FECA-1BAD-8408-181CA6D55D2F}.Debug|Windows Mobile 5.0 Smartphone SDK (ARMV4I).Build.0 = Debug|Windows Mobile 5.0 Smartphone SDK (ARMV4I)
		{6383D249-FECA-1BAD-8408-181CA6D55D2F}.Debug|Windows Mobile 5.0 Smartphone SDK (ARMV4I).Deploy.0 = Debug|Windows Mobile 5.0 Smartphone SDK (ARMV4I)
		{6383D249-FECA-1BAD-8408-181CA6D55D2F}.Debug|Windows Mobile 6 Professional SDK (ARMV4I).ActiveCfg = Debug|Windows Mobile 6 Professional SDK (ARMV4I)
		{6383D249-FECA-1BAD-8408-181CA6D55D2F}.Debug|Windows Mobile 6 Professional SDK (ARMV4I).Build.0 = Debug|Windows Mobile 6 Professional SDK (ARMV4I)
		{6383D249-FECA-1BAD-8408-181CA6D55D2F}.Debug|Windows Mobile 6 Professional SDK (ARMV4I).Deploy.0 = Debug|Windows Mobile 6 Professional SDK (ARMV4I)
		{6383D249-FECA-1BAD-8408-181CA6D55D2F}.Debug|Windows Mobile 6 Standard SDK (ARMV4I).ActiveCfg = Debug|Windows Mobile 6 Standard SDK (ARMV4I)
		{6383D249-FECA-1BAD-8408-181CA6D55D2F}.Debug|Windows Mobile 6 Standard SDK (ARMV4I).Build.0 = Debug|Windows Mobile 6 Standard SDK (ARMV4I)
		{6383D249-FECA-1BAD-8408-181CA6D55D2F}.Debug|Windows Mobile 6 Standard SDK (ARMV4I).Deploy.0 = Debug|Windows Mobile 6 Standard SDK (ARMV4I)
		{6383D249-FECA-1BAD-8408-181CA6D55D2F}.Debug|x64.ActiveCfg = Debug|x64
		{6383D249-FECA-1BAD-8408-181CA6D55D2F}.Debug|x64.Build.0 = Debug|x64
		{6383D249-FECA-1BAD-8408-181CA6D55D2F}.Release|Win32.ActiveCfg = Release|Win32
		{6383D249-FECA-1BAD-8408-181CA6D55D2F}.Release|Win32.Build.0 = Release|Win32
		{6383D249-FECA-1BAD-8408-181CA6D55D2F}.Release|Windows Mobile 5.0 Pocket PC SDK (ARMV4I).ActiveCfg = Release|Windows Mobile 5.0 Pocket PC SDK (ARMV4I)
		{6383D249-FECA-1BAD-8408-181CA6D55D2F}.Release|Windows Mobile 5.0 Pocket PC SDK (ARMV4I).Build.0 = Release|Windows Mobile 5.0 Pocket PC SDK (ARMV4I)
		{6383D249-FECA-1BAD-8408-181CA6D55D2F}.Release|Windows Mobile 5.0 Pocket PC SDK (ARMV4I).Deploy.0 = Release|Windows Mobile 5.0 Pocket PC SDK (ARMV4I)
		{6383D249-FECA-1BAD-8408-181CA6D55D2F}.Release|Windows Mobile 5.0 Smartphone SDK (ARMV4I).ActiveCfg = Release|Windows Mobile 5.0 Smartphone SDK (ARMV4I)
		{6383D249-FECA-1BAD-8408-181CA6D55D2F}.Release|Windows Mobile 5.0 Smartphone SDK (ARMV4I).Build.0 = Release|Windows Mobile 5.0 Smartphone SDK (ARMV4I)
		{6383D249-FECA-1BAD-8408-181CA6D55D2F}.Release|Windows Mobile 5.0 Smartphone SDK (ARMV4I).Deploy.0 = Release|Windows Mobile 5.0 Smartphone SDK (ARMV4I)
		{6383D249-FECA-1BAD-8408-181CA6D55D2F}.Release|Windows Mobile 6 Professional SDK (ARMV4I).ActiveCfg = Release|Windows Mobile 6 Professional SDK (ARMV4I)
		{6383D249-FECA-1BAD-8408-181CA6D55D2F}.Release|Windows Mobile 6 Professional SDK (ARMV4I).Build.0 = Release|Windows Mobile 6 Professional SDK (ARMV4I)
		{6383D249-FECA-1BAD-8408-181CA6D55D2F}.Release|Windows Mobile 6 Professional SDK (ARMV4I).Deploy.0 = Release|Windows Mobile 6 Professional SDK (ARMV4I)
		{6383D249-FECA-1BAD-8408-181CA6D55D2F}.Release|Windows Mobile 6 Standard SDK (ARMV4I).ActiveCfg = Release|Windows Mobile 6 Standard SDK (ARMV4I)
		{6383D249-FECA-1BAD-8408-181CA6D55D2F}.Release|Windows Mobile 6 Standard SDK (ARMV4I).Build.0 = Release|Windows Mobile 6 Standard SDK (ARMV4I)
		{6383D249-FECA-1BAD-8408-181CA6D55D2F}.Release|Windows Mobile 6 Standard SDK (ARMV4I).Deploy.0 = Release|Windows Mobile 6 Standard SDK (ARMV4I)
		{6383D249-FECA-1BAD-8408-181CA6D55D2F}.Release|x64.ActiveCfg = Release|x64
		{6383D249-FECA-1BAD-8408-181CA6D55D2F}.Release|x64.Build.0 = Release|x64
		{AEABE8E6-FECA-1BAD-8408-181CA6D55D2F}.Debug|Win32.ActiveCfg = Debug|Win32
		{AEABE8E6-FECA-1BAD-8408-181CA6D55D2F}.Debug|Win32.Build.0 = Debug|Win32
		{AEABE8E6-FECA-1BAD-8408-181CA6D55D2F}.Debug|Windows Mobile 5.0 Pocket PC SDK (ARMV4I).ActiveCfg = Debug|Windows Mobile 5.0 Pocket PC SDK (ARMV4I)
		{AEABE8E6-FECA-1BAD-8408-181CA6D55D2F}.Debug|Windows Mobile 5.0 Pocket PC SDK (ARMV4I).Build.0 = Debug|Windows Mobile 5.0 Pocket PC SDK (ARMV4I)
		{AEABE8E6-FECA-1BAD-8408-181CA6D55D2F}.Debug|Windows Mobile 5.0 Pocket PC SDK (ARMV4I).Deploy.0 = Debug|Windows Mobile 5.0 Pocket PC SDK (ARMV4I)
		{AEABE8E6-FECA-1BAD-8408-181CA6D55D2F}.Debug|Windows Mobile 5.0 Smartphone SDK (ARMV4I).ActiveCfg = Debug|Windows Mobile 5.0 Smartphone SDK (ARMV4I)
		{AEABE8E6-FECA-1BAD-8408-181CA6D55D2F}.Debug|Windows Mobile 5.0 Smartphone SDK (ARMV4I).Build.0 = Debug|Windows Mobile 5.0 Smartphone SDK (ARMV4I)
		{AEABE8E6-FECA-1BAD-8408-181CA6D55D2F}.Debug|Windows Mobile 5.0 Smartphone SDK (ARMV4I).Deploy.0 = Debug|Windows Mobile 5.0 Smartphone SDK (ARMV4I)
		{AEABE8E6-FECA-1BAD-8408-181CA6D55D2F}.Debug|Windows Mobile 6 Professional SDK (ARMV4I).ActiveCfg = Debug|Windows Mobile 6 Professional SDK (ARMV4I)
		{AEABE8E6-FECA-1BAD-8408-181CA6D55D2F}.Debug|Windows Mobile 6 Professional SDK (ARMV4I).Build.0 = Debug|Windows Mobile 6 Professional SDK (ARMV4I)
		{AEABE8E6-FECA-1BAD-8408-181CA6D55D2F}.Debug|Windows Mobile 6 Professional SDK (ARMV4I).Deploy.0 = Debug|Windows Mobile 6 Professional SDK (ARMV4I)
		{AEABE8E6-FECA-1BAD-8408-181CA6D55D2F}.Debug|Windows Mobile 6 Standard SDK (ARMV4I).ActiveCfg = Debug|Windows Mobile 6 Standard SDK (ARMV4I)
		{AEABE8E6-FECA-1BAD-8408-181CA6D55D2F}.Debug|Windows Mobile 6 Standard SDK (ARMV4I).Build.0 = Debug|Windows Mobile 6 Standard SDK (ARMV4I)
		{AEABE8E6-FECA-1BAD-8408-181CA6D55D2F}.Debug|Windows Mobile 6 Standard SDK (ARMV4I).Deploy.0 = Debug|Windows Mobile 6 Standard SDK (ARMV4I)
		{AEABE8E6-FECA-1BAD-8408-181CA6D55D2F}.Debug|x64.ActiveCfg = Debug|x64
		{AEABE8E6-FECA-1BAD-8408-181CA6D55D2F}.Debug|x64.Build.0 = Debug|x64
		{AEABE8E6-FECA-1BAD-8408-181CA6D55D2F}.Release|Win32.ActiveCfg = Release|Win32
		{AEABE8E6-FECA-1BAD-8408-181CA6D55D2F}.Release|Win32.Build.0 = Release|Win32
		{AEABE8E6-FECA-1BAD-8408-181CA6D55D2F}.Release|Windows Mobile 5.0 Pocket PC SDK (ARMV4I).ActiveCfg = Release|Windows Mobile 5.0 Pocket PC SDK (ARMV4I)
		{AEABE8E6-FECA-1BAD-8408-181CA6D55D2F}.Release|Windows Mobile 5.0 Pocket PC SDK (ARMV4I).Build.0 = Release|Windows Mobile 5.0 Pocket PC SDK (ARMV4I)
		{AEABE8E6-FECA-1BAD-8408-181CA6D55D2F}.Release|Windows Mobile 5.0 Pocket PC SDK (ARMV4I).Deploy.0 = Release|Windows Mobile 5.0 Pocket PC SDK (ARMV4I)
		{AEABE8E6-FECA-1BAD-8408-181CA6D55D2F}.Release|Windows Mobile 5.0 Smartphone SDK (ARMV4I).ActiveCfg = Release|Windows Mobile 5.0 Smartphone SDK (ARMV4I)
		{AEABE8E6-FECA-1BAD-8408-181CA6D55D2F}.Release|Windows Mobile 5.0 Smartphone SDK (ARMV4I).Build.0 = Release|Windows Mobile 5.0 Smartphone SDK (ARMV4I)
		{AEABE8E6-FECA-1BAD-8408-181CA6D55D2F}.Release|Windows Mobile 5.0 Smartphone SDK (ARMV4I).Deploy.0 = Release|Windows Mobile 5.0 Smartphone SDK (ARMV4I)
		{AEABE8E6-FECA-1BAD-8408-181CA6D55D2F}.Release|Windows Mobile 6 Professional SDK (ARMV4I).ActiveCfg = Release|Windows Mobile 6 Professional SDK (ARMV4I)
		{AEABE8E6-FECA-1BAD-8408-181CA6D55D2F}.Release|Windows Mobile 6 Professional SDK (ARMV4I).Build.0 = Release|Windows Mobile 6 Professional SDK (ARMV4I)
		{AEABE8E6-FECA-1BAD-8408-181CA6D55D2F}.Release|Windows Mobile 6 Professional SDK (ARMV4I).Deploy.0 = Release|Windows Mobile 6 Professional SDK (ARMV4I)
		{AEABE8E6-FECA-1BAD-8408-181CA6D55D2F}.Release|Windows Mobile 6 Standard SDK (ARMV4I).ActiveCfg = Release|Windows Mobile 6 Standard SDK (ARMV4I)
		{AEABE8E6-FECA-1BAD-8408-181CA6D55D2F}.Release|Windows Mobile 6 Standard SDK (ARMV4I).Build.0 = Release|Windows Mobile 6 Standard SDK (ARMV4I)
		{AEABE8E6-FECA-1BAD-8408-181CA6D55D2F}.Release|Windows Mobile 6 Standard SDK (ARMV4I).Deploy.0 = Release|Windows Mobile 6 Standard SDK (ARMV4I)
		{AEABE8E6-FECA-1BAD-8408-181CA6D55D2F}.Release|x64.ActiveCfg = Release|x64
		{AEABE8E6-FECA-1BAD-8408-181CA6D55D2F}.Release|x64.Build.0 = Release|x64
		{39548F25-FECA-1BAD-8408-181CA6D55D2F}.Debug|Win32.ActiveCfg = Debug|Win32
		{39548F25-FECA-1BAD-8408-181CA6D55D2F}.Debug|Win32.Build.0 = Debug|Win32
		{39548F25-FECA-1BAD-8408-181CA6D55D2F}.Debug|Windows Mobile 5.0 Pocket PC SDK (ARMV4I).ActiveCfg = Debug|Windows Mobile 5.0 Pocket PC SDK (ARMV4I)
		{39548F25-FECA-1BAD-8408-181CA6D55D2F}.Debug|Windows Mobile 5.0 Pocket PC SDK (ARMV4I).Build.0 = Debug|Windows Mobile 5.0 Pocket PC SDK (ARMV4I)
		{39548F25-FECA-1BAD-8408-181CA6D55D2F}.Debug|Windows Mobile 5.0 Pocket PC SDK (ARMV4I).Deploy.0 = Debug|Windows Mobile 5.0 Pocket PC SDK (ARMV4I)
		{39548F25-FECA-1BAD-8408-181CA6D55D2F}.Debug|Windows Mobile 5.0 Smartphone SDK (ARMV4I).ActiveCfg = Debug|Windows Mobile 5.0 Smartphone SDK (ARMV4I)
		{39548F25-FECA-1BAD-8408-181CA6D55D2F}.Debug|Windows Mobile 5.0 Smartphone SDK (ARMV4I).Build.0 = Debug|Windows Mobile 5.0 Smartphone SDK (ARMV4I)
		{39548F25-FECA-1BAD-8408-181CA6D55D2F}.Debug|Windows Mobile 5.0 Smartphone SDK (ARMV4I).Deploy.0 = Debug|Windows Mobile 5.0 Smartphone SDK (ARMV4I)
		{39548F25-FECA-1BAD-8408-181CA6D55D2F}.Debug|Windows Mobile 6 Professional SDK (ARMV4I).ActiveCfg = Debug|Windows Mobile 6 Professional SDK (ARMV4I)
		{39548F25-FECA-1BAD-8408-181CA6D55D2F}.Debug|Windows Mobile 6 Professional SDK (ARMV4I).Build.0 = Debug|Windows Mobile 6 Professional SDK (ARMV4I)
		{39548F25-FECA-1BAD-8408-181CA6D55D2F}.Debug|Windows Mobile 6 Professional SDK (ARMV4I).Deploy.0 = Debug|Windows Mobile 6 Professional SDK (ARMV4I)
		{39548F25-FECA-1BAD-8408-181CA6D55D2F}.Debug|Windows Mobile 6 Standard SDK (ARMV4I).ActiveCfg = Debug|Windows Mobile 6 Standard SDK (ARMV4I)
		{39548F25-FECA-1BAD-8408-181CA6D55D2F}.Debug|Windows Mobile 6 Standard SDK (ARMV4I).Build.0 = Debug|Windows Mobile 6 Standard SDK (ARMV4I)
		{39548F25-FECA-1BAD-8408-181CA6D55D2F}.Debug|Windows Mobile 6 Standard SDK (ARMV4I).Deploy.0 = Debug|Windows Mobile 6 Standard SDK (ARMV4I)
		{39548F25-FECA-1BAD-8408-181CA6D55D2F}.Debug|x64.ActiveCfg = Debug|x64
		{39548F25-FECA-1BAD-8408-181CA6D55D2F}.Debug|x64.Build.0 = Debug|x64
		{39548F25-FECA-1BAD-8408-181CA6D55D2F}.Release|Win32.ActiveCfg = Release|Win32
		{39548F25-FECA-1BAD-8408-181CA6D55D2F}.Release|Win32.Build.0 = Release|Win32
		{39548F25-FECA-1BAD-8408-181CA6D55D2F}.Release|Windows Mobile 5.0 Pocket PC SDK (ARMV4I).ActiveCfg = Release|Windows Mobile 5.0 Pocket PC SDK (ARMV4I)
		{39548F25-FECA-1BAD-8408-181CA6D55D2F}.Release|Windows Mobile 5.0 Pocket PC SDK (ARMV4I).Build.0 = Release|Windows Mobile 5.0 Pocket PC SDK (ARMV4I)
		{39548F25-FECA-1BAD-8408-181CA6D55D2F}.Release|Windows Mobile 5.0 Pocket PC SDK (ARMV4I).Deploy.0 = Release|Windows Mobile 5.0 Pocket PC SDK (ARMV4I)
		{39548F25-FECA-1BAD-8408-181CA6D55D2F}.Release|Windows Mobile 5.0 Smartphone SDK (ARMV4I).ActiveCfg = Release|Windows Mobile 5.0 Smartphone SDK (ARMV4I)
		{39548F25-FECA-1BAD-8408-181CA6D55D2F}.Release|Windows Mobile 5.0 Smartphone SDK (ARMV4I).Build.0 = Release|Windows Mobile 5.0 Smartphone SDK (ARMV4I)
		{39548F25-FECA-1BAD-8408-181CA6D55D2F}.Release|Windows Mobile 5.0 Smartphone SDK (ARMV4I).Deploy.0 = Release|Windows Mobile 5.0 Smartphone SDK (ARMV4I)
		{39548F25-FECA-1BAD-8408-181CA6D55D2F}.Release|Windows Mobile 6 Professional SDK (ARMV4I).ActiveCfg = Release|Windows Mobile 6 Professional SDK (ARMV4I)
		{39548F25-FECA-1BAD-8408-181CA6D55D2F}.Release|Windows Mobile 6 Professional SDK (ARMV4I).Build.0 = Release|Windows Mobile 6 Professional SDK (ARMV4I)
		{39548F25-FECA-1BAD-8408-181CA6D55D2F}.Release|Windows Mobile 6 Professional SDK (ARMV4I).Deploy.0 = Release|Windows Mobile 6 Professional SDK (ARMV4I)
		{39548F25-FECA-1BAD-8408-181CA6D55D2F}.Release|Windows Mobile 6 Standard SDK (ARMV4I).ActiveCfg = Release|Windows Mobile 6 Standard SDK (ARMV4I)
		{39548F25-FECA-1BAD-8408-181CA6D55D2F}.Release|Windows Mobile 6 Standard SDK (ARMV4I).Build.0 = Release|Windows Mobile 6 Standard SDK (ARMV4I)
		{39548F25-FECA-1BAD-8408-181CA6D55D2F}.Release|Windows Mobile 6 Standard SDK (ARMV4I).Deploy.0 = Release|Windows Mobile 6 Standard SDK (ARMV4I)
		{39548F25-FECA-1BAD-8408-181CA6D55D2F}.Release|x64.ActiveCfg = Release|x64
		{39548F25-FECA-1BAD-8408-181CA6D55D2F}.Release|x64.Build.0 = Release|x64
		{1886535E-FECA-1BAD-8408-181CA6D55D2F}.Debug|Win32.ActiveCfg = Debug|Win32
		{1886535E-FECA-1BAD-8408-181CA6D55D2F}.Debug|Win32.Build.0 = Debug|Win32
		{1886535E-FECA-1BAD-8408-181CA6D55D2F}.Debug|Windows Mobile 5.0 Pocket PC SDK (ARMV4I).ActiveCfg = Debug|Windows Mobile 5.0 Pocket PC SDK (ARMV4I)
		{1886535E-FECA-1BAD-8408-181CA6D55D2F}.Debug|Windows Mobile 5.0 Pocket PC SDK (ARMV4I).Build.0 = Debug|Windows Mobile 5.0 Pocket PC SDK (ARMV4I)
		{1886535E-FECA-1BAD-8408-181CA6D55D2F}.Debug|Windows Mobile 5.0 Pocket PC SDK (ARMV4I).Deploy.0 = Debug|Windows Mobile 5.0 Pocket PC SDK (ARMV4I)
		{1886535E-FECA-1BAD-8408-181CA6D55D2F}.Debug|Windows Mobile 5.0 Smartphone SDK (ARMV4I).ActiveCfg = Debug|Windows Mobile 5.0 Smartphone SDK (ARMV4I)
		{1886535E-FECA-1BAD-8408-181CA6D55D2F}.Debug|Windows Mobile 5.0 Smartphone SDK (ARMV4I).Build.0 = Debug|Windows Mobile 5.0 Smartphone SDK (ARMV4I)
		{1886535E-FECA-1BAD-8408-181CA6D55D2F}.Debug|Windows Mobile 5.0 Smartphone SDK (ARMV4I).Deploy.0 = Debug|Windows Mobile 5.0 Smartphone SDK (ARMV4I)
		{1886535E-FECA-1BAD-8408-181CA6D55D2F}.Debug|Windows Mobile 6 Professional SDK (ARMV4I).ActiveCfg = Debug|Windows Mobile 6 Professional SDK (ARMV4I)
		{1886535E-FECA-1BAD-8408-181CA6D55D2F}.Debug|Windows Mobile 6 Professional SDK (ARMV4I).Build.0 = Debug|Windows Mobile 6 Professional SDK (ARMV4I)
		{1886535E-FECA-1BAD-8408-181CA6D55D2F}.Debug|Windows Mobile 6 Professional SDK (ARMV4I).Deploy.0 = Debug|Windows Mobile 6 Professional SDK (ARMV4I)
		{1886535E-FECA-1BAD-8408-181CA6D55D2F}.Debug|Windows Mobile 6 Standard SDK (ARMV4I).ActiveCfg = Debug|Windows Mobile 6 Standard SDK (ARMV4I)
		{1886535E-FECA-1BAD-8408-181CA6D55D2F}.Debug|Windows Mobile 6 Standard SDK (ARMV4I).Build.0 = Debug|Windows Mobile 6 Standard SDK (ARMV4I)
		{1886535E-FECA-1BAD-8408-181CA6D55D2F}.Debug|Windows Mobile 6 Standard SDK (ARMV4I).Deploy.0 = Debug|Windows Mobile 6 Standard SDK (ARMV4I)
		{1886535E-FECA-1BAD-8408-181CA6D55D2F}.Debug|x64.ActiveCfg = Debug|x64
		{1886535E-FECA-1BAD-8408-181CA6D55D2F}.Debug|x64.Build.0 = Debug|x64
		{1886535E-FECA-1BAD-8408-181CA6D55D2F}.Release|Win32.ActiveCfg = Release|Win32
		{1886535E-FECA-1BAD-8408-181CA6D55D2F}.Release|Win32.Build.0 = Release|Win32
		{1886535E-FECA-1BAD-8408-181CA6D55D2F}.Release|Windows Mobile 5.0 Pocket PC SDK (ARMV4I).ActiveCfg = Release|Windows Mobile 5.0 Pocket PC SDK (ARMV4I)
		{1886535E-FECA-1BAD-8408-181CA6D55D2F}.Release|Windows Mobile 5.0 Pocket PC SDK (ARMV4I).Build.0 = Release|Windows Mobile 5.0 Pocket PC SDK (ARMV4I)
		{1886535E-FECA-1BAD-8408-181CA6D55D2F}.Release|Windows Mobile 5.0 Pocket PC SDK (ARMV4I).Deploy.0 = Release|Windows Mobile 5.0 Pocket PC SDK (ARMV4I)
		{1886535E-FECA-1BAD-8408-181CA6D55D2F}.Release|Windows Mobile 5.0 Smartphone SDK (ARMV4I).ActiveCfg = Release|Windows Mobile 5.0 Smartphone SDK (ARMV4I)
		{1886535E-FECA-1BAD-8408-181CA6D55D2F}.Release|Windows Mobile 5.0 Smartphone SDK (ARMV4I).Build.0 = Release|Windows Mobile 5.0 Smartphone SDK (ARMV4I)
		{1886535E-FECA-1BAD-8408-181CA6D55D2F}.Release|Windows Mobile 5.0 Smartphone SDK (ARMV4I).Deploy.0 = Release|Windows Mobile 5.0 Smartphone SDK (ARMV4I)
		{1886535E-FECA-1BAD-8408-181CA6D55D2F}.Release|Windows Mobile 6 Professional SDK (ARMV4I).ActiveCfg = Release|Windows Mobile 6 Professional SDK (ARMV4I)
		{1886535E-FECA-1BAD-8408-181CA6D55D2F}.Release|Windows Mobile 6 Professional SDK (ARMV4I).Build.0 = Release|Windows Mobile 6 Professional SDK (ARMV4I)
		{1886535E-FECA-1BAD-8408-181CA6D55D2F}.Release|Windows Mobile 6 Professional SDK (ARMV4I).Deploy.0 = Release|Windows Mobile 6 Professional SDK (ARMV4I)
		{1886535E-FECA-1BAD-8408-181CA6D55D2F}.Release|Windows Mobile 6 Standard SDK (ARMV4I).ActiveCfg = Release|Windows Mobile 6 Standard SDK (ARMV4I)
		{1886535E-FECA-1BAD-8408-181CA6D55D2F}.Release|Windows Mobile 6 Standard SDK (ARMV4I).Build.0 = Release|Windows Mobile 6 Standard SDK (ARMV4I)
		{1886535E-FECA-1BAD-8408-181CA6D55D2F}.Release|Windows Mobile 6 Standard SDK (ARMV4I).Deploy.0 = Release|Windows Mobile 6 Standard SDK (ARMV4I)
		{1886535E-FECA-1BAD-8408-181CA6D55D2F}.Release|x64.ActiveCfg = Release|x64
		{1886535E-FECA-1BAD-8408-181CA6D55D2F}.Release|x64.Build.0 = Release|x64
		{8AA7F7BD-FECA-1BAD-8408-181CA6D55D2F}.Debug|Win32.ActiveCfg = Debug|Win32
		{8AA7F7BD-FECA-1BAD-8408-181CA6D55D2F}.Debug|Win32.Build.0 = Debug|Win32
		{8AA7F7BD-FECA-1BAD-8408-181CA6D55D2F}.Debug|Windows Mobile 5.0 Pocket PC SDK (ARMV4I).ActiveCfg = Debug|Windows Mobile 5.0 Pocket PC SDK (ARMV4I)
		{8AA7F7BD-FECA-1BAD-8408-181CA6D55D2F}.Debug|Windows Mobile 5.0 Pocket PC SDK (ARMV4I).Build.0 = Debug|Windows Mobile 5.0 Pocket PC SDK (ARMV4I)
		{8AA7F7BD-FECA-1BAD-8408-181CA6D55D2F}.Debug|Windows Mobile 5.0 Pocket PC SDK (ARMV4I).Deploy.0 = Debug|Windows Mobile 5.0 Pocket PC SDK (ARMV4I)
		{8AA7F7BD-FECA-1BAD-8408-181CA6D55D2F}.Debug|Windows Mobile 5.0 Smartphone SDK (ARMV4I).ActiveCfg = Debug|Windows Mobile 5.0 Smartphone SDK (ARMV4I)
		{8AA7F7BD-FECA-1BAD-8408-181CA6D55D2F}.Debug|Windows Mobile 5.0 Smartphone SDK (ARMV4I).Build.0 = Debug|Windows Mobile 5.0 Smartphone SDK (ARMV4I)
		{8AA7F7BD-FECA-1BAD-8408-181CA6D55D2F}.Debug|Windows Mobile 5.0 Smartphone SDK (ARMV4I).Deploy.0 = Debug|Windows Mobile 5.0 Smartphone SDK (ARMV4I)
		{8AA7F7BD-FECA-1BAD-8408-181CA6D55D2F}.Debug|Windows Mobile 6 Professional SDK (ARMV4I).ActiveCfg = Debug|Windows Mobile 6 Professional SDK (ARMV4I)
		{8AA7F7BD-FECA-1BAD-8408-181CA6D55D2F}.Debug|Windows Mobile 6 Professional SDK (ARMV4I).Build.0 = Debug|Windows Mobile 6 Professional SDK (ARMV4I)
		{8AA7F7BD-FECA-1BAD-8408-181CA6D55D2F}.Debug|Windows Mobile 6 Professional SDK (ARMV4I).Deploy.0 = Debug|Windows Mobile 6 Professional SDK (ARMV4I)
		{8AA7F7BD-FECA-1BAD-8408-181CA6D55D2F}.Debug|Windows Mobile 6 Standard SDK (ARMV4I).ActiveCfg = Debug|Windows Mobile 6 Standard SDK (ARMV4I)
		{8AA7F7BD-FECA-1BAD-8408-181CA6D55D2F}.Debug|Windows Mobile 6 Standard SDK (ARMV4I).Build.0 = Debug|Windows Mobile 6 Standard SDK (ARMV4I)
		{8AA7F7BD-FECA-1BAD-8408-181CA6D55D2F}.Debug|Windows Mobile 6 Standard SDK (ARMV4I).Deploy.0 = Debug|Windows Mobile 6 Standard SDK (ARMV4I)
		{8AA7F7BD-FECA-1BAD-8408-181CA6D55D2F}.Debug|x64.ActiveCfg = Debug|x64
		{8AA7F7BD-FECA-1BAD-8408-181CA6D55D2F}.Debug|x64.Build.0 = Debug|x64
		{8AA7F7BD-FECA-1BAD-8408-181CA6D55D2F}.Release|Win32.ActiveCfg = Release|Win32
		{8AA7F7BD-FECA-1BAD-8408-181CA6D55D2F}.Release|Win32.Build.0 = Release|Win32
		{8AA7F7BD-FECA-1BAD-8408-181CA6D55D2F}.Release|Windows Mobile 5.0 Pocket PC SDK (ARMV4I).ActiveCfg = Release|Windows Mobile 5.0 Pocket PC SDK (ARMV4I)
		{8AA7F7BD-FECA-1BAD-8408-181CA6D55D2F}.Release|Windows Mobile 5.0 Pocket PC SDK (ARMV4I).Build.0 = Release|Windows Mobile 5.0 Pocket PC SDK (ARMV4I)
		{8AA7F7BD-FECA-1BAD-8408-181CA6D55D2F}.Release|Windows Mobile 5.0 Pocket PC SDK (ARMV4I).Deploy.0 = Release|Windows Mobile 5.0 Pocket PC SDK (ARMV4I)
		{8AA7F7BD-FECA-1BAD-8408-181CA6D55D2F}.Release|Windows Mobile 5.0 Smartphone SDK (ARMV4I).ActiveCfg = Release|Windows Mobile 5.0 Smartphone SDK (ARMV4I)
		{8AA7F7BD-FECA-1BAD-8408-181CA6D55D2F}.Release|Windows Mobile 5.0 Smartphone SDK (ARMV4I).Build.0 = Release|Windows Mobile 5.0 Smartphone SDK (ARMV4I)
		{8AA7F7BD-FECA-1BAD-8408-181CA6D55D2F}.Release|Windows Mobile 5.0 Smartphone SDK (ARMV4I).Deploy.0 = Release|Windows Mobile 5.0 Smartphone SDK (ARMV4I)
		{8AA7F7BD-FECA-1BAD-8408-181CA6D55D2F}.Release|Windows Mobile 6 Professional SDK (ARMV4I).ActiveCfg = Release|Windows Mobile 6 Professional SDK (ARMV4I)
		{8AA7F7BD-FECA-1BAD-8408-181CA6D55D2F}.Release|Windows Mobile 6 Professional SDK (ARMV4I).Build.0 = Release|Windows Mobile 6 Professional SDK (ARMV4I)
		{8AA7F7BD-FECA-1BAD-8408-181CA6D55D2F}.Release|Windows Mobile 6 Professional SDK (ARMV4I).Deploy.0 = Release|Windows Mobile 6 Professional SDK (ARMV4I)
		{8AA7F7BD-FECA-1BAD-8408-181CA6D55D2F}.Release|Windows Mobile 6 Standard SDK (ARMV4I).ActiveCfg = Release|Windows Mobile 6 Standard SDK (ARMV4I)
		{8AA7F7BD-FECA-1BAD-8408-181CA6D55D2F}.Release|Windows Mobile 6 Standard SDK (ARMV4I).Build.0 = Release|Windows Mobile 6 Standard SDK (ARMV4I)
		{8AA7F7BD-FECA-1BAD-8408-181CA6D55D2F}.Release|Windows Mobile 6 Standard SDK (ARMV4I).Deploy.0 = Release|Windows Mobile 6 Standard SDK (ARMV4I)
		{8AA7F7BD-FECA-1BAD-8408-181CA6D55D2F}.Release|x64.ActiveCfg = Release|x64
		{8AA7F7BD-FECA-1BAD-8408-181CA6D55D2F}.Release|x64.Build.0 = Release|x64
		{2FEC5955-FECA-1BAD-8408-181CA6D55D2F}.Debug|Win32.ActiveCfg = Debug|Win32
		{2FEC5955-FECA-1BAD-8408-181CA6D55D2F}.Debug|Win32.Build.0 = Debug|Win32
		{2FEC5955-FECA-1BAD-8408-181CA6D55D2F}.Debug|Windows Mobile 5.0 Pocket PC SDK (ARMV4I).ActiveCfg = Debug|Windows Mobile 5.0 Pocket PC SDK (ARMV4I)
		{2FEC5955-FECA-1BAD-8408-181CA6D55D2F}.Debug|Windows Mobile 5.0 Pocket PC SDK (ARMV4I).Build.0 = Debug|Windows Mobile 5.0 Pocket PC SDK (ARMV4I)
		{2FEC5955-FECA-1BAD-8408-181CA6D55D2F}.Debug|Windows Mobile 5.0 Pocket PC SDK (ARMV4I).Deploy.0 = Debug|Windows Mobile 5.0 Pocket PC SDK (ARMV4I)
		{2FEC5955-FECA-1BAD-8408-181CA6D55D2F}.Debug|Windows Mobile 5.0 Smartphone SDK (ARMV4I).ActiveCfg = Debug|Windows Mobile 5.0 Smartphone SDK (ARMV4I)
		{2FEC5955-FECA-1BAD-8408-181CA6D55D2F}.Debug|Windows Mobile 5.0 Smartphone SDK (ARMV4I).Build.0 = Debug|Windows Mobile 5.0 Smartphone SDK (ARMV4I)
		{2FEC5955-FECA-1BAD-8408-181CA6D55D2F}.Debug|Windows Mobile 5.0 Smartphone SDK (ARMV4I).Deploy.0 = Debug|Windows Mobile 5.0 Smartphone SDK (ARMV4I)
		{2FEC5955-FECA-1BAD-8408-181CA6D55D2F}.Debug|Windows Mobile 6 Professional SDK (ARMV4I).ActiveCfg = Debug|Windows Mobile 6 Professional SDK (ARMV4I)
		{2FEC5955-FECA-1BAD-8408-181CA6D55D2F}.Debug|Windows Mobile 6 Professional SDK (ARMV4I).Build.0 = Debug|Windows Mobile 6 Professional SDK (ARMV4I)
		{2FEC5955-FECA-1BAD-8408-181CA6D55D2F}.Debug|Windows Mobile 6 Professional SDK (ARMV4I).Deploy.0 = Debug|Windows Mobile 6 Professional SDK (ARMV4I)
		{2FEC5955-FECA-1BAD-8408-181CA6D55D2F}.Debug|Windows Mobile 6 Standard SDK (ARMV4I).ActiveCfg = Debug|Windows Mobile 6 Standard SDK (ARMV4I)
		{2FEC5955-FECA-1BAD-8408-181CA6D55D2F}.Debug|Windows Mobile 6 Standard SDK (ARMV4I).Build.0 = Debug|Windows Mobile 6 Standard SDK (ARMV4I)
		{2FEC5955-FECA-1BAD-8408-181CA6D55D2F}.Debug|Windows Mobile 6 Standard SDK (ARMV4I).Deploy.0 = Debug|Windows Mobile 6 Standard SDK (ARMV4I)
		{2FEC5955-FECA-1BAD-8408-181CA6D55D2F}.Debug|x64.ActiveCfg = Debug|x64
		{2FEC5955-FECA-1BAD-8408-181CA6D55D2F}.Debug|x64.Build.0 = Debug|x64
		{2FEC5955-FECA-1BAD-8408-181CA6D55D2F}.Release|Win32.ActiveCfg = Release|Win32
		{2FEC5955-FECA-1BAD-8408-181CA6D55D2F}.Release|Win32.Build.0 = Release|Win32
		{2FEC5955-FECA-1BAD-8408-181CA6D55D2F}.Release|Windows Mobile 5.0 Pocket PC SDK (ARMV4I).ActiveCfg = Release|Windows Mobile 5.0 Pocket PC SDK (ARMV4I)
		{2FEC5955-FECA-1BAD-8408-181CA6D55D2F}.Release|Windows Mobile 5.0 Pocket PC SDK (ARMV4I).Build.0 = Release|Windows Mobile 5.0 Pocket PC SDK (ARMV4I)
		{2FEC5955-FECA-1BAD-8408-181CA6D55D2F}.Release|Windows Mobile 5.0 Pocket PC SDK (ARMV4I).Deploy.0 = Release|Windows Mobile 5.0 Pocket PC SDK (ARMV4I)
		{2FEC5955-FECA-1BAD-8408-181CA6D55D2F}.Release|Windows Mobile 5.0 Smartphone SDK (ARMV4I).ActiveCfg = Release|Windows Mobile 5.0 Smartphone SDK (ARMV4I)
		{2FEC5955-FECA-1BAD-8408-181CA6D55D2F}.Release|Windows Mobile 5.0 Smartphone SDK (ARMV4I).Build.0 = Release|Windows Mobile 5.0 Smartphone SDK (ARMV4I)
		{2FEC5955-FECA-1BAD-8408-181CA6D55D2F}.Release|Windows Mobile 5.0 Smartphone SDK (ARMV4I).Deploy.0 = Release|Windows Mobile 5.0 Smartphone SDK (ARMV4I)
		{2FEC5955-FECA-1BAD-8408-181CA6D55D2F}.Release|Windows Mobile 6 Professional SDK (ARMV4I).ActiveCfg = Release|Windows Mobile 6 Professional SDK (ARMV4I)
		{2FEC5955-FECA-1BAD-8408-181CA6D55D2F}.Release|Windows Mobile 6 Professional SDK (ARMV4I).Build.0 = Release|Windows Mobile 6 Professional SDK (ARMV4I)
		{2FEC5955-FECA-1BAD-8408-181CA6D55D2F}.Release|Windows Mobile 6 Professional SDK (ARMV4I).Deploy.0 = Release|Windows Mobile 6 Professional SDK (ARMV4I)
		{2FEC5955-FECA-1BAD-8408-181CA6D55D2F}.Release|Windows Mobile 6 Standard SDK (ARMV4I).ActiveCfg = Release|Windows Mobile 6 Standard SDK (ARMV4I)
		{2FEC5955-FECA-1BAD-8408-181CA6D55D2F}.Release|Windows Mobile 6 Standard SDK (ARMV4I).Build.0 = Release|Windows Mobile 6 Standard SDK (ARMV4I)
		{2FEC5955-FECA-1BAD-8408-181CA6D55D2F}.Release|Windows Mobile 6 Standard SDK (ARMV4I).Deploy.0 = Release|Windows Mobile 6 Standard SDK (ARMV4I)
		{2FEC5955-FECA-1BAD-8408-181CA6D55D2F}.Release|x64.ActiveCfg = Release|x64
		{2FEC5955-FECA-1BAD-8408-181CA6D55D2F}.Release|x64.Build.0 = Release|x64
		{3BA8DEB2-FECA-1BAD-8408-181CA6D55D2F}.Debug|Win32.ActiveCfg = Debug|Win32
		{3BA8DEB2-FECA-1BAD-8408-181CA6D55D2F}.Debug|Win32.Build.0 = Debug|Win32
		{3BA8DEB2-FECA-1BAD-8408-181CA6D55D2F}.Debug|Windows Mobile 5.0 Pocket PC SDK (ARMV4I).ActiveCfg = Debug|Windows Mobile 5.0 Pocket PC SDK (ARMV4I)
		{3BA8DEB2-FECA-1BAD-8408-181CA6D55D2F}.Debug|Windows Mobile 5.0 Pocket PC SDK (ARMV4I).Build.0 = Debug|Windows Mobile 5.0 Pocket PC SDK (ARMV4I)
		{3BA8DEB2-FECA-1BAD-8408-181CA6D55D2F}.Debug|Windows Mobile 5.0 Pocket PC SDK (ARMV4I).Deploy.0 = Debug|Windows Mobile 5.0 Pocket PC SDK (ARMV4I)
		{3BA8DEB2-FECA-1BAD-8408-181CA6D55D2F}.Debug|Windows Mobile 5.0 Smartphone SDK (ARMV4I).ActiveCfg = Debug|Windows Mobile 5.0 Smartphone SDK (ARMV4I)
		{3BA8DEB2-FECA-1BAD-8408-181CA6D55D2F}.Debug|Windows Mobile 5.0 Smartphone SDK (ARMV4I).Build.0 = Debug|Windows Mobile 5.0 Smartphone SDK (ARMV4I)
		{3BA8DEB2-FECA-1BAD-8408-181CA6D55D2F}.Debug|Windows Mobile 5.0 Smartphone SDK (ARMV4I).Deploy.0 = Debug|Windows Mobile 5.0 Smartphone SDK (ARMV4I)
		{3BA8DEB2-FECA-1BAD-8408-181CA6D55D2F}.Debug|Windows Mobile 6 Professional SDK (ARMV4I).ActiveCfg = Debug|Windows Mobile 6 Professional SDK (ARMV4I)
		{3BA8DEB2-FECA-1BAD-8408-181CA6D55D2F}.Debug|Windows Mobile 6 Professional SDK (ARMV4I).Build.0 = Debug|Windows Mobile 6 Professional SDK (ARMV4I)
		{3BA8DEB2-FECA-1BAD-8408-181CA6D55D2F}.Debug|Windows Mobile 6 Professional SDK (ARMV4I).Deploy.0 = Debug|Windows Mobile 6 Professional SDK (ARMV4I)
		{3BA8DEB2-FECA-1BAD-8408-181CA6D55D2F}.Debug|Windows Mobile 6 Standard SDK (ARMV4I).ActiveCfg = Debug|Windows Mobile 6 Standard SDK (ARMV4I)
		{3BA8DEB2-FECA-1BAD-8408-181CA6D55D2F}.Debug|Windows Mobile 6 Standard SDK (ARMV4I).Build.0 = Debug|Windows Mobile 6 Standard SDK (ARMV4I)
		{3BA8DEB2-FECA-1BAD-8408-181CA6D55D2F}.Debug|Windows Mobile 6 Standard SDK (ARMV4I).Deploy.0 = Debug|Windows Mobile 6 Standard SDK (ARMV4I)
		{3BA8DEB2-FECA-1BAD-8408-181CA6D55D2F}.Debug|x64.ActiveCfg = Debug|x64
		{3BA8DEB2-FECA-1BAD-8408-181CA6D55D2F}.Debug|x64.Build.0 = Debug|x64
		{3BA8DEB2-FECA-1BAD-8408-181CA6D55D2F}.Release|Win32.ActiveCfg = Release|Win32
		{3BA8DEB2-FECA-1BAD-8408-181CA6D55D2F}.Release|Win32.Build.0 = Release|Win32
		{3BA8DEB2-FECA-1BAD-8408-181CA6D55D2F}.Release|Windows Mobile 5.0 Pocket PC SDK (ARMV4I).ActiveCfg = Release|Windows Mobile 5.0 Pocket PC SDK (ARMV4I)
		{3BA8DEB2-FECA-1BAD-8408-181CA6D55D2F}.Release|Windows Mobile 5.0 Pocket PC SDK (ARMV4I).Build.0 = Release|Windows Mobile 5.0 Pocket PC SDK (ARMV4I)
		{3BA8DEB2-FECA-1BAD-8408-181CA6D55D2F}.Release|Windows Mobile 5.0 Pocket PC SDK (ARMV4I).Deploy.0 = Release|Windows Mobile 5.0 Pocket PC SDK (ARMV4I)
		{3BA8DEB2-FECA-1BAD-8408-181CA6D55D2F}.Release|Windows Mobile 5.0 Smartphone SDK (ARMV4I).ActiveCfg = Release|Windows Mobile 5.0 Smartphone SDK (ARMV4I)
		{3BA8DEB2-FECA-1BAD-8408-181CA6D55D2F}.Release|Windows Mobile 5.0 Smartphone SDK (ARMV4I).Build.0 = Release|Windows Mobile 5.0 Smartphone SDK (ARMV4I)
		{3BA8DEB2-FECA-1BAD-8408-181CA6D55D2F}.Release|Windows Mobile 5.0 Smartphone SDK (ARMV4I).Deploy.0 = Release|Windows Mobile 5.0 Smartphone SDK (ARMV4I)
		{3BA8DEB2-FECA-1BAD-8408-181CA6D55D2F}.Release|Windows Mobile 6 Professional SDK (ARMV4I).ActiveCfg = Release|Windows Mobile 6 Professional SDK (ARMV4I)
		{3BA8DEB2-FECA-1BAD-8408-181CA6D55D2F}.Release|Windows Mobile 6 Professional SDK (ARMV4I).Build.0 = Release|Windows Mobile 6 Professional SDK (ARMV4I)
		{3BA8DEB2-FECA-1BAD-8408-181CA6D55D2F}.Release|Windows Mobile 6 Professional SDK (ARMV4I).Deploy.0 = Release|Windows Mobile 6 Professional SDK (ARMV4I)
		{3BA8DEB2-FECA-1BAD-8408-181CA6D55D2F}.Release|Windows Mobile 6 Standard SDK (ARMV4I).ActiveCfg = Release|Windows Mobile 6 Standard SDK (ARMV4I)
		{3BA8DEB2-FECA-1BAD-8408-181CA6D55D2F}.Release|Windows Mobile 6 Standard SDK (ARMV4I).Build.0 = Release|Windows Mobile 6 Standard SDK (ARMV4I)
		{3BA8DEB2-FECA-1BAD-8408-181CA6D55D2F}.Release|Windows Mobile 6 Standard SDK (ARMV4I).Deploy.0 = Release|Windows Mobile 6 Standard SDK (ARMV4I)
		{3BA8DEB2-FECA-1BAD-8408-181CA6D55D2F}.Release|x64.ActiveCfg = Release|x64
		{3BA8DEB2-FECA-1BAD-8408-181CA6D55D2F}.Release|x64.Build.0 = Release|x64
		{1E7D2830-FECA-1BAD-8408-181CA6D55D2F}.Debug|Win32.ActiveCfg = Debug|Win32
		{1E7D2830-FECA-1BAD-8408-181CA6D55D2F}.Debug|Win32.Build.0 = Debug|Win32
		{1E7D2830-FECA-1BAD-8408-181CA6D55D2F}.Debug|Windows Mobile 5.0 Pocket PC SDK (ARMV4I).ActiveCfg = Debug|Windows Mobile 5.0 Pocket PC SDK (ARMV4I)
		{1E7D2830-FECA-1BAD-8408-181CA6D55D2F}.Debug|Windows Mobile 5.0 Pocket PC SDK (ARMV4I).Build.0 = Debug|Windows Mobile 5.0 Pocket PC SDK (ARMV4I)
		{1E7D2830-FECA-1BAD-8408-181CA6D55D2F}.Debug|Windows Mobile 5.0 Pocket PC SDK (ARMV4I).Deploy.0 = Debug|Windows Mobile 5.0 Pocket PC SDK (ARMV4I)
		{1E7D2830-FECA-1BAD-8408-181CA6D55D2F}.Debug|Windows Mobile 5.0 Smartphone SDK (ARMV4I).ActiveCfg = Debug|Windows Mobile 5.0 Smartphone SDK (ARMV4I)
		{1E7D2830-FECA-1BAD-8408-181CA6D55D2F}.Debug|Windows Mobile 5.0 Smartphone SDK (ARMV4I).Build.0 = Debug|Windows Mobile 5.0 Smartphone SDK (ARMV4I)
		{1E7D2830-FECA-1BAD-8408-181CA6D55D2F}.Debug|Windows Mobile 5.0 Smartphone SDK (ARMV4I).Deploy.0 = Debug|Windows Mobile 5.0 Smartphone SDK (ARMV4I)
		{1E7D2830-FECA-1BAD-8408-181CA6D55D2F}.Debug|Windows Mobile 6 Professional SDK (ARMV4I).ActiveCfg = Debug|Windows Mobile 6 Professional SDK (ARMV4I)
		{1E7D2830-FECA-1BAD-8408-181CA6D55D2F}.Debug|Windows Mobile 6 Professional SDK (ARMV4I).Build.0 = Debug|Windows Mobile 6 Professional SDK (ARMV4I)
		{1E7D2830-FECA-1BAD-8408-181CA6D55D2F}.Debug|Windows Mobile 6 Professional SDK (ARMV4I).Deploy.0 = Debug|Windows Mobile 6 Professional SDK (ARMV4I)
		{1E7D2830-FECA-1BAD-8408-181CA6D55D2F}.Debug|Windows Mobile 6 Standard SDK (ARMV4I).ActiveCfg = Debug|Windows Mobile 6 Standard SDK (ARMV4I)
		{1E7D2830-FECA-1BAD-8408-181CA6D55D2F}.Debug|Windows Mobile 6 Standard SDK (ARMV4I).Build.0 = Debug|Windows Mobile 6 Standard SDK (ARMV4I)
		{1E7D2830-FECA-1BAD-8408-181CA6D55D2F}.Debug|Windows Mobile 6 Standard SDK (ARMV4I).Deploy.0 = Debug|Windows Mobile 6 Standard SDK (ARMV4I)
		{1E7D2830-FECA-1BAD-8408-181CA6D55D2F}.Debug|x64.ActiveCfg = Debug|x64
		{1E7D2830-FECA-1BAD-8408-181CA6D55D2F}.Debug|x64.Build.0 = Debug|x64
		{1E7D2830-FECA-1BAD-8408-181CA6D55D2F}.Release|Win32.ActiveCfg = Release|Win32
		{1E7D2830-FECA-1BAD-8408-181CA6D55D2F}.Release|Win32.Build.0 = Release|Win32
		{1E7D2830-FECA-1BAD-8408-181CA6D55D2F}.Release|Windows Mobile 5.0 Pocket PC SDK (ARMV4I).ActiveCfg = Release|Windows Mobile 5.0 Pocket PC SDK (ARMV4I)
		{1E7D2830-FECA-1BAD-8408-181CA6D55D2F}.Release|Windows Mobile 5.0 Pocket PC SDK (ARMV4I).Build.0 = Release|Windows Mobile 5.0 Pocket PC SDK (ARMV4I)
		{1E7D2830-FECA-1BAD-8408-181CA6D55D2F}.Release|Windows Mobile 5.0 Pocket PC SDK (ARMV4I).Deploy.0 = Release|Windows Mobile 5.0 Pocket PC SDK (ARMV4I)
		{1E7D2830-FECA-1BAD-8408-181CA6D55D2F}.Release|Windows Mobile 5.0 Smartphone SDK (ARMV4I).ActiveCfg = Release|Windows Mobile 5.0 Smartphone SDK (ARMV4I)
		{1E7D2830-FECA-1BAD-8408-181CA6D55D2F}.Release|Windows Mobile 5.0 Smartphone SDK (ARMV4I).Build.0 = Release|Windows Mobile 5.0 Smartphone SDK (ARMV4I)
		{1E7D2830-FECA-1BAD-8408-181CA6D55D2F}.Release|Windows Mobile 5.0 Smartphone SDK (ARMV4I).Deploy.0 = Release|Windows Mobile 5.0 Smartphone SDK (ARMV4I)
		{1E7D2830-FECA-1BAD-8408-181CA6D55D2F}.Release|Windows Mobile 6 Professional SDK (ARMV4I).ActiveCfg = Release|Windows Mobile 6 Professional SDK (ARMV4I)
		{1E7D2830-FECA-1BAD-8408-181CA6D55D2F}.Release|Windows Mobile 6 Professional SDK (ARMV4I).Build.0 = Release|Windows Mobile 6 Professional SDK (ARMV4I)
		{1E7D2830-FECA-1BAD-8408-181CA6D55D2F}.Release|Windows Mobile 6 Professional SDK (ARMV4I).Deploy.0 = Release|Windows Mobile 6 Professional SDK (ARMV4I)
		{1E7D2830-FECA-1BAD-8408-181CA6D55D2F}.Release|Windows Mobile 6 Standard SDK (ARMV4I).ActiveCfg = Release|Windows Mobile 6 Standard SDK (ARMV4I)
		{1E7D2830-FECA-1BAD-8408-181CA6D55D2F}.Release|Windows Mobile 6 Standard SDK (ARMV4I).Build.0 = Release|Windows Mobile 6 Standard SDK (ARMV4I)
		{1E7D2830-FECA-1BAD-8408-181CA6D55D2F}.Release|Windows Mobile 6 Standard SDK (ARMV4I).Deploy.0 = Release|Windows Mobile 6 Standard SDK (ARMV4I)
		{1E7D2830-FECA-1BAD-8408-181CA6D55D2F}.Release|x64.ActiveCfg = Release|x64
		{1E7D2830-FECA-1BAD-8408-181CA6D55D2F}.Release|x64.Build.0 = Release|x64
		{798B4855-FECA-1BAD-8408-181CA6D55D2F}.Debug|Win32.ActiveCfg = Debug|Win32
		{798B4855-FECA-1BAD-8408-181CA6D55D2F}.Debug|Win32.Build.0 = Debug|Win32
		{798B4855-FECA-1BAD-8408-181CA6D55D2F}.Debug|Windows Mobile 5.0 Pocket PC SDK (ARMV4I).ActiveCfg = Debug|Windows Mobile 5.0 Pocket PC SDK (ARMV4I)
		{798B4855-FECA-1BAD-8408-181CA6D55D2F}.Debug|Windows Mobile 5.0 Pocket PC SDK (ARMV4I).Build.0 = Debug|Windows Mobile 5.0 Pocket PC SDK (ARMV4I)
		{798B4855-FECA-1BAD-8408-181CA6D55D2F}.Debug|Windows Mobile 5.0 Pocket PC SDK (ARMV4I).Deploy.0 = Debug|Windows Mobile 5.0 Pocket PC SDK (ARMV4I)
		{798B4855-FECA-1BAD-8408-181CA6D55D2F}.Debug|Windows Mobile 5.0 Smartphone SDK (ARMV4I).ActiveCfg = Debug|Windows Mobile 5.0 Smartphone SDK (ARMV4I)
		{798B4855-FECA-1BAD-8408-181CA6D55D2F}.Debug|Windows Mobile 5.0 Smartphone SDK (ARMV4I).Build.0 = Debug|Windows Mobile 5.0 Smartphone SDK (ARMV4I)
		{798B4855-FECA-1BAD-8408-181CA6D55D2F}.Debug|Windows Mobile 5.0 Smartphone SDK (ARMV4I).Deploy.0 = Debug|Windows Mobile 5.0 Smartphone SDK (ARMV4I)
		{798B4855-FECA-1BAD-8408-181CA6D55D2F}.Debug|Windows Mobile 6 Professional SDK (ARMV4I).ActiveCfg = Debug|Windows Mobile 6 Professional SDK (ARMV4I)
		{798B4855-FECA-1BAD-8408-181CA6D55D2F}.Debug|Windows Mobile 6 Professional SDK (ARMV4I).Build.0 = Debug|Windows Mobile 6 Professional SDK (ARMV4I)
		{798B4855-FECA-1BAD-8408-181CA6D55D2F}.Debug|Windows Mobile 6 Professional SDK (ARMV4I).Deploy.0 = Debug|Windows Mobile 6 Professional SDK (ARMV4I)
		{798B4855-FECA-1BAD-8408-181CA6D55D2F}.Debug|Windows Mobile 6 Standard SDK (ARMV4I).ActiveCfg = Debug|Windows Mobile 6 Standard SDK (ARMV4I)
		{798B4855-FECA-1BAD-8408-181CA6D55D2F}.Debug|Windows Mobile 6 Standard SDK (ARMV4I).Build.0 = Debug|Windows Mobile 6 Standard SDK (ARMV4I)
		{798B4855-FECA-1BAD-8408-181CA6D55D2F}.Debug|Windows Mobile 6 Standard SDK (ARMV4I).Deploy.0 = Debug|Windows Mobile 6 Standard SDK (ARMV4I)
		{798B4855-FECA-1BAD-8408-181CA6D55D2F}.Debug|x64.ActiveCfg = Debug|x64
		{798B4855-FECA-1BAD-8408-181CA6D55D2F}.Debug|x64.Build.0 = Debug|x64
		{798B4855-FECA-1BAD-8408-181CA6D55D2F}.Release|Win32.ActiveCfg = Release|Win32
		{798B4855-FECA-1BAD-8408-181CA6D55D2F}.Release|Win32.Build.0 = Release|Win32
		{798B4855-FECA-1BAD-8408-181CA6D55D2F}.Release|Windows Mobile 5.0 Pocket PC SDK (ARMV4I).ActiveCfg = Release|Windows Mobile 5.0 Pocket PC SDK (ARMV4I)
		{798B4855-FECA-1BAD-8408-181CA6D55D2F}.Release|Windows Mobile 5.0 Pocket PC SDK (ARMV4I).Build.0 = Release|Windows Mobile 5.0 Pocket PC SDK (ARMV4I)
		{798B4855-FECA-1BAD-8408-181CA6D55D2F}.Release|Windows Mobile 5.0 Pocket PC SDK (ARMV4I).Deploy.0 = Release|Windows Mobile 5.0 Pocket PC SDK (ARMV4I)
		{798B4855-FECA-1BAD-8408-181CA6D55D2F}.Release|Windows Mobile 5.0 Smartphone SDK (ARMV4I).ActiveCfg = Release|Windows Mobile 5.0 Smartphone SDK (ARMV4I)
		{798B4855-FECA-1BAD-8408-181CA6D55D2F}.Release|Windows Mobile 5.0 Smartphone SDK (ARMV4I).Build.0 = Release|Windows Mobile 5.0 Smartphone SDK (ARMV4I)
		{798B4855-FECA-1BAD-8408-181CA6D55D2F}.Release|Windows Mobile 5.0 Smartphone SDK (ARMV4I).Deploy.0 = Release|Windows Mobile 5.0 Smartphone SDK (ARMV4I)
		{798B4855-FECA-1BAD-8408-181CA6D55D2F}.Release|Windows Mobile 6 Professional SDK (ARMV4I).ActiveCfg = Release|Windows Mobile 6 Professional SDK (ARMV4I)
		{798B4855-FECA-1BAD-8408-181CA6D55D2F}.Release|Windows Mobile 6 Professional SDK (ARMV4I).Build.0 = Release|Windows Mobile 6 Professional SDK (ARMV4I)
		{798B4855-FECA-1BAD-8408-181CA6D55D2F}.Release|Windows Mobile 6 Professional SDK (ARMV4I).Deploy.0 = Release|Windows Mobile 6 Professional SDK (ARMV4I)
		{798B4855-FECA-1BAD-8408-181CA6D55D2F}.Release|Windows Mobile 6 Standard SDK (ARMV4I).ActiveCfg = Release|Windows Mobile 6 Standard SDK (ARMV4I)
		{798B4855-FECA-1BAD-8408-181CA6D55D2F}.Release|Windows Mobile 6 Standard SDK (ARMV4I).Build.0 = Release|Windows Mobile 6 Standard SDK (ARMV4I)
		{798B4855-FECA-1BAD-8408-181CA6D55D2F}.Release|Windows Mobile 6 Standard SDK (ARMV4I).Deploy.0 = Release|Windows Mobile 6 Standard SDK (ARMV4I)
		{798B4855-FECA-1BAD-8408-181CA6D55D2F}.Release|x64.ActiveCfg = Release|x64
		{798B4855-FECA-1BAD-8408-181CA6D55D2F}.Release|x64.Build.0 = Release|x64
		{2DF93755-FECA-1BAD-8408-181CA6D55D2F}.Debug|Win32.ActiveCfg = Debug|Win32
		{2DF93755-FECA-1BAD-8408-181CA6D55D2F}.Debug|Win32.Build.0 = Debug|Win32
		{2DF93755-FECA-1BAD-8408-181CA6D55D2F}.Debug|Windows Mobile 5.0 Pocket PC SDK (ARMV4I).ActiveCfg = Debug|Windows Mobile 5.0 Pocket PC SDK (ARMV4I)
		{2DF93755-FECA-1BAD-8408-181CA6D55D2F}.Debug|Windows Mobile 5.0 Pocket PC SDK (ARMV4I).Build.0 = Debug|Windows Mobile 5.0 Pocket PC SDK (ARMV4I)
		{2DF93755-FECA-1BAD-8408-181CA6D55D2F}.Debug|Windows Mobile 5.0 Pocket PC SDK (ARMV4I).Deploy.0 = Debug|Windows Mobile 5.0 Pocket PC SDK (ARMV4I)
		{2DF93755-FECA-1BAD-8408-181CA6D55D2F}.Debug|Windows Mobile 5.0 Smartphone SDK (ARMV4I).ActiveCfg = Debug|Windows Mobile 5.0 Smartphone SDK (ARMV4I)
		{2DF93755-FECA-1BAD-8408-181CA6D55D2F}.Debug|Windows Mobile 5.0 Smartphone SDK (ARMV4I).Build.0 = Debug|Windows Mobile 5.0 Smartphone SDK (ARMV4I)
		{2DF93755-FECA-1BAD-8408-181CA6D55D2F}.Debug|Windows Mobile 5.0 Smartphone SDK (ARMV4I).Deploy.0 = Debug|Windows Mobile 5.0 Smartphone SDK (ARMV4I)
		{2DF93755-FECA-1BAD-8408-181CA6D55D2F}.Debug|Windows Mobile 6 Professional SDK (ARMV4I).ActiveCfg = Debug|Windows Mobile 6 Professional SDK (ARMV4I)
		{2DF93755-FECA-1BAD-8408-181CA6D55D2F}.Debug|Windows Mobile 6 Professional SDK (ARMV4I).Build.0 = Debug|Windows Mobile 6 Professional SDK (ARMV4I)
		{2DF93755-FECA-1BAD-8408-181CA6D55D2F}.Debug|Windows Mobile 6 Professional SDK (ARMV4I).Deploy.0 = Debug|Windows Mobile 6 Professional SDK (ARMV4I)
		{2DF93755-FECA-1BAD-8408-181CA6D55D2F}.Debug|Windows Mobile 6 Standard SDK (ARMV4I).ActiveCfg = Debug|Windows Mobile 6 Standard SDK (ARMV4I)
		{2DF93755-FECA-1BAD-8408-181CA6D55D2F}.Debug|Windows Mobile 6 Standard SDK (ARMV4I).Build.0 = Debug|Windows Mobile 6 Standard SDK (ARMV4I)
		{2DF93755-FECA-1BAD-8408-181CA6D55D2F}.Debug|Windows Mobile 6 Standard SDK (ARMV4I).Deploy.0 = Debug|Windows Mobile 6 Standard SDK (ARMV4I)
		{2DF93755-FECA-1BAD-8408-181CA6D55D2F}.Debug|x64.ActiveCfg = Debug|x64
		{2DF93755-FECA-1BAD-8408-181CA6D55D2F}.Debug|x64.Build.0 = Debug|x64
		{2DF93755-FECA-1BAD-8408-181CA6D55D2F}.Release|Win32.ActiveCfg = Release|Win32
		{2DF93755-FECA-1BAD-8408-181CA6D55D2F}.Release|Win32.Build.0 = Release|Win32
		{2DF93755-FECA-1BAD-8408-181CA6D55D2F}.Release|Windows Mobile 5.0 Pocket PC SDK (ARMV4I).ActiveCfg = Release|Windows Mobile 5.0 Pocket PC SDK (ARMV4I)
		{2DF93755-FECA-1BAD-8408-181CA6D55D2F}.Release|Windows Mobile 5.0 Pocket PC SDK (ARMV4I).Build.0 = Release|Windows Mobile 5.0 Pocket PC SDK (ARMV4I)
		{2DF93755-FECA-1BAD-8408-181CA6D55D2F}.Release|Windows Mobile 5.0 Pocket PC SDK (ARMV4I).Deploy.0 = Release|Windows Mobile 5.0 Pocket PC SDK (ARMV4I)
		{2DF93755-FECA-1BAD-8408-181CA6D55D2F}.Release|Windows Mobile 5.0 Smartphone SDK (ARMV4I).ActiveCfg = Release|Windows Mobile 5.0 Smartphone SDK (ARMV4I)
		{2DF93755-FECA-1BAD-8408-181CA6D55D2F}.Release|Windows Mobile 5.0 Smartphone SDK (ARMV4I).Build.0 = Release|Windows Mobile 5.0 Smartphone SDK (ARMV4I)
		{2DF93755-FECA-1BAD-8408-181CA6D55D2F}.Release|Windows Mobile 5.0 Smartphone SDK (ARMV4I).Deploy.0 = Release|Windows Mobile 5.0 Smartphone SDK (ARMV4I)
		{2DF93755-FECA-1BAD-8408-181CA6D55D2F}.Release|Windows Mobile 6 Professional SDK (ARMV4I).ActiveCfg = Release|Windows Mobile 6 Professional SDK (ARMV4I)
		{2DF93755-FECA-1BAD-8408-181CA6D55D2F}.Release|Windows Mobile 6 Professional SDK (ARMV4I).Build.0 = Release|Windows Mobile 6 Professional SDK (ARMV4I)
		{2DF93755-FECA-1BAD-8408-181CA6D55D2F}.Release|Windows Mobile 6 Professional SDK (ARMV4I).Deploy.0 = Release|Windows Mobile 6 Professional SDK (ARMV4I)
		{2DF93755-FECA-1BAD-8408-181CA6D55D2F}.Release|Windows Mobile 6 Standard SDK (ARMV4I).ActiveCfg = Release|Windows Mobile 6 Standard SDK (ARMV4I)
		{2DF93755-FECA-1BAD-8408-181CA6D55D2F}.Release|Windows Mobile 6 Standard SDK (ARMV4I).Build.0 = Release|Windows Mobile 6 Standard SDK (ARMV4I)
		{2DF93755-FECA-1BAD-8408-181CA6D55D2F}.Release|Windows Mobile 6 Standard SDK (ARMV4I).Deploy.0 = Release|Windows Mobile 6 Standard SDK (ARMV4I)
		{2DF93755-FECA-1BAD-8408-181CA6D55D2F}.Release|x64.ActiveCfg = Release|x64
		{2DF93755-FECA-1BAD-8408-181CA6D55D2F}.Release|x64.Build.0 = Release|x64
	EndGlobalSection
	GlobalSection(SolutionProperties) = preSolution
		HideSolutionNode = FALSE
	EndGlobalSection
EndGlobal
