
Microsoft Visual Studio Solution File, Format Version 9.00
# Visual Studio 2005
# $Id: VC8WorkspaceCreator.pm 1456 2008-07-18 16:05:54Z elliott_c $
#
# This file was generated by MPC.  Any changes made directly to
# this file will be lost the next time it is generated.
#
# MPC Command:
# /export/anduriltmp/bczar/DOC_ROOT/stage-4800/ACE_wrappers/bin/mwc.pl -type vc8 -static -name_modifier "*_vc8_Static" -apply_project -exclude TAO/CIAO -recurse -hierarchy -relative ACE_ROOT=/export/anduriltmp/bczar/DOC_ROOT/stage-4800/ACE_wrappers -relative TAO_ROOT=/export/anduriltmp/bczar/DOC_ROOT/stage-4800/ACE_wrappers/TAO -relative CIAO_ROOT=/export/anduriltmp/bczar/DOC_ROOT/stage-4800/ACE_wrappers/TAO/CIAO
Project("{8BC9CEB8-8B4A-11D0-8D11-00A0C91BC942}") = "Allocator_vc8_Static", "Allocator_vc8_Static.vcproj", "{81C2929F-FECA-1BAD-8408-181CA6D55D2F}"
EndProject
Project("{8BC9CEB8-8B4A-11D0-8D11-00A0C91BC942}") = "Array_vc8_Static", "Array_vc8_Static.vcproj", "{52F43E35-FECA-1BAD-8408-181CA6D55D2F}"
EndProject
Project("{8BC9CEB8-8B4A-11D0-8D11-00A0C91BC942}") = "Containers_Hash_Map_vc8_Static", "Containers_Hash_Map_vc8_Static.vcproj", "{B17BC5F4-FECA-1BAD-8408-181CA6D55D2F}"
EndProject
Project("{8BC9CEB8-8B4A-11D0-8D11-00A0C91BC942}") = "Containers_Map_Manager_vc8_Static", "Containers_Map_Manager_vc8_Static.vcproj", "{63F86F08-FECA-1BAD-8408-181CA6D55D2F}"
EndProject
Project("{8BC9CEB8-8B4A-11D0-8D11-00A0C91BC942}") = "DLList_vc8_Static", "DLList_vc8_Static.vcproj", "{1C0E1331-FECA-1BAD-8408-181CA6D55D2F}"
EndProject
Project("{8BC9CEB8-8B4A-11D0-8D11-00A0C91BC942}") = "Hash_Map_Hash_vc8_Static", "Hash_Map_Hash_vc8_Static.vcproj", "{0123D483-FECA-1BAD-8408-181CA6D55D2F}"
EndProject
Project("{8BC9CEB8-8B4A-11D0-8D11-00A0C91BC942}") = "Map_Manager_Specialization_vc8_Static", "Map_Manager_Specialization_vc8_Static.vcproj", "{23399ABA-FECA-1BAD-8408-181CA6D55D2F}"
EndProject
Project("{8BC9CEB8-8B4A-11D0-8D11-00A0C91BC942}") = "Queues_vc8_Static", "Queues_vc8_Static.vcproj", "{77837430-FECA-1BAD-8408-181CA6D55D2F}"
EndProject
Project("{8BC9CEB8-8B4A-11D0-8D11-00A0C91BC942}") = "RB_Tree_Functors_vc8_Static", "RB_Tree_Functors_vc8_Static.vcproj", "{33CB0A41-FECA-1BAD-8408-181CA6D55D2F}"
EndProject
Project("{8BC9CEB8-8B4A-11D0-8D11-00A0C91BC942}") = "RB_Tree_vc8_Static", "RB_Tree_vc8_Static.vcproj", "{6E946263-FECA-1BAD-8408-181CA6D55D2F}"
EndProject
Project("{8BC9CEB8-8B4A-11D0-8D11-00A0C91BC942}") = "Sets_vc8_Static", "Sets_vc8_Static.vcproj", "{11F26435-FECA-1BAD-8408-181CA6D55D2F}"
EndProject
Project("{8BC9CEB8-8B4A-11D0-8D11-00A0C91BC942}") = "Stacks_vc8_Static", "Stacks_vc8_Static.vcproj", "{56D59430-FECA-1BAD-8408-181CA6D55D2F}"
EndProject
Global
	GlobalSection(SolutionConfigurationPlatforms) = preSolution
		Debug|Win32 = Debug|Win32
		Debug|x64 = Debug|x64
		Release|Win32 = Release|Win32
		Release|x64 = Release|x64
	EndGlobalSection
	GlobalSection(ProjectConfigurationPlatforms) = postSolution
		{81C2929F-FECA-1BAD-8408-181CA6D55D2F}.Debug|Win32.ActiveCfg = Debug|Win32
		{81C2929F-FECA-1BAD-8408-181CA6D55D2F}.Debug|Win32.Build.0 = Debug|Win32
		{81C2929F-FECA-1BAD-8408-181CA6D55D2F}.Debug|x64.ActiveCfg = Debug|x64
		{81C2929F-FECA-1BAD-8408-181CA6D55D2F}.Debug|x64.Build.0 = Debug|x64
		{81C2929F-FECA-1BAD-8408-181CA6D55D2F}.Release|Win32.ActiveCfg = Release|Win32
		{81C2929F-FECA-1BAD-8408-181CA6D55D2F}.Release|Win32.Build.0 = Release|Win32
		{81C2929F-FECA-1BAD-8408-181CA6D55D2F}.Release|x64.ActiveCfg = Release|x64
		{81C2929F-FECA-1BAD-8408-181CA6D55D2F}.Release|x64.Build.0 = Release|x64
		{52F43E35-FECA-1BAD-8408-181CA6D55D2F}.Debug|Win32.ActiveCfg = Debug|Win32
		{52F43E35-FECA-1BAD-8408-181CA6D55D2F}.Debug|Win32.Build.0 = Debug|Win32
		{52F43E35-FECA-1BAD-8408-181CA6D55D2F}.Debug|x64.ActiveCfg = Debug|x64
		{52F43E35-FECA-1BAD-8408-181CA6D55D2F}.Debug|x64.Build.0 = Debug|x64
		{52F43E35-FECA-1BAD-8408-181CA6D55D2F}.Release|Win32.ActiveCfg = Release|Win32
		{52F43E35-FECA-1BAD-8408-181CA6D55D2F}.Release|Win32.Build.0 = Release|Win32
		{52F43E35-FECA-1BAD-8408-181CA6D55D2F}.Release|x64.ActiveCfg = Release|x64
		{52F43E35-FECA-1BAD-8408-181CA6D55D2F}.Release|x64.Build.0 = Release|x64
		{B17BC5F4-FECA-1BAD-8408-181CA6D55D2F}.Debug|Win32.ActiveCfg = Debug|Win32
		{B17BC5F4-FECA-1BAD-8408-181CA6D55D2F}.Debug|Win32.Build.0 = Debug|Win32
		{B17BC5F4-FECA-1BAD-8408-181CA6D55D2F}.Debug|x64.ActiveCfg = Debug|x64
		{B17BC5F4-FECA-1BAD-8408-181CA6D55D2F}.Debug|x64.Build.0 = Debug|x64
		{B17BC5F4-FECA-1BAD-8408-181CA6D55D2F}.Release|Win32.ActiveCfg = Release|Win32
		{B17BC5F4-FECA-1BAD-8408-181CA6D55D2F}.Release|Win32.Build.0 = Release|Win32
		{B17BC5F4-FECA-1BAD-8408-181CA6D55D2F}.Release|x64.ActiveCfg = Release|x64
		{B17BC5F4-FECA-1BAD-8408-181CA6D55D2F}.Release|x64.Build.0 = Release|x64
		{63F86F08-FECA-1BAD-8408-181CA6D55D2F}.Debug|Win32.ActiveCfg = Debug|Win32
		{63F86F08-FECA-1BAD-8408-181CA6D55D2F}.Debug|Win32.Build.0 = Debug|Win32
		{63F86F08-FECA-1BAD-8408-181CA6D55D2F}.Debug|x64.ActiveCfg = Debug|x64
		{63F86F08-FECA-1BAD-8408-181CA6D55D2F}.Debug|x64.Build.0 = Debug|x64
		{63F86F08-FECA-1BAD-8408-181CA6D55D2F}.Release|Win32.ActiveCfg = Release|Win32
		{63F86F08-FECA-1BAD-8408-181CA6D55D2F}.Release|Win32.Build.0 = Release|Win32
		{63F86F08-FECA-1BAD-8408-181CA6D55D2F}.Release|x64.ActiveCfg = Release|x64
		{63F86F08-FECA-1BAD-8408-181CA6D55D2F}.Release|x64.Build.0 = Release|x64
		{1C0E1331-FECA-1BAD-8408-181CA6D55D2F}.Debug|Win32.ActiveCfg = Debug|Win32
		{1C0E1331-FECA-1BAD-8408-181CA6D55D2F}.Debug|Win32.Build.0 = Debug|Win32
		{1C0E1331-FECA-1BAD-8408-181CA6D55D2F}.Debug|x64.ActiveCfg = Debug|x64
		{1C0E1331-FECA-1BAD-8408-181CA6D55D2F}.Debug|x64.Build.0 = Debug|x64
		{1C0E1331-FECA-1BAD-8408-181CA6D55D2F}.Release|Win32.ActiveCfg = Release|Win32
		{1C0E1331-FECA-1BAD-8408-181CA6D55D2F}.Release|Win32.Build.0 = Release|Win32
		{1C0E1331-FECA-1BAD-8408-181CA6D55D2F}.Release|x64.ActiveCfg = Release|x64
		{1C0E1331-FECA-1BAD-8408-181CA6D55D2F}.Release|x64.Build.0 = Release|x64
		{0123D483-FECA-1BAD-8408-181CA6D55D2F}.Debug|Win32.ActiveCfg = Debug|Win32
		{0123D483-FECA-1BAD-8408-181CA6D55D2F}.Debug|Win32.Build.0 = Debug|Win32
		{0123D483-FECA-1BAD-8408-181CA6D55D2F}.Debug|x64.ActiveCfg = Debug|x64
		{0123D483-FECA-1BAD-8408-181CA6D55D2F}.Debug|x64.Build.0 = Debug|x64
		{0123D483-FECA-1BAD-8408-181CA6D55D2F}.Release|Win32.ActiveCfg = Release|Win32
		{0123D483-FECA-1BAD-8408-181CA6D55D2F}.Release|Win32.Build.0 = Release|Win32
		{0123D483-FECA-1BAD-8408-181CA6D55D2F}.Release|x64.ActiveCfg = Release|x64
		{0123D483-FECA-1BAD-8408-181CA6D55D2F}.Release|x64.Build.0 = Release|x64
		{23399ABA-FECA-1BAD-8408-181CA6D55D2F}.Debug|Win32.ActiveCfg = Debug|Win32
		{23399ABA-FECA-1BAD-8408-181CA6D55D2F}.Debug|Win32.Build.0 = Debug|Win32
		{23399ABA-FECA-1BAD-8408-181CA6D55D2F}.Debug|x64.ActiveCfg = Debug|x64
		{23399ABA-FECA-1BAD-8408-181CA6D55D2F}.Debug|x64.Build.0 = Debug|x64
		{23399ABA-FECA-1BAD-8408-181CA6D55D2F}.Release|Win32.ActiveCfg = Release|Win32
		{23399ABA-FECA-1BAD-8408-181CA6D55D2F}.Release|Win32.Build.0 = Release|Win32
		{23399ABA-FECA-1BAD-8408-181CA6D55D2F}.Release|x64.ActiveCfg = Release|x64
		{23399ABA-FECA-1BAD-8408-181CA6D55D2F}.Release|x64.Build.0 = Release|x64
		{77837430-FECA-1BAD-8408-181CA6D55D2F}.Debug|Win32.ActiveCfg = Debug|Win32
		{77837430-FECA-1BAD-8408-181CA6D55D2F}.Debug|Win32.Build.0 = Debug|Win32
		{77837430-FECA-1BAD-8408-181CA6D55D2F}.Debug|x64.ActiveCfg = Debug|x64
		{77837430-FECA-1BAD-8408-181CA6D55D2F}.Debug|x64.Build.0 = Debug|x64
		{77837430-FECA-1BAD-8408-181CA6D55D2F}.Release|Win32.ActiveCfg = Release|Win32
		{77837430-FECA-1BAD-8408-181CA6D55D2F}.Release|Win32.Build.0 = Release|Win32
		{77837430-FECA-1BAD-8408-181CA6D55D2F}.Release|x64.ActiveCfg = Release|x64
		{77837430-FECA-1BAD-8408-181CA6D55D2F}.Release|x64.Build.0 = Release|x64
		{33CB0A41-FECA-1BAD-8408-181CA6D55D2F}.Debug|Win32.ActiveCfg = Debug|Win32
		{33CB0A41-FECA-1BAD-8408-181CA6D55D2F}.Debug|Win32.Build.0 = Debug|Win32
		{33CB0A41-FECA-1BAD-8408-181CA6D55D2F}.Debug|x64.ActiveCfg = Debug|x64
		{33CB0A41-FECA-1BAD-8408-181CA6D55D2F}.Debug|x64.Build.0 = Debug|x64
		{33CB0A41-FECA-1BAD-8408-181CA6D55D2F}.Release|Win32.ActiveCfg = Release|Win32
		{33CB0A41-FECA-1BAD-8408-181CA6D55D2F}.Release|Win32.Build.0 = Release|Win32
		{33CB0A41-FECA-1BAD-8408-181CA6D55D2F}.Release|x64.ActiveCfg = Release|x64
		{33CB0A41-FECA-1BAD-8408-181CA6D55D2F}.Release|x64.Build.0 = Release|x64
		{6E946263-FECA-1BAD-8408-181CA6D55D2F}.Debug|Win32.ActiveCfg = Debug|Win32
		{6E946263-FECA-1BAD-8408-181CA6D55D2F}.Debug|Win32.Build.0 = Debug|Win32
		{6E946263-FECA-1BAD-8408-181CA6D55D2F}.Debug|x64.ActiveCfg = Debug|x64
		{6E946263-FECA-1BAD-8408-181CA6D55D2F}.Debug|x64.Build.0 = Debug|x64
		{6E946263-FECA-1BAD-8408-181CA6D55D2F}.Release|Win32.ActiveCfg = Release|Win32
		{6E946263-FECA-1BAD-8408-181CA6D55D2F}.Release|Win32.Build.0 = Release|Win32
		{6E946263-FECA-1BAD-8408-181CA6D55D2F}.Release|x64.ActiveCfg = Release|x64
		{6E946263-FECA-1BAD-8408-181CA6D55D2F}.Release|x64.Build.0 = Release|x64
		{11F26435-FECA-1BAD-8408-181CA6D55D2F}.Debug|Win32.ActiveCfg = Debug|Win32
		{11F26435-FECA-1BAD-8408-181CA6D55D2F}.Debug|Win32.Build.0 = Debug|Win32
		{11F26435-FECA-1BAD-8408-181CA6D55D2F}.Debug|x64.ActiveCfg = Debug|x64
		{11F26435-FECA-1BAD-8408-181CA6D55D2F}.Debug|x64.Build.0 = Debug|x64
		{11F26435-FECA-1BAD-8408-181CA6D55D2F}.Release|Win32.ActiveCfg = Release|Win32
		{11F26435-FECA-1BAD-8408-181CA6D55D2F}.Release|Win32.Build.0 = Release|Win32
		{11F26435-FECA-1BAD-8408-181CA6D55D2F}.Release|x64.ActiveCfg = Release|x64
		{11F26435-FECA-1BAD-8408-181CA6D55D2F}.Release|x64.Build.0 = Release|x64
		{56D59430-FECA-1BAD-8408-181CA6D55D2F}.Debug|Win32.ActiveCfg = Debug|Win32
		{56D59430-FECA-1BAD-8408-181CA6D55D2F}.Debug|Win32.Build.0 = Debug|Win32
		{56D59430-FECA-1BAD-8408-181CA6D55D2F}.Debug|x64.ActiveCfg = Debug|x64
		{56D59430-FECA-1BAD-8408-181CA6D55D2F}.Debug|x64.Build.0 = Debug|x64
		{56D59430-FECA-1BAD-8408-181CA6D55D2F}.Release|Win32.ActiveCfg = Release|Win32
		{56D59430-FECA-1BAD-8408-181CA6D55D2F}.Release|Win32.Build.0 = Release|Win32
		{56D59430-FECA-1BAD-8408-181CA6D55D2F}.Release|x64.ActiveCfg = Release|x64
		{56D59430-FECA-1BAD-8408-181CA6D55D2F}.Release|x64.Build.0 = Release|x64
	EndGlobalSection
	GlobalSection(SolutionProperties) = preSolution
		HideSolutionNode = FALSE
	EndGlobalSection
EndGlobal
