Microsoft Visual Studio Solution File, Format Version 8.00
#
# $Id: VC71WorkspaceCreator.pm 1456 2008-07-18 16:05:54Z elliott_c $
#
# This file was generated by MPC.  Any changes made directly to
# this file will be lost the next time it is generated.
#
# MPC Command:
# /export/anduriltmp/bczar/DOC_ROOT/stage-4800/ACE_wrappers/bin/mwc.pl -type vc71 -static -name_modifier "*_vc71_Static" -apply_project -exclude TAO/CIAO -recurse -hierarchy -relative ACE_ROOT=/export/anduriltmp/bczar/DOC_ROOT/stage-4800/ACE_wrappers -relative TAO_ROOT=/export/anduriltmp/bczar/DOC_ROOT/stage-4800/ACE_wrappers/TAO -relative CIAO_ROOT=/export/anduriltmp/bczar/DOC_ROOT/stage-4800/ACE_wrappers/TAO/CIAO
Project("{8BC9CEB8-8B4A-11D0-8D11-00A0C91BC942}") = "C++NPv1_Iterative_Logging_Server_vc71_Static", "C++NPv1_Iterative_Logging_Server_vc71_Static.vcproj", "{18C75717-FECA-1BAD-B753-CBFC4F77F502}"
	ProjectSection(ProjectDependencies) = postProject
	EndProjectSection
EndProject
Project("{8BC9CEB8-8B4A-11D0-8D11-00A0C91BC942}") = "C++NPv1_Logging_Client_vc71_Static", "C++NPv1_Logging_Client_vc71_Static.vcproj", "{FC319CFB-FECA-1BAD-B753-CBFC4F77F502}"
	ProjectSection(ProjectDependencies) = postProject
	EndProjectSection
EndProject
Project("{8BC9CEB8-8B4A-11D0-8D11-00A0C91BC942}") = "C++NPv1_PPC_Logging_Server_vc71_Static", "C++NPv1_PPC_Logging_Server_vc71_Static.vcproj", "{BD59711D-FECA-1BAD-B753-CBFC4F77F502}"
	ProjectSection(ProjectDependencies) = postProject
	EndProjectSection
EndProject
Project("{8BC9CEB8-8B4A-11D0-8D11-00A0C91BC942}") = "C++NPv1_RTTPC_Logging_Server_vc71_Static", "C++NPv1_RTTPC_Logging_Server_vc71_Static.vcproj", "{0F3359FE-FECA-1BAD-B753-CBFC4F77F502}"
	ProjectSection(ProjectDependencies) = postProject
	EndProjectSection
EndProject
Project("{8BC9CEB8-8B4A-11D0-8D11-00A0C91BC942}") = "C++NPv1_Reactive_Logging_Server_Ex_vc71_Static", "C++NPv1_Reactive_Logging_Server_Ex_vc71_Static.vcproj", "{36D6D901-FECA-1BAD-B753-CBFC4F77F502}"
	ProjectSection(ProjectDependencies) = postProject
	EndProjectSection
EndProject
Project("{8BC9CEB8-8B4A-11D0-8D11-00A0C91BC942}") = "C++NPv1_Reactive_Logging_Server_vc71_Static", "C++NPv1_Reactive_Logging_Server_vc71_Static.vcproj", "{66E6E6F0-FECA-1BAD-B753-CBFC4F77F502}"
	ProjectSection(ProjectDependencies) = postProject
	EndProjectSection
EndProject
Project("{8BC9CEB8-8B4A-11D0-8D11-00A0C91BC942}") = "C++NPv1_TPC_Logging_Server_vc71_Static", "C++NPv1_TPC_Logging_Server_vc71_Static.vcproj", "{BD5D711D-FECA-1BAD-B753-CBFC4F77F502}"
	ProjectSection(ProjectDependencies) = postProject
	EndProjectSection
EndProject
Global
	GlobalSection(SolutionConfiguration) = preSolution
		Debug = Debug
		Release = Release
	EndGlobalSection
	GlobalSection(ProjectConfiguration) = postSolution
		{18C75717-FECA-1BAD-B753-CBFC4F77F502}.Debug.ActiveCfg = Debug|Win32
		{18C75717-FECA-1BAD-B753-CBFC4F77F502}.Debug.Build.0 = Debug|Win32
		{18C75717-FECA-1BAD-B753-CBFC4F77F502}.Release.ActiveCfg = Release|Win32
		{18C75717-FECA-1BAD-B753-CBFC4F77F502}.Release.Build.0 = Release|Win32
		{FC319CFB-FECA-1BAD-B753-CBFC4F77F502}.Debug.ActiveCfg = Debug|Win32
		{FC319CFB-FECA-1BAD-B753-CBFC4F77F502}.Debug.Build.0 = Debug|Win32
		{FC319CFB-FECA-1BAD-B753-CBFC4F77F502}.Release.ActiveCfg = Release|Win32
		{FC319CFB-FECA-1BAD-B753-CBFC4F77F502}.Release.Build.0 = Release|Win32
		{BD59711D-FECA-1BAD-B753-CBFC4F77F502}.Debug.ActiveCfg = Debug|Win32
		{BD59711D-FECA-1BAD-B753-CBFC4F77F502}.Debug.Build.0 = Debug|Win32
		{BD59711D-FECA-1BAD-B753-CBFC4F77F502}.Release.ActiveCfg = Release|Win32
		{BD59711D-FECA-1BAD-B753-CBFC4F77F502}.Release.Build.0 = Release|Win32
		{0F3359FE-FECA-1BAD-B753-CBFC4F77F502}.Debug.ActiveCfg = Debug|Win32
		{0F3359FE-FECA-1BAD-B753-CBFC4F77F502}.Debug.Build.0 = Debug|Win32
		{0F3359FE-FECA-1BAD-B753-CBFC4F77F502}.Release.ActiveCfg = Release|Win32
		{0F3359FE-FECA-1BAD-B753-CBFC4F77F502}.Release.Build.0 = Release|Win32
		{36D6D901-FECA-1BAD-B753-CBFC4F77F502}.Debug.ActiveCfg = Debug|Win32
		{36D6D901-FECA-1BAD-B753-CBFC4F77F502}.Debug.Build.0 = Debug|Win32
		{36D6D901-FECA-1BAD-B753-CBFC4F77F502}.Release.ActiveCfg = Release|Win32
		{36D6D901-FECA-1BAD-B753-CBFC4F77F502}.Release.Build.0 = Release|Win32
		{66E6E6F0-FECA-1BAD-B753-CBFC4F77F502}.Debug.ActiveCfg = Debug|Win32
		{66E6E6F0-FECA-1BAD-B753-CBFC4F77F502}.Debug.Build.0 = Debug|Win32
		{66E6E6F0-FECA-1BAD-B753-CBFC4F77F502}.Release.ActiveCfg = Release|Win32
		{66E6E6F0-FECA-1BAD-B753-CBFC4F77F502}.Release.Build.0 = Release|Win32
		{BD5D711D-FECA-1BAD-B753-CBFC4F77F502}.Debug.ActiveCfg = Debug|Win32
		{BD5D711D-FECA-1BAD-B753-CBFC4F77F502}.Debug.Build.0 = Debug|Win32
		{BD5D711D-FECA-1BAD-B753-CBFC4F77F502}.Release.ActiveCfg = Release|Win32
		{BD5D711D-FECA-1BAD-B753-CBFC4F77F502}.Release.Build.0 = Release|Win32
	EndGlobalSection
	GlobalSection(ExtensibilityGlobals) = postSolution
	EndGlobalSection
	GlobalSection(ExtensibilityAddIns) = postSolution
	EndGlobalSection
EndGlobal
