Microsoft Visual Studio Solution File, Format Version 8.00
#
# $Id: VC71WorkspaceCreator.pm 1456 2008-07-18 16:05:54Z elliott_c $
#
# This file was generated by MPC.  Any changes made directly to
# this file will be lost the next time it is generated.
#
# MPC Command:
# /export/anduriltmp/bczar/DOC_ROOT/stage-4800/ACE_wrappers/bin/mwc.pl -type vc71 -static -name_modifier "*_vc71_Static" -apply_project -exclude TAO/CIAO -recurse -hierarchy -relative ACE_ROOT=/export/anduriltmp/bczar/DOC_ROOT/stage-4800/ACE_wrappers -relative TAO_ROOT=/export/anduriltmp/bczar/DOC_ROOT/stage-4800/ACE_wrappers/TAO -relative CIAO_ROOT=/export/anduriltmp/bczar/DOC_ROOT/stage-4800/ACE_wrappers/TAO/CIAO
Project("{8BC9CEB8-8B4A-11D0-8D11-00A0C91BC942}") = "Connection_Non_Blocking_LSockClient_vc71_Static", "Connection_Non_Blocking_LSockClient_vc71_Static.vcproj", "{4667B217-FECA-1BAD-D57C-7CD5F82C972F}"
	ProjectSection(ProjectDependencies) = postProject
	EndProjectSection
EndProject
Project("{8BC9CEB8-8B4A-11D0-8D11-00A0C91BC942}") = "Connection_Non_Blocking_LSockServer_vc71_Static", "Connection_Non_Blocking_LSockServer_vc71_Static.vcproj", "{CC5CD207-FECA-1BAD-D57C-7CD5F82C972F}"
	ProjectSection(ProjectDependencies) = postProject
	EndProjectSection
EndProject
Project("{8BC9CEB8-8B4A-11D0-8D11-00A0C91BC942}") = "Connection_Non_Blocking_SPipeClient_vc71_Static", "Connection_Non_Blocking_SPipeClient_vc71_Static.vcproj", "{4794C1F7-FECA-1BAD-D57C-7CD5F82C972F}"
	ProjectSection(ProjectDependencies) = postProject
	EndProjectSection
EndProject
Project("{8BC9CEB8-8B4A-11D0-8D11-00A0C91BC942}") = "Connection_Non_Blocking_SPipeServer_vc71_Static", "Connection_Non_Blocking_SPipeServer_vc71_Static.vcproj", "{CDAFA1E7-FECA-1BAD-D57C-7CD5F82C972F}"
	ProjectSection(ProjectDependencies) = postProject
	EndProjectSection
EndProject
Project("{8BC9CEB8-8B4A-11D0-8D11-00A0C91BC942}") = "Connection_Non_Blocking_SockClient_vc71_Static", "Connection_Non_Blocking_SockClient_vc71_Static.vcproj", "{89CA6995-FECA-1BAD-D57C-7CD5F82C972F}"
	ProjectSection(ProjectDependencies) = postProject
	EndProjectSection
EndProject
Project("{8BC9CEB8-8B4A-11D0-8D11-00A0C91BC942}") = "Connection_Non_Blocking_SockServer_vc71_Static", "Connection_Non_Blocking_SockServer_vc71_Static.vcproj", "{03F10985-FECA-1BAD-D57C-7CD5F82C972F}"
	ProjectSection(ProjectDependencies) = postProject
	EndProjectSection
EndProject
Project("{8BC9CEB8-8B4A-11D0-8D11-00A0C91BC942}") = "Connection_Non_Blocking_TLIClient_vc71_Static", "Connection_Non_Blocking_TLIClient_vc71_Static.vcproj", "{A52C290D-FECA-1BAD-D57C-7CD5F82C972F}"
	ProjectSection(ProjectDependencies) = postProject
	EndProjectSection
EndProject
Project("{8BC9CEB8-8B4A-11D0-8D11-00A0C91BC942}") = "Connection_Non_Blocking_TLIServer_vc71_Static", "Connection_Non_Blocking_TLIServer_vc71_Static.vcproj", "{2F17491D-FECA-1BAD-D57C-7CD5F82C972F}"
	ProjectSection(ProjectDependencies) = postProject
	EndProjectSection
EndProject
Global
	GlobalSection(SolutionConfiguration) = preSolution
		Debug = Debug
		Release = Release
	EndGlobalSection
	GlobalSection(ProjectConfiguration) = postSolution
		{4667B217-FECA-1BAD-D57C-7CD5F82C972F}.Debug.ActiveCfg = Debug|Win32
		{4667B217-FECA-1BAD-D57C-7CD5F82C972F}.Debug.Build.0 = Debug|Win32
		{4667B217-FECA-1BAD-D57C-7CD5F82C972F}.Release.ActiveCfg = Release|Win32
		{4667B217-FECA-1BAD-D57C-7CD5F82C972F}.Release.Build.0 = Release|Win32
		{CC5CD207-FECA-1BAD-D57C-7CD5F82C972F}.Debug.ActiveCfg = Debug|Win32
		{CC5CD207-FECA-1BAD-D57C-7CD5F82C972F}.Debug.Build.0 = Debug|Win32
		{CC5CD207-FECA-1BAD-D57C-7CD5F82C972F}.Release.ActiveCfg = Release|Win32
		{CC5CD207-FECA-1BAD-D57C-7CD5F82C972F}.Release.Build.0 = Release|Win32
		{4794C1F7-FECA-1BAD-D57C-7CD5F82C972F}.Debug.ActiveCfg = Debug|Win32
		{4794C1F7-FECA-1BAD-D57C-7CD5F82C972F}.Debug.Build.0 = Debug|Win32
		{4794C1F7-FECA-1BAD-D57C-7CD5F82C972F}.Release.ActiveCfg = Release|Win32
		{4794C1F7-FECA-1BAD-D57C-7CD5F82C972F}.Release.Build.0 = Release|Win32
		{CDAFA1E7-FECA-1BAD-D57C-7CD5F82C972F}.Debug.ActiveCfg = Debug|Win32
		{CDAFA1E7-FECA-1BAD-D57C-7CD5F82C972F}.Debug.Build.0 = Debug|Win32
		{CDAFA1E7-FECA-1BAD-D57C-7CD5F82C972F}.Release.ActiveCfg = Release|Win32
		{CDAFA1E7-FECA-1BAD-D57C-7CD5F82C972F}.Release.Build.0 = Release|Win32
		{89CA6995-FECA-1BAD-D57C-7CD5F82C972F}.Debug.ActiveCfg = Debug|Win32
		{89CA6995-FECA-1BAD-D57C-7CD5F82C972F}.Debug.Build.0 = Debug|Win32
		{89CA6995-FECA-1BAD-D57C-7CD5F82C972F}.Release.ActiveCfg = Release|Win32
		{89CA6995-FECA-1BAD-D57C-7CD5F82C972F}.Release.Build.0 = Release|Win32
		{03F10985-FECA-1BAD-D57C-7CD5F82C972F}.Debug.ActiveCfg = Debug|Win32
		{03F10985-FECA-1BAD-D57C-7CD5F82C972F}.Debug.Build.0 = Debug|Win32
		{03F10985-FECA-1BAD-D57C-7CD5F82C972F}.Release.ActiveCfg = Release|Win32
		{03F10985-FECA-1BAD-D57C-7CD5F82C972F}.Release.Build.0 = Release|Win32
		{A52C290D-FECA-1BAD-D57C-7CD5F82C972F}.Debug.ActiveCfg = Debug|Win32
		{A52C290D-FECA-1BAD-D57C-7CD5F82C972F}.Debug.Build.0 = Debug|Win32
		{A52C290D-FECA-1BAD-D57C-7CD5F82C972F}.Release.ActiveCfg = Release|Win32
		{A52C290D-FECA-1BAD-D57C-7CD5F82C972F}.Release.Build.0 = Release|Win32
		{2F17491D-FECA-1BAD-D57C-7CD5F82C972F}.Debug.ActiveCfg = Debug|Win32
		{2F17491D-FECA-1BAD-D57C-7CD5F82C972F}.Debug.Build.0 = Debug|Win32
		{2F17491D-FECA-1BAD-D57C-7CD5F82C972F}.Release.ActiveCfg = Release|Win32
		{2F17491D-FECA-1BAD-D57C-7CD5F82C972F}.Release.Build.0 = Release|Win32
	EndGlobalSection
	GlobalSection(ExtensibilityGlobals) = postSolution
	EndGlobalSection
	GlobalSection(ExtensibilityAddIns) = postSolution
	EndGlobalSection
EndGlobal
