<?xml version="1.0" encoding="utf-8"?>
<Project ToolsVersion="4.0" xmlns="http://schemas.microsoft.com/developer/msbuild/2003">
  <ItemGroup>
    <Filter Include="Source Files">
      <UniqueIdentifier>{78fea109-9ff9-4279-9650-3d0a81eef4b4}</UniqueIdentifier>
      <Extensions>cpp;cxx;cc;C;c</Extensions>
    </Filter>
    <Filter Include="Header Files">
      <UniqueIdentifier>{c7f4ee65-a9c5-46b6-a7b7-969f229e7abc}</UniqueIdentifier>
      <Extensions>h;hpp;hxx;hh</Extensions>
    </Filter>
    <Filter Include="Build Files">
      <UniqueIdentifier>{3adb7275-4309-4962-9a38-8edcaa20e3ec}</UniqueIdentifier>
      <Extensions>mpc;mpb;mwc</Extensions>
    </Filter>
    <Filter Include="Inline Files">
      <UniqueIdentifier>{f1ac169b-a36c-4e14-be5a-9a99dd61a4e7}</UniqueIdentifier>
      <Extensions>i;inl</Extensions>
    </Filter>
    <Filter Include="Documentation">
      <UniqueIdentifier>{cd062c73-8c6b-48bd-ae10-665ae28ca2e1}</UniqueIdentifier>
    </Filter>
  </ItemGroup>
  <ItemGroup>
    <ClCompile Include="Svcconf.cpp">
      <Filter>Source Files</Filter>
    </ClCompile>
    <ClCompile Include="Svcconf_Handler.cpp">
      <Filter>Source Files</Filter>
    </ClCompile>
  </ItemGroup>
  <ItemGroup>
    <ClInclude Include="Svcconf.h">
      <Filter>Header Files</Filter>
    </ClInclude>
    <ClInclude Include="Svcconf_Handler.h">
      <Filter>Header Files</Filter>
    </ClInclude>
  </ItemGroup>
  <ItemGroup>
    <None Include="svcconf.mpc">
      <Filter>Build Files</Filter>
    </None>
    <None Include="Svcconf_Handler.inl">
      <Filter>Inline Files</Filter>
    </None>
  </ItemGroup>
  <ItemGroup>
    <CustomBuild Include="README">
      <Filter>Documentation</Filter>
    </CustomBuild>
  </ItemGroup>
</Project>