Microsoft Visual Studio Solution File, Format Version 8.00
#
# $Id: VC71WorkspaceCreator.pm 1456 2008-07-18 16:05:54Z elliott_c $
#
# This file was generated by MPC.  Any changes made directly to
# this file will be lost the next time it is generated.
#
# MPC Command:
# /export/anduriltmp/bczar/DOC_ROOT/stage-4800/ACE_wrappers/bin/mwc.pl -type vc71 -static -name_modifier "*_vc71_Static" -apply_project -exclude TAO/CIAO -recurse -hierarchy -relative ACE_ROOT=/export/anduriltmp/bczar/DOC_ROOT/stage-4800/ACE_wrappers -relative TAO_ROOT=/export/anduriltmp/bczar/DOC_ROOT/stage-4800/ACE_wrappers/TAO -relative CIAO_ROOT=/export/anduriltmp/bczar/DOC_ROOT/stage-4800/ACE_wrappers/TAO/CIAO
Project("{8BC9CEB8-8B4A-11D0-8D11-00A0C91BC942}") = "C++NPv2_CLD_vc71_Static", "C++NPv2_CLD_vc71_Static.vcproj", "{22C1B1C0-FECA-1BAD-B750-CBFC4F77F501}"
	ProjectSection(ProjectDependencies) = postProject
	EndProjectSection
EndProject
Project("{8BC9CEB8-8B4A-11D0-8D11-00A0C91BC942}") = "C++NPv2_Configurable_Log_Server_vc71_Static", "C++NPv2_Configurable_Log_Server_vc71_Static.vcproj", "{A39DE324-FECA-1BAD-B750-CBFC4F77F501}"
	ProjectSection(ProjectDependencies) = postProject
	EndProjectSection
EndProject
Project("{8BC9CEB8-8B4A-11D0-8D11-00A0C91BC942}") = "C++NPv2_Display_Logfile_vc71_Static", "C++NPv2_Display_Logfile_vc71_Static.vcproj", "{F089EE2B-FECA-1BAD-B750-CBFC4F77F501}"
	ProjectSection(ProjectDependencies) = postProject
	EndProjectSection
EndProject
Project("{8BC9CEB8-8B4A-11D0-8D11-00A0C91BC942}") = "C++NPv2_Reactor_Log_Server_vc71_Static", "C++NPv2_Reactor_Log_Server_vc71_Static.vcproj", "{A8FD10E5-FECA-1BAD-B750-CBFC4F77F501}"
	ProjectSection(ProjectDependencies) = postProject
	EndProjectSection
EndProject
Project("{8BC9CEB8-8B4A-11D0-8D11-00A0C91BC942}") = "C++NPv2_SLD_vc71_Static", "C++NPv2_SLD_vc71_Static.vcproj", "{23C1B1C0-FECA-1BAD-B750-CBFC4F77F501}"
	ProjectSection(ProjectDependencies) = postProject
	EndProjectSection
EndProject
Project("{8BC9CEB8-8B4A-11D0-8D11-00A0C91BC942}") = "C++NPv2_SLDex_vc71_Static", "C++NPv2_SLDex_vc71_Static.vcproj", "{3C79FFCB-FECA-1BAD-B750-CBFC4F77F501}"
	ProjectSection(ProjectDependencies) = postProject
	EndProjectSection
EndProject
Project("{8BC9CEB8-8B4A-11D0-8D11-00A0C91BC942}") = "C++NPv2_SR_Configurable_Log_Server_vc71_Static", "C++NPv2_SR_Configurable_Log_Server_vc71_Static.vcproj", "{0F0F788A-FECA-1BAD-B750-CBFC4F77F501}"
	ProjectSection(ProjectDependencies) = postProject
	EndProjectSection
EndProject
Project("{8BC9CEB8-8B4A-11D0-8D11-00A0C91BC942}") = "C++NPv2_Select_Reactor_Log_Server_vc71_Static", "C++NPv2_Select_Reactor_Log_Server_vc71_Static.vcproj", "{CBC2C50A-FECA-1BAD-B750-CBFC4F77F501}"
	ProjectSection(ProjectDependencies) = postProject
	EndProjectSection
EndProject
Project("{8BC9CEB8-8B4A-11D0-8D11-00A0C91BC942}") = "C++NPv2_TPLS_vc71_Static", "C++NPv2_TPLS_vc71_Static.vcproj", "{BD768DE2-FECA-1BAD-B750-CBFC4F77F501}"
	ProjectSection(ProjectDependencies) = postProject
	EndProjectSection
EndProject
Project("{8BC9CEB8-8B4A-11D0-8D11-00A0C91BC942}") = "C++NPv2_TP_Reactor_Log_Server_vc71_Static", "C++NPv2_TP_Reactor_Log_Server_vc71_Static.vcproj", "{F347FA2C-FECA-1BAD-B750-CBFC4F77F501}"
	ProjectSection(ProjectDependencies) = postProject
	EndProjectSection
EndProject
Project("{8BC9CEB8-8B4A-11D0-8D11-00A0C91BC942}") = "C++NPv2_WFMO_Reactor_Log_Server_vc71_Static", "C++NPv2_WFMO_Reactor_Log_Server_vc71_Static.vcproj", "{9EC9F179-FECA-1BAD-B750-CBFC4F77F501}"
	ProjectSection(ProjectDependencies) = postProject
	EndProjectSection
EndProject
Global
	GlobalSection(SolutionConfiguration) = preSolution
		Debug = Debug
		Release = Release
	EndGlobalSection
	GlobalSection(ProjectConfiguration) = postSolution
		{22C1B1C0-FECA-1BAD-B750-CBFC4F77F501}.Debug.ActiveCfg = Debug|Win32
		{22C1B1C0-FECA-1BAD-B750-CBFC4F77F501}.Debug.Build.0 = Debug|Win32
		{22C1B1C0-FECA-1BAD-B750-CBFC4F77F501}.Release.ActiveCfg = Release|Win32
		{22C1B1C0-FECA-1BAD-B750-CBFC4F77F501}.Release.Build.0 = Release|Win32
		{A39DE324-FECA-1BAD-B750-CBFC4F77F501}.Debug.ActiveCfg = Debug|Win32
		{A39DE324-FECA-1BAD-B750-CBFC4F77F501}.Debug.Build.0 = Debug|Win32
		{A39DE324-FECA-1BAD-B750-CBFC4F77F501}.Release.ActiveCfg = Release|Win32
		{A39DE324-FECA-1BAD-B750-CBFC4F77F501}.Release.Build.0 = Release|Win32
		{F089EE2B-FECA-1BAD-B750-CBFC4F77F501}.Debug.ActiveCfg = Debug|Win32
		{F089EE2B-FECA-1BAD-B750-CBFC4F77F501}.Debug.Build.0 = Debug|Win32
		{F089EE2B-FECA-1BAD-B750-CBFC4F77F501}.Release.ActiveCfg = Release|Win32
		{F089EE2B-FECA-1BAD-B750-CBFC4F77F501}.Release.Build.0 = Release|Win32
		{A8FD10E5-FECA-1BAD-B750-CBFC4F77F501}.Debug.ActiveCfg = Debug|Win32
		{A8FD10E5-FECA-1BAD-B750-CBFC4F77F501}.Debug.Build.0 = Debug|Win32
		{A8FD10E5-FECA-1BAD-B750-CBFC4F77F501}.Release.ActiveCfg = Release|Win32
		{A8FD10E5-FECA-1BAD-B750-CBFC4F77F501}.Release.Build.0 = Release|Win32
		{23C1B1C0-FECA-1BAD-B750-CBFC4F77F501}.Debug.ActiveCfg = Debug|Win32
		{23C1B1C0-FECA-1BAD-B750-CBFC4F77F501}.Debug.Build.0 = Debug|Win32
		{23C1B1C0-FECA-1BAD-B750-CBFC4F77F501}.Release.ActiveCfg = Release|Win32
		{23C1B1C0-FECA-1BAD-B750-CBFC4F77F501}.Release.Build.0 = Release|Win32
		{3C79FFCB-FECA-1BAD-B750-CBFC4F77F501}.Debug.ActiveCfg = Debug|Win32
		{3C79FFCB-FECA-1BAD-B750-CBFC4F77F501}.Debug.Build.0 = Debug|Win32
		{3C79FFCB-FECA-1BAD-B750-CBFC4F77F501}.Release.ActiveCfg = Release|Win32
		{3C79FFCB-FECA-1BAD-B750-CBFC4F77F501}.Release.Build.0 = Release|Win32
		{0F0F788A-FECA-1BAD-B750-CBFC4F77F501}.Debug.ActiveCfg = Debug|Win32
		{0F0F788A-FECA-1BAD-B750-CBFC4F77F501}.Debug.Build.0 = Debug|Win32
		{0F0F788A-FECA-1BAD-B750-CBFC4F77F501}.Release.ActiveCfg = Release|Win32
		{0F0F788A-FECA-1BAD-B750-CBFC4F77F501}.Release.Build.0 = Release|Win32
		{CBC2C50A-FECA-1BAD-B750-CBFC4F77F501}.Debug.ActiveCfg = Debug|Win32
		{CBC2C50A-FECA-1BAD-B750-CBFC4F77F501}.Debug.Build.0 = Debug|Win32
		{CBC2C50A-FECA-1BAD-B750-CBFC4F77F501}.Release.ActiveCfg = Release|Win32
		{CBC2C50A-FECA-1BAD-B750-CBFC4F77F501}.Release.Build.0 = Release|Win32
		{BD768DE2-FECA-1BAD-B750-CBFC4F77F501}.Debug.ActiveCfg = Debug|Win32
		{BD768DE2-FECA-1BAD-B750-CBFC4F77F501}.Debug.Build.0 = Debug|Win32
		{BD768DE2-FECA-1BAD-B750-CBFC4F77F501}.Release.ActiveCfg = Release|Win32
		{BD768DE2-FECA-1BAD-B750-CBFC4F77F501}.Release.Build.0 = Release|Win32
		{F347FA2C-FECA-1BAD-B750-CBFC4F77F501}.Debug.ActiveCfg = Debug|Win32
		{F347FA2C-FECA-1BAD-B750-CBFC4F77F501}.Debug.Build.0 = Debug|Win32
		{F347FA2C-FECA-1BAD-B750-CBFC4F77F501}.Release.ActiveCfg = Release|Win32
		{F347FA2C-FECA-1BAD-B750-CBFC4F77F501}.Release.Build.0 = Release|Win32
		{9EC9F179-FECA-1BAD-B750-CBFC4F77F501}.Debug.ActiveCfg = Debug|Win32
		{9EC9F179-FECA-1BAD-B750-CBFC4F77F501}.Debug.Build.0 = Debug|Win32
		{9EC9F179-FECA-1BAD-B750-CBFC4F77F501}.Release.ActiveCfg = Release|Win32
		{9EC9F179-FECA-1BAD-B750-CBFC4F77F501}.Release.Build.0 = Release|Win32
	EndGlobalSection
	GlobalSection(ExtensibilityGlobals) = postSolution
	EndGlobalSection
	GlobalSection(ExtensibilityAddIns) = postSolution
	EndGlobalSection
EndGlobal
