Microsoft Visual Studio Solution File, Format Version 8.00
#
# $Id: VC71WorkspaceCreator.pm 1456 2008-07-18 16:05:54Z elliott_c $
#
# This file was generated by MPC.  Any changes made directly to
# this file will be lost the next time it is generated.
#
# MPC Command:
# /export/anduriltmp/bczar/DOC_ROOT/stage-4800/ACE_wrappers/bin/mwc.pl -type vc71 -static -name_modifier "*_vc71_Static" -apply_project -exclude TAO/CIAO -recurse -hierarchy -relative ACE_ROOT=/export/anduriltmp/bczar/DOC_ROOT/stage-4800/ACE_wrappers -relative TAO_ROOT=/export/anduriltmp/bczar/DOC_ROOT/stage-4800/ACE_wrappers/TAO -relative CIAO_ROOT=/export/anduriltmp/bczar/DOC_ROOT/stage-4800/ACE_wrappers/TAO/CIAO
Project("{8BC9CEB8-8B4A-11D0-8D11-00A0C91BC942}") = "Connection_Blocking_Acceptor_vc71_Static", "Connection_Blocking_Acceptor_vc71_Static.vcproj", "{19295437-FECA-1BAD-63A6-43B48B846D3E}"
	ProjectSection(ProjectDependencies) = postProject
	EndProjectSection
EndProject
Project("{8BC9CEB8-8B4A-11D0-8D11-00A0C91BC942}") = "Connection_Blocking_Connector_vc71_Static", "Connection_Blocking_Connector_vc71_Static.vcproj", "{539FEE4B-FECA-1BAD-63A6-43B48B846D3E}"
	ProjectSection(ProjectDependencies) = postProject
	EndProjectSection
EndProject
Global
	GlobalSection(SolutionConfiguration) = preSolution
		Debug = Debug
		Release = Release
	EndGlobalSection
	GlobalSection(ProjectConfiguration) = postSolution
		{19295437-FECA-1BAD-63A6-43B48B846D3E}.Debug.ActiveCfg = Debug|Win32
		{19295437-FECA-1BAD-63A6-43B48B846D3E}.Debug.Build.0 = Debug|Win32
		{19295437-FECA-1BAD-63A6-43B48B846D3E}.Release.ActiveCfg = Release|Win32
		{19295437-FECA-1BAD-63A6-43B48B846D3E}.Release.Build.0 = Release|Win32
		{539FEE4B-FECA-1BAD-63A6-43B48B846D3E}.Debug.ActiveCfg = Debug|Win32
		{539FEE4B-FECA-1BAD-63A6-43B48B846D3E}.Debug.Build.0 = Debug|Win32
		{539FEE4B-FECA-1BAD-63A6-43B48B846D3E}.Release.ActiveCfg = Release|Win32
		{539FEE4B-FECA-1BAD-63A6-43B48B846D3E}.Release.Build.0 = Release|Win32
	EndGlobalSection
	GlobalSection(ExtensibilityGlobals) = postSolution
	EndGlobalSection
	GlobalSection(ExtensibilityAddIns) = postSolution
	EndGlobalSection
EndGlobal
