Microsoft Visual Studio Solution File, Format Version 8.00
#
# $Id: VC71WorkspaceCreator.pm 1456 2008-07-18 16:05:54Z elliott_c $
#
# This file was generated by MPC.  Any changes made directly to
# this file will be lost the next time it is generated.
#
# MPC Command:
# /export/anduriltmp/bczar/DOC_ROOT/stage-4800/ACE_wrappers/bin/mwc.pl -type vc71 -static -name_modifier "*_vc71_Static" -apply_project -exclude TAO/CIAO -recurse -hierarchy -relative ACE_ROOT=/export/anduriltmp/bczar/DOC_ROOT/stage-4800/ACE_wrappers -relative TAO_ROOT=/export/anduriltmp/bczar/DOC_ROOT/stage-4800/ACE_wrappers/TAO -relative CIAO_ROOT=/export/anduriltmp/bczar/DOC_ROOT/stage-4800/ACE_wrappers/TAO/CIAO
Project("{8BC9CEB8-8B4A-11D0-8D11-00A0C91BC942}") = "Client_vc71_Static", "Client_vc71_Static.vcproj", "{F2994AF0-FECA-1BAD-4280-FE54E664082F}"
	ProjectSection(ProjectDependencies) = postProject
	EndProjectSection
EndProject
Project("{8BC9CEB8-8B4A-11D0-8D11-00A0C91BC942}") = "HAStatus_AC_vc71_Static", "HAStatus_AC_vc71_Static.vcproj", "{7FD178D6-FECA-1BAD-4280-FE54E664082F}"
	ProjectSection(ProjectDependencies) = postProject
	EndProjectSection
EndProject
Project("{8BC9CEB8-8B4A-11D0-8D11-00A0C91BC942}") = "HAStatus_vc71_Static", "HAStatus_vc71_Static.vcproj", "{7B9276F1-FECA-1BAD-4280-FE54E664082F}"
	ProjectSection(ProjectDependencies) = postProject
	EndProjectSection
EndProject
Project("{8BC9CEB8-8B4A-11D0-8D11-00A0C91BC942}") = "Reactor_Timers_vc71_Static", "Reactor_Timers_vc71_Static.vcproj", "{91C7BD43-FECA-1BAD-4280-FE54E664082F}"
	ProjectSection(ProjectDependencies) = postProject
	EndProjectSection
EndProject
Project("{8BC9CEB8-8B4A-11D0-8D11-00A0C91BC942}") = "Reschedule_vc71_Static", "Reschedule_vc71_Static.vcproj", "{6ECE7FEB-FECA-1BAD-4280-FE54E664082F}"
	ProjectSection(ProjectDependencies) = postProject
	EndProjectSection
EndProject
Project("{8BC9CEB8-8B4A-11D0-8D11-00A0C91BC942}") = "Schedule_Timers_vc71_Static", "Schedule_Timers_vc71_Static.vcproj", "{45B69F42-FECA-1BAD-4280-FE54E664082F}"
	ProjectSection(ProjectDependencies) = postProject
	EndProjectSection
EndProject
Project("{8BC9CEB8-8B4A-11D0-8D11-00A0C91BC942}") = "Timer_Cancel_vc71_Static", "Timer_Cancel_vc71_Static.vcproj", "{7708ED00-FECA-1BAD-4280-FE54E664082F}"
	ProjectSection(ProjectDependencies) = postProject
	EndProjectSection
EndProject
Project("{8BC9CEB8-8B4A-11D0-8D11-00A0C91BC942}") = "Timer_State_Data_vc71_Static", "Timer_State_Data_vc71_Static.vcproj", "{C8666E6E-FECA-1BAD-4280-FE54E664082F}"
	ProjectSection(ProjectDependencies) = postProject
	EndProjectSection
EndProject
Global
	GlobalSection(SolutionConfiguration) = preSolution
		Debug = Debug
		Release = Release
	EndGlobalSection
	GlobalSection(ProjectConfiguration) = postSolution
		{F2994AF0-FECA-1BAD-4280-FE54E664082F}.Debug.ActiveCfg = Debug|Win32
		{F2994AF0-FECA-1BAD-4280-FE54E664082F}.Debug.Build.0 = Debug|Win32
		{F2994AF0-FECA-1BAD-4280-FE54E664082F}.Release.ActiveCfg = Release|Win32
		{F2994AF0-FECA-1BAD-4280-FE54E664082F}.Release.Build.0 = Release|Win32
		{7FD178D6-FECA-1BAD-4280-FE54E664082F}.Debug.ActiveCfg = Debug|Win32
		{7FD178D6-FECA-1BAD-4280-FE54E664082F}.Debug.Build.0 = Debug|Win32
		{7FD178D6-FECA-1BAD-4280-FE54E664082F}.Release.ActiveCfg = Release|Win32
		{7FD178D6-FECA-1BAD-4280-FE54E664082F}.Release.Build.0 = Release|Win32
		{7B9276F1-FECA-1BAD-4280-FE54E664082F}.Debug.ActiveCfg = Debug|Win32
		{7B9276F1-FECA-1BAD-4280-FE54E664082F}.Debug.Build.0 = Debug|Win32
		{7B9276F1-FECA-1BAD-4280-FE54E664082F}.Release.ActiveCfg = Release|Win32
		{7B9276F1-FECA-1BAD-4280-FE54E664082F}.Release.Build.0 = Release|Win32
		{91C7BD43-FECA-1BAD-4280-FE54E664082F}.Debug.ActiveCfg = Debug|Win32
		{91C7BD43-FECA-1BAD-4280-FE54E664082F}.Debug.Build.0 = Debug|Win32
		{91C7BD43-FECA-1BAD-4280-FE54E664082F}.Release.ActiveCfg = Release|Win32
		{91C7BD43-FECA-1BAD-4280-FE54E664082F}.Release.Build.0 = Release|Win32
		{6ECE7FEB-FECA-1BAD-4280-FE54E664082F}.Debug.ActiveCfg = Debug|Win32
		{6ECE7FEB-FECA-1BAD-4280-FE54E664082F}.Debug.Build.0 = Debug|Win32
		{6ECE7FEB-FECA-1BAD-4280-FE54E664082F}.Release.ActiveCfg = Release|Win32
		{6ECE7FEB-FECA-1BAD-4280-FE54E664082F}.Release.Build.0 = Release|Win32
		{45B69F42-FECA-1BAD-4280-FE54E664082F}.Debug.ActiveCfg = Debug|Win32
		{45B69F42-FECA-1BAD-4280-FE54E664082F}.Debug.Build.0 = Debug|Win32
		{45B69F42-FECA-1BAD-4280-FE54E664082F}.Release.ActiveCfg = Release|Win32
		{45B69F42-FECA-1BAD-4280-FE54E664082F}.Release.Build.0 = Release|Win32
		{7708ED00-FECA-1BAD-4280-FE54E664082F}.Debug.ActiveCfg = Debug|Win32
		{7708ED00-FECA-1BAD-4280-FE54E664082F}.Debug.Build.0 = Debug|Win32
		{7708ED00-FECA-1BAD-4280-FE54E664082F}.Release.ActiveCfg = Release|Win32
		{7708ED00-FECA-1BAD-4280-FE54E664082F}.Release.Build.0 = Release|Win32
		{C8666E6E-FECA-1BAD-4280-FE54E664082F}.Debug.ActiveCfg = Debug|Win32
		{C8666E6E-FECA-1BAD-4280-FE54E664082F}.Debug.Build.0 = Debug|Win32
		{C8666E6E-FECA-1BAD-4280-FE54E664082F}.Release.ActiveCfg = Release|Win32
		{C8666E6E-FECA-1BAD-4280-FE54E664082F}.Release.Build.0 = Release|Win32
	EndGlobalSection
	GlobalSection(ExtensibilityGlobals) = postSolution
	EndGlobalSection
	GlobalSection(ExtensibilityAddIns) = postSolution
	EndGlobalSection
EndGlobal
