Microsoft Visual Studio Solution File, Format Version 8.00
#
# $Id: VC71WorkspaceCreator.pm 1456 2008-07-18 16:05:54Z elliott_c $
#
# This file was generated by MPC.  Any changes made directly to
# this file will be lost the next time it is generated.
#
# MPC Command:
# /export/anduriltmp/bczar/DOC_ROOT/stage-4800/ACE_wrappers/bin/mwc.pl -type vc71 -recurse -hierarchy -relative ACE_ROOT=/export/anduriltmp/bczar/DOC_ROOT/stage-4800/ACE_wrappers -relative TAO_ROOT=/export/anduriltmp/bczar/DOC_ROOT/stage-4800/ACE_wrappers/TAO -relative CIAO_ROOT=/export/anduriltmp/bczar/DOC_ROOT/stage-4800/ACE_wrappers/TAO/CIAO -name_modifier "*_vc71"
Project("{8BC9CEB8-8B4A-11D0-8D11-00A0C91BC942}") = "TLI_SAP_ATM_Client", "TLI_SAP_ATM_Client_vc71.vcproj", "{94DDB5B0-FECA-1BAD-A742-DAEFE2224251}"
	ProjectSection(ProjectDependencies) = postProject
	EndProjectSection
EndProject
Project("{8BC9CEB8-8B4A-11D0-8D11-00A0C91BC942}") = "TLI_SAP_ATM_Server", "TLI_SAP_ATM_Server_vc71.vcproj", "{376BB4B8-FECA-1BAD-A742-DAEFE2224251}"
	ProjectSection(ProjectDependencies) = postProject
	EndProjectSection
EndProject
Project("{8BC9CEB8-8B4A-11D0-8D11-00A0C91BC942}") = "TLI_SAP_CPP_Client", "TLI_SAP_CPP_Client_vc71.vcproj", "{94F865B0-FECA-1BAD-A742-DAEFE2224251}"
	ProjectSection(ProjectDependencies) = postProject
	EndProjectSection
EndProject
Project("{8BC9CEB8-8B4A-11D0-8D11-00A0C91BC942}") = "TLI_SAP_CPP_Server", "TLI_SAP_CPP_Server_vc71.vcproj", "{374E64B8-FECA-1BAD-A742-DAEFE2224251}"
	ProjectSection(ProjectDependencies) = postProject
	EndProjectSection
EndProject
Project("{8BC9CEB8-8B4A-11D0-8D11-00A0C91BC942}") = "TLI_SAP_Db_Client", "TLI_SAP_Db_Client_vc71.vcproj", "{8F770363-FECA-1BAD-A742-DAEFE2224251}"
	ProjectSection(ProjectDependencies) = postProject
	EndProjectSection
EndProject
Project("{8BC9CEB8-8B4A-11D0-8D11-00A0C91BC942}") = "TLI_SAP_Db_Server", "TLI_SAP_Db_Server_vc71.vcproj", "{2CC1026B-FECA-1BAD-A742-DAEFE2224251}"
	ProjectSection(ProjectDependencies) = postProject
	EndProjectSection
EndProject
Project("{8BC9CEB8-8B4A-11D0-8D11-00A0C91BC942}") = "TLI_SAP_Ftp_Client", "TLI_SAP_Ftp_Client_vc71.vcproj", "{948E65B0-FECA-1BAD-A742-DAEFE2224251}"
	ProjectSection(ProjectDependencies) = postProject
	EndProjectSection
EndProject
Project("{8BC9CEB8-8B4A-11D0-8D11-00A0C91BC942}") = "TLI_SAP_Ftp_Server", "TLI_SAP_Ftp_Server_vc71.vcproj", "{373864B8-FECA-1BAD-A742-DAEFE2224251}"
	ProjectSection(ProjectDependencies) = postProject
	EndProjectSection
EndProject
Global
	GlobalSection(SolutionConfiguration) = preSolution
		Debug = Debug
		Release = Release
	EndGlobalSection
	GlobalSection(ProjectConfiguration) = postSolution
		{94DDB5B0-FECA-1BAD-A742-DAEFE2224251}.Debug.ActiveCfg = Debug|Win32
		{94DDB5B0-FECA-1BAD-A742-DAEFE2224251}.Debug.Build.0 = Debug|Win32
		{94DDB5B0-FECA-1BAD-A742-DAEFE2224251}.Release.ActiveCfg = Release|Win32
		{94DDB5B0-FECA-1BAD-A742-DAEFE2224251}.Release.Build.0 = Release|Win32
		{376BB4B8-FECA-1BAD-A742-DAEFE2224251}.Debug.ActiveCfg = Debug|Win32
		{376BB4B8-FECA-1BAD-A742-DAEFE2224251}.Debug.Build.0 = Debug|Win32
		{376BB4B8-FECA-1BAD-A742-DAEFE2224251}.Release.ActiveCfg = Release|Win32
		{376BB4B8-FECA-1BAD-A742-DAEFE2224251}.Release.Build.0 = Release|Win32
		{94F865B0-FECA-1BAD-A742-DAEFE2224251}.Debug.ActiveCfg = Debug|Win32
		{94F865B0-FECA-1BAD-A742-DAEFE2224251}.Debug.Build.0 = Debug|Win32
		{94F865B0-FECA-1BAD-A742-DAEFE2224251}.Release.ActiveCfg = Release|Win32
		{94F865B0-FECA-1BAD-A742-DAEFE2224251}.Release.Build.0 = Release|Win32
		{374E64B8-FECA-1BAD-A742-DAEFE2224251}.Debug.ActiveCfg = Debug|Win32
		{374E64B8-FECA-1BAD-A742-DAEFE2224251}.Debug.Build.0 = Debug|Win32
		{374E64B8-FECA-1BAD-A742-DAEFE2224251}.Release.ActiveCfg = Release|Win32
		{374E64B8-FECA-1BAD-A742-DAEFE2224251}.Release.Build.0 = Release|Win32
		{8F770363-FECA-1BAD-A742-DAEFE2224251}.Debug.ActiveCfg = Debug|Win32
		{8F770363-FECA-1BAD-A742-DAEFE2224251}.Debug.Build.0 = Debug|Win32
		{8F770363-FECA-1BAD-A742-DAEFE2224251}.Release.ActiveCfg = Release|Win32
		{8F770363-FECA-1BAD-A742-DAEFE2224251}.Release.Build.0 = Release|Win32
		{2CC1026B-FECA-1BAD-A742-DAEFE2224251}.Debug.ActiveCfg = Debug|Win32
		{2CC1026B-FECA-1BAD-A742-DAEFE2224251}.Debug.Build.0 = Debug|Win32
		{2CC1026B-FECA-1BAD-A742-DAEFE2224251}.Release.ActiveCfg = Release|Win32
		{2CC1026B-FECA-1BAD-A742-DAEFE2224251}.Release.Build.0 = Release|Win32
		{948E65B0-FECA-1BAD-A742-DAEFE2224251}.Debug.ActiveCfg = Debug|Win32
		{948E65B0-FECA-1BAD-A742-DAEFE2224251}.Debug.Build.0 = Debug|Win32
		{948E65B0-FECA-1BAD-A742-DAEFE2224251}.Release.ActiveCfg = Release|Win32
		{948E65B0-FECA-1BAD-A742-DAEFE2224251}.Release.Build.0 = Release|Win32
		{373864B8-FECA-1BAD-A742-DAEFE2224251}.Debug.ActiveCfg = Debug|Win32
		{373864B8-FECA-1BAD-A742-DAEFE2224251}.Debug.Build.0 = Debug|Win32
		{373864B8-FECA-1BAD-A742-DAEFE2224251}.Release.ActiveCfg = Release|Win32
		{373864B8-FECA-1BAD-A742-DAEFE2224251}.Release.Build.0 = Release|Win32
	EndGlobalSection
	GlobalSection(ExtensibilityGlobals) = postSolution
	EndGlobalSection
	GlobalSection(ExtensibilityAddIns) = postSolution
	EndGlobalSection
EndGlobal
