
Microsoft Visual Studio Solution File, Format Version 9.00
# Visual Studio 2005
# $Id: VC8WorkspaceCreator.pm 1456 2008-07-18 16:05:54Z elliott_c $
#
# This file was generated by MPC.  Any changes made directly to
# this file will be lost the next time it is generated.
#
# MPC Command:
# /export/anduriltmp/bczar/DOC_ROOT/stage-4800/ACE_wrappers/bin/mwc.pl -type vc8 -static -name_modifier "*_vc8_Static" -apply_project -exclude TAO/CIAO -recurse -hierarchy -relative ACE_ROOT=/export/anduriltmp/bczar/DOC_ROOT/stage-4800/ACE_wrappers -relative TAO_ROOT=/export/anduriltmp/bczar/DOC_ROOT/stage-4800/ACE_wrappers/TAO -relative CIAO_ROOT=/export/anduriltmp/bczar/DOC_ROOT/stage-4800/ACE_wrappers/TAO/CIAO
Project("{8BC9CEB8-8B4A-11D0-8D11-00A0C91BC942}") = "Proactor_Cancel_vc8_Static", "Proactor_Cancel_vc8_Static.vcproj", "{0A514319-FECA-1BAD-4285-FEF4D9674FBD}"
EndProject
Project("{8BC9CEB8-8B4A-11D0-8D11-00A0C91BC942}") = "Proactor_End_Event_Loops_vc8_Static", "Proactor_End_Event_Loops_vc8_Static.vcproj", "{B8C8A563-FECA-1BAD-4285-FEF4D9674FBD}"
EndProject
Project("{8BC9CEB8-8B4A-11D0-8D11-00A0C91BC942}") = "Proactor_Multiple_Loops_vc8_Static", "Proactor_Multiple_Loops_vc8_Static.vcproj", "{44FEEAB9-FECA-1BAD-4285-FEF4D9674FBD}"
EndProject
Project("{8BC9CEB8-8B4A-11D0-8D11-00A0C91BC942}") = "Proactor_Post_Completions_vc8_Static", "Proactor_Post_Completions_vc8_Static.vcproj", "{03C4737E-FECA-1BAD-4285-FEF4D9674FBD}"
EndProject
Project("{8BC9CEB8-8B4A-11D0-8D11-00A0C91BC942}") = "Proactor_Proactor_vc8_Static", "Proactor_Proactor_vc8_Static.vcproj", "{F7CAF808-FECA-1BAD-4285-FEF4D9674FBD}"
EndProject
Project("{8BC9CEB8-8B4A-11D0-8D11-00A0C91BC942}") = "Proactor_Timeout_vc8_Static", "Proactor_Timeout_vc8_Static.vcproj", "{78DAF1E3-FECA-1BAD-4285-FEF4D9674FBD}"
EndProject
Project("{8BC9CEB8-8B4A-11D0-8D11-00A0C91BC942}") = "Proactor_Udp_Proactor_vc8_Static", "Proactor_Udp_Proactor_vc8_Static.vcproj", "{AE98FB69-FECA-1BAD-4285-FEF4D9674FBD}"
EndProject
Global
	GlobalSection(SolutionConfigurationPlatforms) = preSolution
		Debug|Win32 = Debug|Win32
		Debug|x64 = Debug|x64
		Release|Win32 = Release|Win32
		Release|x64 = Release|x64
	EndGlobalSection
	GlobalSection(ProjectConfigurationPlatforms) = postSolution
		{0A514319-FECA-1BAD-4285-FEF4D9674FBD}.Debug|Win32.ActiveCfg = Debug|Win32
		{0A514319-FECA-1BAD-4285-FEF4D9674FBD}.Debug|Win32.Build.0 = Debug|Win32
		{0A514319-FECA-1BAD-4285-FEF4D9674FBD}.Debug|x64.ActiveCfg = Debug|x64
		{0A514319-FECA-1BAD-4285-FEF4D9674FBD}.Debug|x64.Build.0 = Debug|x64
		{0A514319-FECA-1BAD-4285-FEF4D9674FBD}.Release|Win32.ActiveCfg = Release|Win32
		{0A514319-FECA-1BAD-4285-FEF4D9674FBD}.Release|Win32.Build.0 = Release|Win32
		{0A514319-FECA-1BAD-4285-FEF4D9674FBD}.Release|x64.ActiveCfg = Release|x64
		{0A514319-FECA-1BAD-4285-FEF4D9674FBD}.Release|x64.Build.0 = Release|x64
		{B8C8A563-FECA-1BAD-4285-FEF4D9674FBD}.Debug|Win32.ActiveCfg = Debug|Win32
		{B8C8A563-FECA-1BAD-4285-FEF4D9674FBD}.Debug|Win32.Build.0 = Debug|Win32
		{B8C8A563-FECA-1BAD-4285-FEF4D9674FBD}.Debug|x64.ActiveCfg = Debug|x64
		{B8C8A563-FECA-1BAD-4285-FEF4D9674FBD}.Debug|x64.Build.0 = Debug|x64
		{B8C8A563-FECA-1BAD-4285-FEF4D9674FBD}.Release|Win32.ActiveCfg = Release|Win32
		{B8C8A563-FECA-1BAD-4285-FEF4D9674FBD}.Release|Win32.Build.0 = Release|Win32
		{B8C8A563-FECA-1BAD-4285-FEF4D9674FBD}.Release|x64.ActiveCfg = Release|x64
		{B8C8A563-FECA-1BAD-4285-FEF4D9674FBD}.Release|x64.Build.0 = Release|x64
		{44FEEAB9-FECA-1BAD-4285-FEF4D9674FBD}.Debug|Win32.ActiveCfg = Debug|Win32
		{44FEEAB9-FECA-1BAD-4285-FEF4D9674FBD}.Debug|Win32.Build.0 = Debug|Win32
		{44FEEAB9-FECA-1BAD-4285-FEF4D9674FBD}.Debug|x64.ActiveCfg = Debug|x64
		{44FEEAB9-FECA-1BAD-4285-FEF4D9674FBD}.Debug|x64.Build.0 = Debug|x64
		{44FEEAB9-FECA-1BAD-4285-FEF4D9674FBD}.Release|Win32.ActiveCfg = Release|Win32
		{44FEEAB9-FECA-1BAD-4285-FEF4D9674FBD}.Release|Win32.Build.0 = Release|Win32
		{44FEEAB9-FECA-1BAD-4285-FEF4D9674FBD}.Release|x64.ActiveCfg = Release|x64
		{44FEEAB9-FECA-1BAD-4285-FEF4D9674FBD}.Release|x64.Build.0 = Release|x64
		{03C4737E-FECA-1BAD-4285-FEF4D9674FBD}.Debug|Win32.ActiveCfg = Debug|Win32
		{03C4737E-FECA-1BAD-4285-FEF4D9674FBD}.Debug|Win32.Build.0 = Debug|Win32
		{03C4737E-FECA-1BAD-4285-FEF4D9674FBD}.Debug|x64.ActiveCfg = Debug|x64
		{03C4737E-FECA-1BAD-4285-FEF4D9674FBD}.Debug|x64.Build.0 = Debug|x64
		{03C4737E-FECA-1BAD-4285-FEF4D9674FBD}.Release|Win32.ActiveCfg = Release|Win32
		{03C4737E-FECA-1BAD-4285-FEF4D9674FBD}.Release|Win32.Build.0 = Release|Win32
		{03C4737E-FECA-1BAD-4285-FEF4D9674FBD}.Release|x64.ActiveCfg = Release|x64
		{03C4737E-FECA-1BAD-4285-FEF4D9674FBD}.Release|x64.Build.0 = Release|x64
		{F7CAF808-FECA-1BAD-4285-FEF4D9674FBD}.Debug|Win32.ActiveCfg = Debug|Win32
		{F7CAF808-FECA-1BAD-4285-FEF4D9674FBD}.Debug|Win32.Build.0 = Debug|Win32
		{F7CAF808-FECA-1BAD-4285-FEF4D9674FBD}.Debug|x64.ActiveCfg = Debug|x64
		{F7CAF808-FECA-1BAD-4285-FEF4D9674FBD}.Debug|x64.Build.0 = Debug|x64
		{F7CAF808-FECA-1BAD-4285-FEF4D9674FBD}.Release|Win32.ActiveCfg = Release|Win32
		{F7CAF808-FECA-1BAD-4285-FEF4D9674FBD}.Release|Win32.Build.0 = Release|Win32
		{F7CAF808-FECA-1BAD-4285-FEF4D9674FBD}.Release|x64.ActiveCfg = Release|x64
		{F7CAF808-FECA-1BAD-4285-FEF4D9674FBD}.Release|x64.Build.0 = Release|x64
		{78DAF1E3-FECA-1BAD-4285-FEF4D9674FBD}.Debug|Win32.ActiveCfg = Debug|Win32
		{78DAF1E3-FECA-1BAD-4285-FEF4D9674FBD}.Debug|Win32.Build.0 = Debug|Win32
		{78DAF1E3-FECA-1BAD-4285-FEF4D9674FBD}.Debug|x64.ActiveCfg = Debug|x64
		{78DAF1E3-FECA-1BAD-4285-FEF4D9674FBD}.Debug|x64.Build.0 = Debug|x64
		{78DAF1E3-FECA-1BAD-4285-FEF4D9674FBD}.Release|Win32.ActiveCfg = Release|Win32
		{78DAF1E3-FECA-1BAD-4285-FEF4D9674FBD}.Release|Win32.Build.0 = Release|Win32
		{78DAF1E3-FECA-1BAD-4285-FEF4D9674FBD}.Release|x64.ActiveCfg = Release|x64
		{78DAF1E3-FECA-1BAD-4285-FEF4D9674FBD}.Release|x64.Build.0 = Release|x64
		{AE98FB69-FECA-1BAD-4285-FEF4D9674FBD}.Debug|Win32.ActiveCfg = Debug|Win32
		{AE98FB69-FECA-1BAD-4285-FEF4D9674FBD}.Debug|Win32.Build.0 = Debug|Win32
		{AE98FB69-FECA-1BAD-4285-FEF4D9674FBD}.Debug|x64.ActiveCfg = Debug|x64
		{AE98FB69-FECA-1BAD-4285-FEF4D9674FBD}.Debug|x64.Build.0 = Debug|x64
		{AE98FB69-FECA-1BAD-4285-FEF4D9674FBD}.Release|Win32.ActiveCfg = Release|Win32
		{AE98FB69-FECA-1BAD-4285-FEF4D9674FBD}.Release|Win32.Build.0 = Release|Win32
		{AE98FB69-FECA-1BAD-4285-FEF4D9674FBD}.Release|x64.ActiveCfg = Release|x64
		{AE98FB69-FECA-1BAD-4285-FEF4D9674FBD}.Release|x64.Build.0 = Release|x64
	EndGlobalSection
	GlobalSection(SolutionProperties) = preSolution
		HideSolutionNode = FALSE
	EndGlobalSection
EndGlobal
