Microsoft Visual Studio Solution File, Format Version 8.00
#
# $Id: VC71WorkspaceCreator.pm 1456 2008-07-18 16:05:54Z elliott_c $
#
# This file was generated by MPC.  Any changes made directly to
# this file will be lost the next time it is generated.
#
# MPC Command:
# /export/anduriltmp/bczar/DOC_ROOT/stage-4800/ACE_wrappers/bin/mwc.pl -type vc71 -recurse -hierarchy -relative ACE_ROOT=/export/anduriltmp/bczar/DOC_ROOT/stage-4800/ACE_wrappers -relative TAO_ROOT=/export/anduriltmp/bczar/DOC_ROOT/stage-4800/ACE_wrappers/TAO -relative CIAO_ROOT=/export/anduriltmp/bczar/DOC_ROOT/stage-4800/ACE_wrappers/TAO/CIAO -name_modifier "*_vc71"
Project("{8BC9CEB8-8B4A-11D0-8D11-00A0C91BC942}") = "HTBP", "HTBP\HTBP_vc71.vcproj", "{E971F49A-FECA-1BAD-D072-8A6765C638CD}"
	ProjectSection(ProjectDependencies) = postProject
	EndProjectSection
EndProject
Project("{8BC9CEB8-8B4A-11D0-8D11-00A0C91BC942}") = "RMCast", "RMCast\RMCast_vc71.vcproj", "{6F45F1F7-FECA-1BAD-5646-8F0AC781EB21}"
	ProjectSection(ProjectDependencies) = postProject
	EndProjectSection
EndProject
Project("{8BC9CEB8-8B4A-11D0-8D11-00A0C91BC942}") = "TMCast", "TMCast\TMCast_vc71.vcproj", "{6F45F197-FECA-1BAD-5646-8F6AC7E1EB21}"
	ProjectSection(ProjectDependencies) = postProject
	EndProjectSection
EndProject
Global
	GlobalSection(SolutionConfiguration) = preSolution
		Debug = Debug
		Release = Release
	EndGlobalSection
	GlobalSection(ProjectConfiguration) = postSolution
		{E971F49A-FECA-1BAD-D072-8A6765C638CD}.Debug.ActiveCfg = Debug|Win32
		{E971F49A-FECA-1BAD-D072-8A6765C638CD}.Debug.Build.0 = Debug|Win32
		{E971F49A-FECA-1BAD-D072-8A6765C638CD}.Release.ActiveCfg = Release|Win32
		{E971F49A-FECA-1BAD-D072-8A6765C638CD}.Release.Build.0 = Release|Win32
		{6F45F1F7-FECA-1BAD-5646-8F0AC781EB21}.Debug.ActiveCfg = Debug|Win32
		{6F45F1F7-FECA-1BAD-5646-8F0AC781EB21}.Debug.Build.0 = Debug|Win32
		{6F45F1F7-FECA-1BAD-5646-8F0AC781EB21}.Release.ActiveCfg = Release|Win32
		{6F45F1F7-FECA-1BAD-5646-8F0AC781EB21}.Release.Build.0 = Release|Win32
		{6F45F197-FECA-1BAD-5646-8F6AC7E1EB21}.Debug.ActiveCfg = Debug|Win32
		{6F45F197-FECA-1BAD-5646-8F6AC7E1EB21}.Debug.Build.0 = Debug|Win32
		{6F45F197-FECA-1BAD-5646-8F6AC7E1EB21}.Release.ActiveCfg = Release|Win32
		{6F45F197-FECA-1BAD-5646-8F6AC7E1EB21}.Release.Build.0 = Release|Win32
	EndGlobalSection
	GlobalSection(ExtensibilityGlobals) = postSolution
	EndGlobalSection
	GlobalSection(ExtensibilityAddIns) = postSolution
	EndGlobalSection
EndGlobal
