Microsoft Visual Studio Solution File, Format Version 8.00
#
# $Id: VC71WorkspaceCreator.pm 1456 2008-07-18 16:05:54Z elliott_c $
#
# This file was generated by MPC.  Any changes made directly to
# this file will be lost the next time it is generated.
#
# MPC Command:
# /export/anduriltmp/bczar/DOC_ROOT/stage-4800/ACE_wrappers/bin/mwc.pl -type vc71 -static -name_modifier "*_vc71_Static" -apply_project -exclude TAO/CIAO -recurse -hierarchy -relative ACE_ROOT=/export/anduriltmp/bczar/DOC_ROOT/stage-4800/ACE_wrappers -relative TAO_ROOT=/export/anduriltmp/bczar/DOC_ROOT/stage-4800/ACE_wrappers/TAO -relative CIAO_ROOT=/export/anduriltmp/bczar/DOC_ROOT/stage-4800/ACE_wrappers/TAO/CIAO
Project("{8BC9CEB8-8B4A-11D0-8D11-00A0C91BC942}") = "QOS_Change_Receiver_FlowSpec_Receiver_vc71_Static", "Change_Receiver_FlowSpec\QOS_Change_Receiver_FlowSpec_Receiver_vc71_Static.vcproj", "{6D20EF41-FECA-1BAD-0E85-EBA244F1E073}"
	ProjectSection(ProjectDependencies) = postProject
	EndProjectSection
EndProject
Project("{8BC9CEB8-8B4A-11D0-8D11-00A0C91BC942}") = "QOS_Change_Receiver_FlowSpec_Sender_vc71_Static", "Change_Receiver_FlowSpec\QOS_Change_Receiver_FlowSpec_Sender_vc71_Static.vcproj", "{A48CA871-FECA-1BAD-0E85-EBA244F1E073}"
	ProjectSection(ProjectDependencies) = postProject
	EndProjectSection
EndProject
Project("{8BC9CEB8-8B4A-11D0-8D11-00A0C91BC942}") = "QOS_Change_Sender_TSpec_Receiver_vc71_Static", "Change_Sender_TSpec\QOS_Change_Sender_TSpec_Receiver_vc71_Static.vcproj", "{C3F17D8D-FECA-1BAD-A054-796EFDE2E205}"
	ProjectSection(ProjectDependencies) = postProject
	EndProjectSection
EndProject
Project("{8BC9CEB8-8B4A-11D0-8D11-00A0C91BC942}") = "QOS_Change_Sender_TSpec_Sender_vc71_Static", "Change_Sender_TSpec\QOS_Change_Sender_TSpec_Sender_vc71_Static.vcproj", "{682279E3-FECA-1BAD-A054-796EFDE2E205}"
	ProjectSection(ProjectDependencies) = postProject
	EndProjectSection
EndProject
Project("{8BC9CEB8-8B4A-11D0-8D11-00A0C91BC942}") = "QOS_Diffserv_Client_vc71_Static", "Diffserv\QOS_Diffserv_Client_vc71_Static.vcproj", "{F691722F-FECA-1BAD-083F-A5670A34E6C9}"
	ProjectSection(ProjectDependencies) = postProject
	EndProjectSection
EndProject
Project("{8BC9CEB8-8B4A-11D0-8D11-00A0C91BC942}") = "QOS_Diffserv_Server_vc71_Static", "Diffserv\QOS_Diffserv_Server_vc71_Static.vcproj", "{7CAA123F-FECA-1BAD-083F-A5670A34E6C9}"
	ProjectSection(ProjectDependencies) = postProject
	EndProjectSection
EndProject
Project("{8BC9CEB8-8B4A-11D0-8D11-00A0C91BC942}") = "QOS_Simple_Receiver_vc71_Static", "Simple\QOS_Simple_Receiver_vc71_Static.vcproj", "{C058E4DF-FECA-1BAD-A3FD-E03C9E7A9311}"
	ProjectSection(ProjectDependencies) = postProject
	EndProjectSection
EndProject
Project("{8BC9CEB8-8B4A-11D0-8D11-00A0C91BC942}") = "QOS_Simple_Sender_vc71_Static", "Simple\QOS_Simple_Sender_vc71_Static.vcproj", "{3A21D07A-FECA-1BAD-A3FD-E03C9E7A9311}"
	ProjectSection(ProjectDependencies) = postProject
	EndProjectSection
EndProject
Global
	GlobalSection(SolutionConfiguration) = preSolution
		Debug = Debug
		Release = Release
	EndGlobalSection
	GlobalSection(ProjectConfiguration) = postSolution
		{6D20EF41-FECA-1BAD-0E85-EBA244F1E073}.Debug.ActiveCfg = Debug|Win32
		{6D20EF41-FECA-1BAD-0E85-EBA244F1E073}.Debug.Build.0 = Debug|Win32
		{6D20EF41-FECA-1BAD-0E85-EBA244F1E073}.Release.ActiveCfg = Release|Win32
		{6D20EF41-FECA-1BAD-0E85-EBA244F1E073}.Release.Build.0 = Release|Win32
		{A48CA871-FECA-1BAD-0E85-EBA244F1E073}.Debug.ActiveCfg = Debug|Win32
		{A48CA871-FECA-1BAD-0E85-EBA244F1E073}.Debug.Build.0 = Debug|Win32
		{A48CA871-FECA-1BAD-0E85-EBA244F1E073}.Release.ActiveCfg = Release|Win32
		{A48CA871-FECA-1BAD-0E85-EBA244F1E073}.Release.Build.0 = Release|Win32
		{C3F17D8D-FECA-1BAD-A054-796EFDE2E205}.Debug.ActiveCfg = Debug|Win32
		{C3F17D8D-FECA-1BAD-A054-796EFDE2E205}.Debug.Build.0 = Debug|Win32
		{C3F17D8D-FECA-1BAD-A054-796EFDE2E205}.Release.ActiveCfg = Release|Win32
		{C3F17D8D-FECA-1BAD-A054-796EFDE2E205}.Release.Build.0 = Release|Win32
		{682279E3-FECA-1BAD-A054-796EFDE2E205}.Debug.ActiveCfg = Debug|Win32
		{682279E3-FECA-1BAD-A054-796EFDE2E205}.Debug.Build.0 = Debug|Win32
		{682279E3-FECA-1BAD-A054-796EFDE2E205}.Release.ActiveCfg = Release|Win32
		{682279E3-FECA-1BAD-A054-796EFDE2E205}.Release.Build.0 = Release|Win32
		{F691722F-FECA-1BAD-083F-A5670A34E6C9}.Debug.ActiveCfg = Debug|Win32
		{F691722F-FECA-1BAD-083F-A5670A34E6C9}.Debug.Build.0 = Debug|Win32
		{F691722F-FECA-1BAD-083F-A5670A34E6C9}.Release.ActiveCfg = Release|Win32
		{F691722F-FECA-1BAD-083F-A5670A34E6C9}.Release.Build.0 = Release|Win32
		{7CAA123F-FECA-1BAD-083F-A5670A34E6C9}.Debug.ActiveCfg = Debug|Win32
		{7CAA123F-FECA-1BAD-083F-A5670A34E6C9}.Debug.Build.0 = Debug|Win32
		{7CAA123F-FECA-1BAD-083F-A5670A34E6C9}.Release.ActiveCfg = Release|Win32
		{7CAA123F-FECA-1BAD-083F-A5670A34E6C9}.Release.Build.0 = Release|Win32
		{C058E4DF-FECA-1BAD-A3FD-E03C9E7A9311}.Debug.ActiveCfg = Debug|Win32
		{C058E4DF-FECA-1BAD-A3FD-E03C9E7A9311}.Debug.Build.0 = Debug|Win32
		{C058E4DF-FECA-1BAD-A3FD-E03C9E7A9311}.Release.ActiveCfg = Release|Win32
		{C058E4DF-FECA-1BAD-A3FD-E03C9E7A9311}.Release.Build.0 = Release|Win32
		{3A21D07A-FECA-1BAD-A3FD-E03C9E7A9311}.Debug.ActiveCfg = Debug|Win32
		{3A21D07A-FECA-1BAD-A3FD-E03C9E7A9311}.Debug.Build.0 = Debug|Win32
		{3A21D07A-FECA-1BAD-A3FD-E03C9E7A9311}.Release.ActiveCfg = Release|Win32
		{3A21D07A-FECA-1BAD-A3FD-E03C9E7A9311}.Release.Build.0 = Release|Win32
	EndGlobalSection
	GlobalSection(ExtensibilityGlobals) = postSolution
	EndGlobalSection
	GlobalSection(ExtensibilityAddIns) = postSolution
	EndGlobalSection
EndGlobal
