Microsoft Visual Studio Solution File, Format Version 8.00
#
# $Id: VC71WorkspaceCreator.pm 1456 2008-07-18 16:05:54Z elliott_c $
#
# This file was generated by MPC.  Any changes made directly to
# this file will be lost the next time it is generated.
#
# MPC Command:
# /export/anduriltmp/bczar/DOC_ROOT/stage-4800/ACE_wrappers/bin/mwc.pl -type vc71 -static -name_modifier "*_vc71_Static" -apply_project -exclude TAO/CIAO -recurse -hierarchy -relative ACE_ROOT=/export/anduriltmp/bczar/DOC_ROOT/stage-4800/ACE_wrappers -relative TAO_ROOT=/export/anduriltmp/bczar/DOC_ROOT/stage-4800/ACE_wrappers/TAO -relative CIAO_ROOT=/export/anduriltmp/bczar/DOC_ROOT/stage-4800/ACE_wrappers/TAO/CIAO
Project("{8BC9CEB8-8B4A-11D0-8D11-00A0C91BC942}") = "Logger_Acceptor_Server_vc71_Static", "Acceptor-server\Logger_Acceptor_Server_vc71_Static.vcproj", "{BBC2D62F-FECA-1BAD-662F-43CD8940E20F}"
	ProjectSection(ProjectDependencies) = postProject
	EndProjectSection
EndProject
Project("{8BC9CEB8-8B4A-11D0-8D11-00A0C91BC942}") = "Logger_client_vc71_Static", "client\Logger_client_vc71_Static.vcproj", "{5B886D24-FECA-1BAD-6284-F3735A1E8AC4}"
	ProjectSection(ProjectDependencies) = postProject
	EndProjectSection
EndProject
Project("{8BC9CEB8-8B4A-11D0-8D11-00A0C91BC942}") = "Logger_Simple_Server_vc71_Static", "simple-server\Logger_Simple_Server_vc71_Static.vcproj", "{6D95986A-FECA-1BAD-035B-A7907FE3EDDD}"
	ProjectSection(ProjectDependencies) = postProject
	EndProjectSection
EndProject
Global
	GlobalSection(SolutionConfiguration) = preSolution
		Debug = Debug
		Release = Release
	EndGlobalSection
	GlobalSection(ProjectConfiguration) = postSolution
		{BBC2D62F-FECA-1BAD-662F-43CD8940E20F}.Debug.ActiveCfg = Debug|Win32
		{BBC2D62F-FECA-1BAD-662F-43CD8940E20F}.Debug.Build.0 = Debug|Win32
		{BBC2D62F-FECA-1BAD-662F-43CD8940E20F}.Release.ActiveCfg = Release|Win32
		{BBC2D62F-FECA-1BAD-662F-43CD8940E20F}.Release.Build.0 = Release|Win32
		{5B886D24-FECA-1BAD-6284-F3735A1E8AC4}.Debug.ActiveCfg = Debug|Win32
		{5B886D24-FECA-1BAD-6284-F3735A1E8AC4}.Debug.Build.0 = Debug|Win32
		{5B886D24-FECA-1BAD-6284-F3735A1E8AC4}.Release.ActiveCfg = Release|Win32
		{5B886D24-FECA-1BAD-6284-F3735A1E8AC4}.Release.Build.0 = Release|Win32
		{6D95986A-FECA-1BAD-035B-A7907FE3EDDD}.Debug.ActiveCfg = Debug|Win32
		{6D95986A-FECA-1BAD-035B-A7907FE3EDDD}.Debug.Build.0 = Debug|Win32
		{6D95986A-FECA-1BAD-035B-A7907FE3EDDD}.Release.ActiveCfg = Release|Win32
		{6D95986A-FECA-1BAD-035B-A7907FE3EDDD}.Release.Build.0 = Release|Win32
	EndGlobalSection
	GlobalSection(ExtensibilityGlobals) = postSolution
	EndGlobalSection
	GlobalSection(ExtensibilityAddIns) = postSolution
	EndGlobalSection
EndGlobal
