<?xml version="1.0" encoding="utf-8"?>
<Project ToolsVersion="4.0" xmlns="http://schemas.microsoft.com/developer/msbuild/2003">
  <ItemGroup>
    <Filter Include="Source Files">
      <UniqueIdentifier>{3f674fa0-4828-4fbc-bf8d-2ed1b2e5e3a0}</UniqueIdentifier>
      <Extensions>cpp;cxx;cc;C;c</Extensions>
    </Filter>
    <Filter Include="Header Files">
      <UniqueIdentifier>{8e4d0094-cb82-4ffb-9d76-7dcb2a356f87}</UniqueIdentifier>
      <Extensions>h;hpp;hxx;hh</Extensions>
    </Filter>
    <Filter Include="Template Files">
      <UniqueIdentifier>{6f05815f-8ccb-4394-903a-d1aaace28a14}</UniqueIdentifier>
    </Filter>
  </ItemGroup>
  <ItemGroup>
    <ClCompile Include="..\common\Cfg.cpp">
      <Filter>Source Files</Filter>
    </ClCompile>
    <ClCompile Include="..\common\ProactorTask.cpp">
      <Filter>Source Files</Filter>
    </ClCompile>
    <ClCompile Include="..\common\TaskPool.cpp">
      <Filter>Source Files</Filter>
    </ClCompile>
    <ClCompile Include="U_Test.cpp">
      <Filter>Source Files</Filter>
    </ClCompile>
    <ClCompile Include="..\common\Asynch_RW.cpp">
      <Filter>Template Files</Filter>
    </ClCompile>
  </ItemGroup>
  <ItemGroup>
    <ClInclude Include="..\common\Asynch_RW.h">
      <Filter>Header Files</Filter>
    </ClInclude>
    <ClInclude Include="..\common\Cfg.h">
      <Filter>Header Files</Filter>
    </ClInclude>
    <ClInclude Include="..\common\ProactorTask.h">
      <Filter>Header Files</Filter>
    </ClInclude>
    <ClInclude Include="..\common\TaskPool.h">
      <Filter>Header Files</Filter>
    </ClInclude>
    <ClInclude Include="U_Test.h">
      <Filter>Header Files</Filter>
    </ClInclude>
  </ItemGroup>
</Project>