Microsoft Visual Studio Solution File, Format Version 8.00
#
# $Id: VC71WorkspaceCreator.pm 1456 2008-07-18 16:05:54Z elliott_c $
#
# This file was generated by MPC.  Any changes made directly to
# this file will be lost the next time it is generated.
#
# MPC Command:
# /export/anduriltmp/bczar/DOC_ROOT/stage-4800/ACE_wrappers/bin/mwc.pl -type vc71 -recurse -hierarchy -relative ACE_ROOT=/export/anduriltmp/bczar/DOC_ROOT/stage-4800/ACE_wrappers -relative TAO_ROOT=/export/anduriltmp/bczar/DOC_ROOT/stage-4800/ACE_wrappers/TAO -relative CIAO_ROOT=/export/anduriltmp/bczar/DOC_ROOT/stage-4800/ACE_wrappers/TAO/CIAO -name_modifier "*_vc71"
Project("{8BC9CEB8-8B4A-11D0-8D11-00A0C91BC942}") = "ARGV_Example", "ARGV_Example_vc71.vcproj", "{D987467D-FECA-1BAD-80F5-8C3ADF7CB45D}"
	ProjectSection(ProjectDependencies) = postProject
	EndProjectSection
EndProject
Project("{8BC9CEB8-8B4A-11D0-8D11-00A0C91BC942}") = "Config_HA_Status", "Config_HA_Status_vc71.vcproj", "{A89AE75C-FECA-1BAD-80F5-8C3ADF7CB45D}"
	ProjectSection(ProjectDependencies) = postProject
	EndProjectSection
EndProject
Project("{8BC9CEB8-8B4A-11D0-8D11-00A0C91BC942}") = "Get_Opt_Long", "Get_Opt_Long_vc71.vcproj", "{829D7381-FECA-1BAD-80F5-8C3ADF7CB45D}"
	ProjectSection(ProjectDependencies) = postProject
	EndProjectSection
EndProject
Project("{8BC9CEB8-8B4A-11D0-8D11-00A0C91BC942}") = "Get_Opt", "Get_Opt_vc71.vcproj", "{8175B5BF-FECA-1BAD-80F5-8C3ADF7CB45D}"
	ProjectSection(ProjectDependencies) = postProject
	EndProjectSection
EndProject
Global
	GlobalSection(SolutionConfiguration) = preSolution
		Debug = Debug
		Release = Release
	EndGlobalSection
	GlobalSection(ProjectConfiguration) = postSolution
		{D987467D-FECA-1BAD-80F5-8C3ADF7CB45D}.Debug.ActiveCfg = Debug|Win32
		{D987467D-FECA-1BAD-80F5-8C3ADF7CB45D}.Debug.Build.0 = Debug|Win32
		{D987467D-FECA-1BAD-80F5-8C3ADF7CB45D}.Release.ActiveCfg = Release|Win32
		{D987467D-FECA-1BAD-80F5-8C3ADF7CB45D}.Release.Build.0 = Release|Win32
		{A89AE75C-FECA-1BAD-80F5-8C3ADF7CB45D}.Debug.ActiveCfg = Debug|Win32
		{A89AE75C-FECA-1BAD-80F5-8C3ADF7CB45D}.Debug.Build.0 = Debug|Win32
		{A89AE75C-FECA-1BAD-80F5-8C3ADF7CB45D}.Release.ActiveCfg = Release|Win32
		{A89AE75C-FECA-1BAD-80F5-8C3ADF7CB45D}.Release.Build.0 = Release|Win32
		{829D7381-FECA-1BAD-80F5-8C3ADF7CB45D}.Debug.ActiveCfg = Debug|Win32
		{829D7381-FECA-1BAD-80F5-8C3ADF7CB45D}.Debug.Build.0 = Debug|Win32
		{829D7381-FECA-1BAD-80F5-8C3ADF7CB45D}.Release.ActiveCfg = Release|Win32
		{829D7381-FECA-1BAD-80F5-8C3ADF7CB45D}.Release.Build.0 = Release|Win32
		{8175B5BF-FECA-1BAD-80F5-8C3ADF7CB45D}.Debug.ActiveCfg = Debug|Win32
		{8175B5BF-FECA-1BAD-80F5-8C3ADF7CB45D}.Debug.Build.0 = Debug|Win32
		{8175B5BF-FECA-1BAD-80F5-8C3ADF7CB45D}.Release.ActiveCfg = Release|Win32
		{8175B5BF-FECA-1BAD-80F5-8C3ADF7CB45D}.Release.Build.0 = Release|Win32
	EndGlobalSection
	GlobalSection(ExtensibilityGlobals) = postSolution
	EndGlobalSection
	GlobalSection(ExtensibilityAddIns) = postSolution
	EndGlobalSection
EndGlobal
