
Microsoft Visual Studio Solution File, Format Version 9.00
# Visual Studio 2005
# $Id: VC8WorkspaceCreator.pm 1456 2008-07-18 16:05:54Z elliott_c $
#
# This file was generated by MPC.  Any changes made directly to
# this file will be lost the next time it is generated.
#
# MPC Command:
# /export/anduriltmp/bczar/DOC_ROOT/stage-4800/ACE_wrappers/bin/mwc.pl -type vc8 -recurse -hierarchy -relative ACE_ROOT=/export/anduriltmp/bczar/DOC_ROOT/stage-4800/ACE_wrappers -relative TAO_ROOT=/export/anduriltmp/bczar/DOC_ROOT/stage-4800/ACE_wrappers/TAO -relative CIAO_ROOT=/export/anduriltmp/bczar/DOC_ROOT/stage-4800/ACE_wrappers/TAO/CIAO -name_modifier "*_vc8"
Project("{8BC9CEB8-8B4A-11D0-8D11-00A0C91BC942}") = "Bytes_Sent", "Bytes_Sent\Bytes_Sent_vc8.vcproj", "{0C788EBC-FECA-1BAD-57C8-A80928676C9D}"
	ProjectSection(ProjectDependencies) = postProject
		{6FE8A8C2-FECA-1BAD-6ECA-CFEF4570A0D1} = {6FE8A8C2-FECA-1BAD-6ECA-CFEF4570A0D1}
	EndProjectSection
EndProject
Project("{8BC9CEB8-8B4A-11D0-8D11-00A0C91BC942}") = "CPU_Load", "CPU_Load\CPU_Load_vc8.vcproj", "{13932ACA-FECA-1BAD-A972-EF683201A44B}"
	ProjectSection(ProjectDependencies) = postProject
		{6FE8A8C2-FECA-1BAD-6ECA-CFEF4570A0D1} = {6FE8A8C2-FECA-1BAD-6ECA-CFEF4570A0D1}
	EndProjectSection
EndProject
Project("{8BC9CEB8-8B4A-11D0-8D11-00A0C91BC942}") = "Constraint", "Constraint\Constraint_vc8.vcproj", "{EEB8F5D9-FECA-1BAD-7BCF-1E579E39409A}"
	ProjectSection(ProjectDependencies) = postProject
		{6FE8A8C2-FECA-1BAD-6ECA-CFEF4570A0D1} = {6FE8A8C2-FECA-1BAD-6ECA-CFEF4570A0D1}
	EndProjectSection
EndProject
Project("{8BC9CEB8-8B4A-11D0-8D11-00A0C91BC942}") = "Group", "Group\Group_vc8.vcproj", "{AD862C9E-FECA-1BAD-4822-8A23D3F53880}"
	ProjectSection(ProjectDependencies) = postProject
		{6FE8A8C2-FECA-1BAD-6ECA-CFEF4570A0D1} = {6FE8A8C2-FECA-1BAD-6ECA-CFEF4570A0D1}
	EndProjectSection
EndProject
Project("{8BC9CEB8-8B4A-11D0-8D11-00A0C91BC942}") = "MC_Test_Utilities", "MC_Test_Utilities_vc8.vcproj", "{6FE8A8C2-FECA-1BAD-6ECA-CFEF4570A0D1}"
EndProject
Project("{8BC9CEB8-8B4A-11D0-8D11-00A0C91BC942}") = "Memory_Usage", "Memory_Usage\Memory_Usage_vc8.vcproj", "{C74EF950-FECA-1BAD-E4AF-D6C5519DB3A7}"
	ProjectSection(ProjectDependencies) = postProject
		{6FE8A8C2-FECA-1BAD-6ECA-CFEF4570A0D1} = {6FE8A8C2-FECA-1BAD-6ECA-CFEF4570A0D1}
	EndProjectSection
EndProject
Project("{8BC9CEB8-8B4A-11D0-8D11-00A0C91BC942}") = "Message_Queue_Size", "Message_Queue_Size\Message_Queue_Size_vc8.vcproj", "{1C056AFD-FECA-1BAD-5016-EC186C766B43}"
	ProjectSection(ProjectDependencies) = postProject
		{6FE8A8C2-FECA-1BAD-6ECA-CFEF4570A0D1} = {6FE8A8C2-FECA-1BAD-6ECA-CFEF4570A0D1}
	EndProjectSection
EndProject
Project("{8BC9CEB8-8B4A-11D0-8D11-00A0C91BC942}") = "Num_Threads", "Num_Threads\Num_Threads_vc8.vcproj", "{EEE496B5-FECA-1BAD-7E09-28970227CB7B}"
	ProjectSection(ProjectDependencies) = postProject
		{6FE8A8C2-FECA-1BAD-6ECA-CFEF4570A0D1} = {6FE8A8C2-FECA-1BAD-6ECA-CFEF4570A0D1}
	EndProjectSection
EndProject
Global
	GlobalSection(SolutionConfigurationPlatforms) = preSolution
		Debug|Win32 = Debug|Win32
		Debug|x64 = Debug|x64
		Release|Win32 = Release|Win32
		Release|x64 = Release|x64
	EndGlobalSection
	GlobalSection(ProjectConfigurationPlatforms) = postSolution
		{0C788EBC-FECA-1BAD-57C8-A80928676C9D}.Debug|Win32.ActiveCfg = Debug|Win32
		{0C788EBC-FECA-1BAD-57C8-A80928676C9D}.Debug|Win32.Build.0 = Debug|Win32
		{0C788EBC-FECA-1BAD-57C8-A80928676C9D}.Debug|x64.ActiveCfg = Debug|x64
		{0C788EBC-FECA-1BAD-57C8-A80928676C9D}.Debug|x64.Build.0 = Debug|x64
		{0C788EBC-FECA-1BAD-57C8-A80928676C9D}.Release|Win32.ActiveCfg = Release|Win32
		{0C788EBC-FECA-1BAD-57C8-A80928676C9D}.Release|Win32.Build.0 = Release|Win32
		{0C788EBC-FECA-1BAD-57C8-A80928676C9D}.Release|x64.ActiveCfg = Release|x64
		{0C788EBC-FECA-1BAD-57C8-A80928676C9D}.Release|x64.Build.0 = Release|x64
		{13932ACA-FECA-1BAD-A972-EF683201A44B}.Debug|Win32.ActiveCfg = Debug|Win32
		{13932ACA-FECA-1BAD-A972-EF683201A44B}.Debug|Win32.Build.0 = Debug|Win32
		{13932ACA-FECA-1BAD-A972-EF683201A44B}.Debug|x64.ActiveCfg = Debug|x64
		{13932ACA-FECA-1BAD-A972-EF683201A44B}.Debug|x64.Build.0 = Debug|x64
		{13932ACA-FECA-1BAD-A972-EF683201A44B}.Release|Win32.ActiveCfg = Release|Win32
		{13932ACA-FECA-1BAD-A972-EF683201A44B}.Release|Win32.Build.0 = Release|Win32
		{13932ACA-FECA-1BAD-A972-EF683201A44B}.Release|x64.ActiveCfg = Release|x64
		{13932ACA-FECA-1BAD-A972-EF683201A44B}.Release|x64.Build.0 = Release|x64
		{EEB8F5D9-FECA-1BAD-7BCF-1E579E39409A}.Debug|Win32.ActiveCfg = Debug|Win32
		{EEB8F5D9-FECA-1BAD-7BCF-1E579E39409A}.Debug|Win32.Build.0 = Debug|Win32
		{EEB8F5D9-FECA-1BAD-7BCF-1E579E39409A}.Debug|x64.ActiveCfg = Debug|x64
		{EEB8F5D9-FECA-1BAD-7BCF-1E579E39409A}.Debug|x64.Build.0 = Debug|x64
		{EEB8F5D9-FECA-1BAD-7BCF-1E579E39409A}.Release|Win32.ActiveCfg = Release|Win32
		{EEB8F5D9-FECA-1BAD-7BCF-1E579E39409A}.Release|Win32.Build.0 = Release|Win32
		{EEB8F5D9-FECA-1BAD-7BCF-1E579E39409A}.Release|x64.ActiveCfg = Release|x64
		{EEB8F5D9-FECA-1BAD-7BCF-1E579E39409A}.Release|x64.Build.0 = Release|x64
		{AD862C9E-FECA-1BAD-4822-8A23D3F53880}.Debug|Win32.ActiveCfg = Debug|Win32
		{AD862C9E-FECA-1BAD-4822-8A23D3F53880}.Debug|Win32.Build.0 = Debug|Win32
		{AD862C9E-FECA-1BAD-4822-8A23D3F53880}.Debug|x64.ActiveCfg = Debug|x64
		{AD862C9E-FECA-1BAD-4822-8A23D3F53880}.Debug|x64.Build.0 = Debug|x64
		{AD862C9E-FECA-1BAD-4822-8A23D3F53880}.Release|Win32.ActiveCfg = Release|Win32
		{AD862C9E-FECA-1BAD-4822-8A23D3F53880}.Release|Win32.Build.0 = Release|Win32
		{AD862C9E-FECA-1BAD-4822-8A23D3F53880}.Release|x64.ActiveCfg = Release|x64
		{AD862C9E-FECA-1BAD-4822-8A23D3F53880}.Release|x64.Build.0 = Release|x64
		{6FE8A8C2-FECA-1BAD-6ECA-CFEF4570A0D1}.Debug|Win32.ActiveCfg = Debug|Win32
		{6FE8A8C2-FECA-1BAD-6ECA-CFEF4570A0D1}.Debug|Win32.Build.0 = Debug|Win32
		{6FE8A8C2-FECA-1BAD-6ECA-CFEF4570A0D1}.Debug|x64.ActiveCfg = Debug|x64
		{6FE8A8C2-FECA-1BAD-6ECA-CFEF4570A0D1}.Debug|x64.Build.0 = Debug|x64
		{6FE8A8C2-FECA-1BAD-6ECA-CFEF4570A0D1}.Release|Win32.ActiveCfg = Release|Win32
		{6FE8A8C2-FECA-1BAD-6ECA-CFEF4570A0D1}.Release|Win32.Build.0 = Release|Win32
		{6FE8A8C2-FECA-1BAD-6ECA-CFEF4570A0D1}.Release|x64.ActiveCfg = Release|x64
		{6FE8A8C2-FECA-1BAD-6ECA-CFEF4570A0D1}.Release|x64.Build.0 = Release|x64
		{C74EF950-FECA-1BAD-E4AF-D6C5519DB3A7}.Debug|Win32.ActiveCfg = Debug|Win32
		{C74EF950-FECA-1BAD-E4AF-D6C5519DB3A7}.Debug|Win32.Build.0 = Debug|Win32
		{C74EF950-FECA-1BAD-E4AF-D6C5519DB3A7}.Debug|x64.ActiveCfg = Debug|x64
		{C74EF950-FECA-1BAD-E4AF-D6C5519DB3A7}.Debug|x64.Build.0 = Debug|x64
		{C74EF950-FECA-1BAD-E4AF-D6C5519DB3A7}.Release|Win32.ActiveCfg = Release|Win32
		{C74EF950-FECA-1BAD-E4AF-D6C5519DB3A7}.Release|Win32.Build.0 = Release|Win32
		{C74EF950-FECA-1BAD-E4AF-D6C5519DB3A7}.Release|x64.ActiveCfg = Release|x64
		{C74EF950-FECA-1BAD-E4AF-D6C5519DB3A7}.Release|x64.Build.0 = Release|x64
		{1C056AFD-FECA-1BAD-5016-EC186C766B43}.Debug|Win32.ActiveCfg = Debug|Win32
		{1C056AFD-FECA-1BAD-5016-EC186C766B43}.Debug|Win32.Build.0 = Debug|Win32
		{1C056AFD-FECA-1BAD-5016-EC186C766B43}.Debug|x64.ActiveCfg = Debug|x64
		{1C056AFD-FECA-1BAD-5016-EC186C766B43}.Debug|x64.Build.0 = Debug|x64
		{1C056AFD-FECA-1BAD-5016-EC186C766B43}.Release|Win32.ActiveCfg = Release|Win32
		{1C056AFD-FECA-1BAD-5016-EC186C766B43}.Release|Win32.Build.0 = Release|Win32
		{1C056AFD-FECA-1BAD-5016-EC186C766B43}.Release|x64.ActiveCfg = Release|x64
		{1C056AFD-FECA-1BAD-5016-EC186C766B43}.Release|x64.Build.0 = Release|x64
		{EEE496B5-FECA-1BAD-7E09-28970227CB7B}.Debug|Win32.ActiveCfg = Debug|Win32
		{EEE496B5-FECA-1BAD-7E09-28970227CB7B}.Debug|Win32.Build.0 = Debug|Win32
		{EEE496B5-FECA-1BAD-7E09-28970227CB7B}.Debug|x64.ActiveCfg = Debug|x64
		{EEE496B5-FECA-1BAD-7E09-28970227CB7B}.Debug|x64.Build.0 = Debug|x64
		{EEE496B5-FECA-1BAD-7E09-28970227CB7B}.Release|Win32.ActiveCfg = Release|Win32
		{EEE496B5-FECA-1BAD-7E09-28970227CB7B}.Release|Win32.Build.0 = Release|Win32
		{EEE496B5-FECA-1BAD-7E09-28970227CB7B}.Release|x64.ActiveCfg = Release|x64
		{EEE496B5-FECA-1BAD-7E09-28970227CB7B}.Release|x64.Build.0 = Release|x64
	EndGlobalSection
	GlobalSection(SolutionProperties) = preSolution
		HideSolutionNode = FALSE
	EndGlobalSection
EndGlobal
