
Microsoft Visual Studio Solution File, Format Version 9.00
# Visual Studio 2005
# $Id: VC8WorkspaceCreator.pm 1456 2008-07-18 16:05:54Z elliott_c $
#
# This file was generated by MPC.  Any changes made directly to
# this file will be lost the next time it is generated.
#
# MPC Command:
# /export/anduriltmp/bczar/DOC_ROOT/stage-4800/ACE_wrappers/bin/mwc.pl -type vc8 -static -name_modifier "*_vc8_Static" -apply_project -exclude TAO/CIAO -recurse -hierarchy -relative ACE_ROOT=/export/anduriltmp/bczar/DOC_ROOT/stage-4800/ACE_wrappers -relative TAO_ROOT=/export/anduriltmp/bczar/DOC_ROOT/stage-4800/ACE_wrappers/TAO -relative CIAO_ROOT=/export/anduriltmp/bczar/DOC_ROOT/stage-4800/ACE_wrappers/TAO/CIAO
Project("{8BC9CEB8-8B4A-11D0-8D11-00A0C91BC942}") = "Bytes_Sent_vc8_Static", "Bytes_Sent\Bytes_Sent_vc8_Static.vcproj", "{7EF79D17-FECA-1BAD-57C8-A80928676C9D}"
	ProjectSection(ProjectDependencies) = postProject
		{98CE9F70-FECA-1BAD-6ECA-CFEF4570A0D1} = {98CE9F70-FECA-1BAD-6ECA-CFEF4570A0D1}
	EndProjectSection
EndProject
Project("{8BC9CEB8-8B4A-11D0-8D11-00A0C91BC942}") = "CPU_Load_vc8_Static", "CPU_Load\CPU_Load_vc8_Static.vcproj", "{1F092750-FECA-1BAD-A972-EF683201A44B}"
	ProjectSection(ProjectDependencies) = postProject
		{98CE9F70-FECA-1BAD-6ECA-CFEF4570A0D1} = {98CE9F70-FECA-1BAD-6ECA-CFEF4570A0D1}
	EndProjectSection
EndProject
Project("{8BC9CEB8-8B4A-11D0-8D11-00A0C91BC942}") = "Constraint_vc8_Static", "Constraint\Constraint_vc8_Static.vcproj", "{20DB9AA1-FECA-1BAD-7BCF-1E579E39409A}"
	ProjectSection(ProjectDependencies) = postProject
		{98CE9F70-FECA-1BAD-6ECA-CFEF4570A0D1} = {98CE9F70-FECA-1BAD-6ECA-CFEF4570A0D1}
	EndProjectSection
EndProject
Project("{8BC9CEB8-8B4A-11D0-8D11-00A0C91BC942}") = "Group_vc8_Static", "Group\Group_vc8_Static.vcproj", "{54E87735-FECA-1BAD-4822-8A23D3F53880}"
	ProjectSection(ProjectDependencies) = postProject
		{98CE9F70-FECA-1BAD-6ECA-CFEF4570A0D1} = {98CE9F70-FECA-1BAD-6ECA-CFEF4570A0D1}
	EndProjectSection
EndProject
Project("{8BC9CEB8-8B4A-11D0-8D11-00A0C91BC942}") = "MC_Test_Utilities_vc8_Static", "MC_Test_Utilities_vc8_Static.vcproj", "{98CE9F70-FECA-1BAD-6ECA-CFEF4570A0D1}"
EndProject
Project("{8BC9CEB8-8B4A-11D0-8D11-00A0C91BC942}") = "Memory_Usage_vc8_Static", "Memory_Usage\Memory_Usage_vc8_Static.vcproj", "{B244FA69-FECA-1BAD-E4AF-D6C5519DB3A7}"
	ProjectSection(ProjectDependencies) = postProject
		{98CE9F70-FECA-1BAD-6ECA-CFEF4570A0D1} = {98CE9F70-FECA-1BAD-6ECA-CFEF4570A0D1}
	EndProjectSection
EndProject
Project("{8BC9CEB8-8B4A-11D0-8D11-00A0C91BC942}") = "Message_Queue_Size_vc8_Static", "Message_Queue_Size\Message_Queue_Size_vc8_Static.vcproj", "{6FF04353-FECA-1BAD-5016-EC186C766B43}"
	ProjectSection(ProjectDependencies) = postProject
		{98CE9F70-FECA-1BAD-6ECA-CFEF4570A0D1} = {98CE9F70-FECA-1BAD-6ECA-CFEF4570A0D1}
	EndProjectSection
EndProject
Project("{8BC9CEB8-8B4A-11D0-8D11-00A0C91BC942}") = "Num_Threads_vc8_Static", "Num_Threads\Num_Threads_vc8_Static.vcproj", "{E0DE5C97-FECA-1BAD-7E09-28970227CB7B}"
	ProjectSection(ProjectDependencies) = postProject
		{98CE9F70-FECA-1BAD-6ECA-CFEF4570A0D1} = {98CE9F70-FECA-1BAD-6ECA-CFEF4570A0D1}
	EndProjectSection
EndProject
Global
	GlobalSection(SolutionConfigurationPlatforms) = preSolution
		Debug|Win32 = Debug|Win32
		Debug|x64 = Debug|x64
		Release|Win32 = Release|Win32
		Release|x64 = Release|x64
	EndGlobalSection
	GlobalSection(ProjectConfigurationPlatforms) = postSolution
		{7EF79D17-FECA-1BAD-57C8-A80928676C9D}.Debug|Win32.ActiveCfg = Debug|Win32
		{7EF79D17-FECA-1BAD-57C8-A80928676C9D}.Debug|Win32.Build.0 = Debug|Win32
		{7EF79D17-FECA-1BAD-57C8-A80928676C9D}.Debug|x64.ActiveCfg = Debug|x64
		{7EF79D17-FECA-1BAD-57C8-A80928676C9D}.Debug|x64.Build.0 = Debug|x64
		{7EF79D17-FECA-1BAD-57C8-A80928676C9D}.Release|Win32.ActiveCfg = Release|Win32
		{7EF79D17-FECA-1BAD-57C8-A80928676C9D}.Release|Win32.Build.0 = Release|Win32
		{7EF79D17-FECA-1BAD-57C8-A80928676C9D}.Release|x64.ActiveCfg = Release|x64
		{7EF79D17-FECA-1BAD-57C8-A80928676C9D}.Release|x64.Build.0 = Release|x64
		{1F092750-FECA-1BAD-A972-EF683201A44B}.Debug|Win32.ActiveCfg = Debug|Win32
		{1F092750-FECA-1BAD-A972-EF683201A44B}.Debug|Win32.Build.0 = Debug|Win32
		{1F092750-FECA-1BAD-A972-EF683201A44B}.Debug|x64.ActiveCfg = Debug|x64
		{1F092750-FECA-1BAD-A972-EF683201A44B}.Debug|x64.Build.0 = Debug|x64
		{1F092750-FECA-1BAD-A972-EF683201A44B}.Release|Win32.ActiveCfg = Release|Win32
		{1F092750-FECA-1BAD-A972-EF683201A44B}.Release|Win32.Build.0 = Release|Win32
		{1F092750-FECA-1BAD-A972-EF683201A44B}.Release|x64.ActiveCfg = Release|x64
		{1F092750-FECA-1BAD-A972-EF683201A44B}.Release|x64.Build.0 = Release|x64
		{20DB9AA1-FECA-1BAD-7BCF-1E579E39409A}.Debug|Win32.ActiveCfg = Debug|Win32
		{20DB9AA1-FECA-1BAD-7BCF-1E579E39409A}.Debug|Win32.Build.0 = Debug|Win32
		{20DB9AA1-FECA-1BAD-7BCF-1E579E39409A}.Debug|x64.ActiveCfg = Debug|x64
		{20DB9AA1-FECA-1BAD-7BCF-1E579E39409A}.Debug|x64.Build.0 = Debug|x64
		{20DB9AA1-FECA-1BAD-7BCF-1E579E39409A}.Release|Win32.ActiveCfg = Release|Win32
		{20DB9AA1-FECA-1BAD-7BCF-1E579E39409A}.Release|Win32.Build.0 = Release|Win32
		{20DB9AA1-FECA-1BAD-7BCF-1E579E39409A}.Release|x64.ActiveCfg = Release|x64
		{20DB9AA1-FECA-1BAD-7BCF-1E579E39409A}.Release|x64.Build.0 = Release|x64
		{54E87735-FECA-1BAD-4822-8A23D3F53880}.Debug|Win32.ActiveCfg = Debug|Win32
		{54E87735-FECA-1BAD-4822-8A23D3F53880}.Debug|Win32.Build.0 = Debug|Win32
		{54E87735-FECA-1BAD-4822-8A23D3F53880}.Debug|x64.ActiveCfg = Debug|x64
		{54E87735-FECA-1BAD-4822-8A23D3F53880}.Debug|x64.Build.0 = Debug|x64
		{54E87735-FECA-1BAD-4822-8A23D3F53880}.Release|Win32.ActiveCfg = Release|Win32
		{54E87735-FECA-1BAD-4822-8A23D3F53880}.Release|Win32.Build.0 = Release|Win32
		{54E87735-FECA-1BAD-4822-8A23D3F53880}.Release|x64.ActiveCfg = Release|x64
		{54E87735-FECA-1BAD-4822-8A23D3F53880}.Release|x64.Build.0 = Release|x64
		{98CE9F70-FECA-1BAD-6ECA-CFEF4570A0D1}.Debug|Win32.ActiveCfg = Debug|Win32
		{98CE9F70-FECA-1BAD-6ECA-CFEF4570A0D1}.Debug|Win32.Build.0 = Debug|Win32
		{98CE9F70-FECA-1BAD-6ECA-CFEF4570A0D1}.Debug|x64.ActiveCfg = Debug|x64
		{98CE9F70-FECA-1BAD-6ECA-CFEF4570A0D1}.Debug|x64.Build.0 = Debug|x64
		{98CE9F70-FECA-1BAD-6ECA-CFEF4570A0D1}.Release|Win32.ActiveCfg = Release|Win32
		{98CE9F70-FECA-1BAD-6ECA-CFEF4570A0D1}.Release|Win32.Build.0 = Release|Win32
		{98CE9F70-FECA-1BAD-6ECA-CFEF4570A0D1}.Release|x64.ActiveCfg = Release|x64
		{98CE9F70-FECA-1BAD-6ECA-CFEF4570A0D1}.Release|x64.Build.0 = Release|x64
		{B244FA69-FECA-1BAD-E4AF-D6C5519DB3A7}.Debug|Win32.ActiveCfg = Debug|Win32
		{B244FA69-FECA-1BAD-E4AF-D6C5519DB3A7}.Debug|Win32.Build.0 = Debug|Win32
		{B244FA69-FECA-1BAD-E4AF-D6C5519DB3A7}.Debug|x64.ActiveCfg = Debug|x64
		{B244FA69-FECA-1BAD-E4AF-D6C5519DB3A7}.Debug|x64.Build.0 = Debug|x64
		{B244FA69-FECA-1BAD-E4AF-D6C5519DB3A7}.Release|Win32.ActiveCfg = Release|Win32
		{B244FA69-FECA-1BAD-E4AF-D6C5519DB3A7}.Release|Win32.Build.0 = Release|Win32
		{B244FA69-FECA-1BAD-E4AF-D6C5519DB3A7}.Release|x64.ActiveCfg = Release|x64
		{B244FA69-FECA-1BAD-E4AF-D6C5519DB3A7}.Release|x64.Build.0 = Release|x64
		{6FF04353-FECA-1BAD-5016-EC186C766B43}.Debug|Win32.ActiveCfg = Debug|Win32
		{6FF04353-FECA-1BAD-5016-EC186C766B43}.Debug|Win32.Build.0 = Debug|Win32
		{6FF04353-FECA-1BAD-5016-EC186C766B43}.Debug|x64.ActiveCfg = Debug|x64
		{6FF04353-FECA-1BAD-5016-EC186C766B43}.Debug|x64.Build.0 = Debug|x64
		{6FF04353-FECA-1BAD-5016-EC186C766B43}.Release|Win32.ActiveCfg = Release|Win32
		{6FF04353-FECA-1BAD-5016-EC186C766B43}.Release|Win32.Build.0 = Release|Win32
		{6FF04353-FECA-1BAD-5016-EC186C766B43}.Release|x64.ActiveCfg = Release|x64
		{6FF04353-FECA-1BAD-5016-EC186C766B43}.Release|x64.Build.0 = Release|x64
		{E0DE5C97-FECA-1BAD-7E09-28970227CB7B}.Debug|Win32.ActiveCfg = Debug|Win32
		{E0DE5C97-FECA-1BAD-7E09-28970227CB7B}.Debug|Win32.Build.0 = Debug|Win32
		{E0DE5C97-FECA-1BAD-7E09-28970227CB7B}.Debug|x64.ActiveCfg = Debug|x64
		{E0DE5C97-FECA-1BAD-7E09-28970227CB7B}.Debug|x64.Build.0 = Debug|x64
		{E0DE5C97-FECA-1BAD-7E09-28970227CB7B}.Release|Win32.ActiveCfg = Release|Win32
		{E0DE5C97-FECA-1BAD-7E09-28970227CB7B}.Release|Win32.Build.0 = Release|Win32
		{E0DE5C97-FECA-1BAD-7E09-28970227CB7B}.Release|x64.ActiveCfg = Release|x64
		{E0DE5C97-FECA-1BAD-7E09-28970227CB7B}.Release|x64.Build.0 = Release|x64
	EndGlobalSection
	GlobalSection(SolutionProperties) = preSolution
		HideSolutionNode = FALSE
	EndGlobalSection
EndGlobal
