<?xml version="1.0" encoding="utf-8"?>
<Project ToolsVersion="4.0" xmlns="http://schemas.microsoft.com/developer/msbuild/2003">
  <ItemGroup>
    <Filter Include="Source Files">
      <UniqueIdentifier>{e66755b9-6064-4404-a639-92a168eda820}</UniqueIdentifier>
      <Extensions>cpp;cxx;cc;C;c</Extensions>
    </Filter>
    <Filter Include="Header Files">
      <UniqueIdentifier>{356f0f2d-f85e-4e41-9b4e-2ea10d11b10a}</UniqueIdentifier>
      <Extensions>h;hpp;hxx;hh</Extensions>
    </Filter>
    <Filter Include="Template Files">
      <UniqueIdentifier>{dc8fdcb0-a928-49ae-96a4-1717b4a5b7c0}</UniqueIdentifier>
    </Filter>
  </ItemGroup>
  <ItemGroup>
    <ClCompile Include="..\common\Cfg.cpp">
      <Filter>Source Files</Filter>
    </ClCompile>
    <ClCompile Include="..\common\ProactorTask.cpp">
      <Filter>Source Files</Filter>
    </ClCompile>
    <ClCompile Include="..\common\TaskPool.cpp">
      <Filter>Source Files</Filter>
    </ClCompile>
    <ClCompile Include="F_Test.cpp">
      <Filter>Source Files</Filter>
    </ClCompile>
    <ClCompile Include="PSession.cpp">
      <Filter>Source Files</Filter>
    </ClCompile>
    <ClCompile Include="Asynch_RWT.h">
      <Filter>Header Files</Filter>
    </ClCompile>
  </ItemGroup>
  <ItemGroup>
    <ClInclude Include="..\common\Cfg.h">
      <Filter>Header Files</Filter>
    </ClInclude>
    <ClInclude Include="..\common\ProactorTask.h">
      <Filter>Header Files</Filter>
    </ClInclude>
    <ClInclude Include="..\common\TaskPool.h">
      <Filter>Header Files</Filter>
    </ClInclude>
    <ClInclude Include="PSession.h">
      <Filter>Header Files</Filter>
    </ClInclude>
  </ItemGroup>
</Project>