Microsoft Visual Studio Solution File, Format Version 8.00
#
# $Id: VC71WorkspaceCreator.pm 1456 2008-07-18 16:05:54Z elliott_c $
#
# This file was generated by MPC.  Any changes made directly to
# this file will be lost the next time it is generated.
#
# MPC Command:
# /export/anduriltmp/bczar/DOC_ROOT/stage-4800/ACE_wrappers/bin/mwc.pl -type vc71 -recurse -hierarchy -relative ACE_ROOT=/export/anduriltmp/bczar/DOC_ROOT/stage-4800/ACE_wrappers -relative TAO_ROOT=/export/anduriltmp/bczar/DOC_ROOT/stage-4800/ACE_wrappers/TAO -relative CIAO_ROOT=/export/anduriltmp/bczar/DOC_ROOT/stage-4800/ACE_wrappers/TAO/CIAO -name_modifier "*_vc71"
Project("{8BC9CEB8-8B4A-11D0-8D11-00A0C91BC942}") = "SigAction", "SigAction_vc71.vcproj", "{16CA07EA-FECA-1BAD-87B1-FF92E7A2CD1E}"
	ProjectSection(ProjectDependencies) = postProject
	EndProjectSection
EndProject
Project("{8BC9CEB8-8B4A-11D0-8D11-00A0C91BC942}") = "SigGuard", "SigGuard_vc71.vcproj", "{0F40ABAE-FECA-1BAD-87B1-FF92E7A2CD1E}"
	ProjectSection(ProjectDependencies) = postProject
	EndProjectSection
EndProject
Project("{8BC9CEB8-8B4A-11D0-8D11-00A0C91BC942}") = "SigHandler", "SigHandler_vc71.vcproj", "{167CCAE6-FECA-1BAD-87B1-FF92E7A2CD1E}"
	ProjectSection(ProjectDependencies) = postProject
	EndProjectSection
EndProject
Project("{8BC9CEB8-8B4A-11D0-8D11-00A0C91BC942}") = "SigHandlers", "SigHandlers_vc71.vcproj", "{CEA1131C-FECA-1BAD-87B1-FF92E7A2CD1E}"
	ProjectSection(ProjectDependencies) = postProject
	EndProjectSection
EndProject
Project("{8BC9CEB8-8B4A-11D0-8D11-00A0C91BC942}") = "SigInfo", "SigInfo_vc71.vcproj", "{C10EA16D-FECA-1BAD-87B1-FF92E7A2CD1E}"
	ProjectSection(ProjectDependencies) = postProject
	EndProjectSection
EndProject
Global
	GlobalSection(SolutionConfiguration) = preSolution
		Debug = Debug
		Release = Release
	EndGlobalSection
	GlobalSection(ProjectConfiguration) = postSolution
		{16CA07EA-FECA-1BAD-87B1-FF92E7A2CD1E}.Debug.ActiveCfg = Debug|Win32
		{16CA07EA-FECA-1BAD-87B1-FF92E7A2CD1E}.Debug.Build.0 = Debug|Win32
		{16CA07EA-FECA-1BAD-87B1-FF92E7A2CD1E}.Release.ActiveCfg = Release|Win32
		{16CA07EA-FECA-1BAD-87B1-FF92E7A2CD1E}.Release.Build.0 = Release|Win32
		{0F40ABAE-FECA-1BAD-87B1-FF92E7A2CD1E}.Debug.ActiveCfg = Debug|Win32
		{0F40ABAE-FECA-1BAD-87B1-FF92E7A2CD1E}.Debug.Build.0 = Debug|Win32
		{0F40ABAE-FECA-1BAD-87B1-FF92E7A2CD1E}.Release.ActiveCfg = Release|Win32
		{0F40ABAE-FECA-1BAD-87B1-FF92E7A2CD1E}.Release.Build.0 = Release|Win32
		{167CCAE6-FECA-1BAD-87B1-FF92E7A2CD1E}.Debug.ActiveCfg = Debug|Win32
		{167CCAE6-FECA-1BAD-87B1-FF92E7A2CD1E}.Debug.Build.0 = Debug|Win32
		{167CCAE6-FECA-1BAD-87B1-FF92E7A2CD1E}.Release.ActiveCfg = Release|Win32
		{167CCAE6-FECA-1BAD-87B1-FF92E7A2CD1E}.Release.Build.0 = Release|Win32
		{CEA1131C-FECA-1BAD-87B1-FF92E7A2CD1E}.Debug.ActiveCfg = Debug|Win32
		{CEA1131C-FECA-1BAD-87B1-FF92E7A2CD1E}.Debug.Build.0 = Debug|Win32
		{CEA1131C-FECA-1BAD-87B1-FF92E7A2CD1E}.Release.ActiveCfg = Release|Win32
		{CEA1131C-FECA-1BAD-87B1-FF92E7A2CD1E}.Release.Build.0 = Release|Win32
		{C10EA16D-FECA-1BAD-87B1-FF92E7A2CD1E}.Debug.ActiveCfg = Debug|Win32
		{C10EA16D-FECA-1BAD-87B1-FF92E7A2CD1E}.Debug.Build.0 = Debug|Win32
		{C10EA16D-FECA-1BAD-87B1-FF92E7A2CD1E}.Release.ActiveCfg = Release|Win32
		{C10EA16D-FECA-1BAD-87B1-FF92E7A2CD1E}.Release.Build.0 = Release|Win32
	EndGlobalSection
	GlobalSection(ExtensibilityGlobals) = postSolution
	EndGlobalSection
	GlobalSection(ExtensibilityAddIns) = postSolution
	EndGlobalSection
EndGlobal
