
Microsoft Visual Studio Solution File, Format Version 9.00
# Visual Studio 2005
# $Id: VC8WorkspaceCreator.pm 1456 2008-07-18 16:05:54Z elliott_c $
#
# This file was generated by MPC.  Any changes made directly to
# this file will be lost the next time it is generated.
#
# MPC Command:
# /export/anduriltmp/bczar/DOC_ROOT/stage-4800/ACE_wrappers/bin/mwc.pl -type vc8 -static -name_modifier "*_vc8_Static" -apply_project -exclude TAO/CIAO -recurse -hierarchy -relative ACE_ROOT=/export/anduriltmp/bczar/DOC_ROOT/stage-4800/ACE_wrappers -relative TAO_ROOT=/export/anduriltmp/bczar/DOC_ROOT/stage-4800/ACE_wrappers/TAO -relative CIAO_ROOT=/export/anduriltmp/bczar/DOC_ROOT/stage-4800/ACE_wrappers/TAO/CIAO
Project("{8BC9CEB8-8B4A-11D0-8D11-00A0C91BC942}") = "Connection_Blocking_Acceptor_vc8_Static", "blocking\Connection_Blocking_Acceptor_vc8_Static.vcproj", "{30E8C2DD-FECA-1BAD-63A6-43B48B846D3E}"
EndProject
Project("{8BC9CEB8-8B4A-11D0-8D11-00A0C91BC942}") = "Connection_Blocking_Connector_vc8_Static", "blocking\Connection_Blocking_Connector_vc8_Static.vcproj", "{F443A97A-FECA-1BAD-63A6-43B48B846D3E}"
EndProject
Project("{8BC9CEB8-8B4A-11D0-8D11-00A0C91BC942}") = "Connection_Misc_Handler_vc8_Static", "misc\Connection_Misc_Handler_vc8_Static.vcproj", "{4FB76137-FECA-1BAD-3D13-3640B2B97F42}"
EndProject
Project("{8BC9CEB8-8B4A-11D0-8D11-00A0C91BC942}") = "Connection_Misc_Test_Upipe_vc8_Static", "misc\Connection_Misc_Test_Upipe_vc8_Static.vcproj", "{678FD247-FECA-1BAD-3D13-3640B2B97F42}"
EndProject
Project("{8BC9CEB8-8B4A-11D0-8D11-00A0C91BC942}") = "Connection_Non_Blocking_LSockClient_vc8_Static", "non_blocking\Connection_Non_Blocking_LSockClient_vc8_Static.vcproj", "{351C2CBF-FECA-1BAD-D57C-7CD5F82C972F}"
EndProject
Project("{8BC9CEB8-8B4A-11D0-8D11-00A0C91BC942}") = "Connection_Non_Blocking_LSockServer_vc8_Static", "non_blocking\Connection_Non_Blocking_LSockServer_vc8_Static.vcproj", "{3DBF9ABE-FECA-1BAD-D57C-7CD5F82C972F}"
EndProject
Project("{8BC9CEB8-8B4A-11D0-8D11-00A0C91BC942}") = "Connection_Non_Blocking_SPipeClient_vc8_Static", "non_blocking\Connection_Non_Blocking_SPipeClient_vc8_Static.vcproj", "{35031B81-FECA-1BAD-D57C-7CD5F82C972F}"
EndProject
Project("{8BC9CEB8-8B4A-11D0-8D11-00A0C91BC942}") = "Connection_Non_Blocking_SPipeServer_vc8_Static", "non_blocking\Connection_Non_Blocking_SPipeServer_vc8_Static.vcproj", "{3DA0AD80-FECA-1BAD-D57C-7CD5F82C972F}"
EndProject
Project("{8BC9CEB8-8B4A-11D0-8D11-00A0C91BC942}") = "Connection_Non_Blocking_SockClient_vc8_Static", "non_blocking\Connection_Non_Blocking_SockClient_vc8_Static.vcproj", "{19E6F107-FECA-1BAD-D57C-7CD5F82C972F}"
EndProject
Project("{8BC9CEB8-8B4A-11D0-8D11-00A0C91BC942}") = "Connection_Non_Blocking_SockServer_vc8_Static", "non_blocking\Connection_Non_Blocking_SockServer_vc8_Static.vcproj", "{11454706-FECA-1BAD-D57C-7CD5F82C972F}"
EndProject
Project("{8BC9CEB8-8B4A-11D0-8D11-00A0C91BC942}") = "Connection_Non_Blocking_TLIClient_vc8_Static", "non_blocking\Connection_Non_Blocking_TLIClient_vc8_Static.vcproj", "{9B28950E-FECA-1BAD-D57C-7CD5F82C972F}"
EndProject
Project("{8BC9CEB8-8B4A-11D0-8D11-00A0C91BC942}") = "Connection_Non_Blocking_TLIServer_vc8_Static", "non_blocking\Connection_Non_Blocking_TLIServer_vc8_Static.vcproj", "{938B230F-FECA-1BAD-D57C-7CD5F82C972F}"
EndProject
Global
	GlobalSection(SolutionConfigurationPlatforms) = preSolution
		Debug|Win32 = Debug|Win32
		Debug|x64 = Debug|x64
		Release|Win32 = Release|Win32
		Release|x64 = Release|x64
	EndGlobalSection
	GlobalSection(ProjectConfigurationPlatforms) = postSolution
		{30E8C2DD-FECA-1BAD-63A6-43B48B846D3E}.Debug|Win32.ActiveCfg = Debug|Win32
		{30E8C2DD-FECA-1BAD-63A6-43B48B846D3E}.Debug|Win32.Build.0 = Debug|Win32
		{30E8C2DD-FECA-1BAD-63A6-43B48B846D3E}.Debug|x64.ActiveCfg = Debug|x64
		{30E8C2DD-FECA-1BAD-63A6-43B48B846D3E}.Debug|x64.Build.0 = Debug|x64
		{30E8C2DD-FECA-1BAD-63A6-43B48B846D3E}.Release|Win32.ActiveCfg = Release|Win32
		{30E8C2DD-FECA-1BAD-63A6-43B48B846D3E}.Release|Win32.Build.0 = Release|Win32
		{30E8C2DD-FECA-1BAD-63A6-43B48B846D3E}.Release|x64.ActiveCfg = Release|x64
		{30E8C2DD-FECA-1BAD-63A6-43B48B846D3E}.Release|x64.Build.0 = Release|x64
		{F443A97A-FECA-1BAD-63A6-43B48B846D3E}.Debug|Win32.ActiveCfg = Debug|Win32
		{F443A97A-FECA-1BAD-63A6-43B48B846D3E}.Debug|Win32.Build.0 = Debug|Win32
		{F443A97A-FECA-1BAD-63A6-43B48B846D3E}.Debug|x64.ActiveCfg = Debug|x64
		{F443A97A-FECA-1BAD-63A6-43B48B846D3E}.Debug|x64.Build.0 = Debug|x64
		{F443A97A-FECA-1BAD-63A6-43B48B846D3E}.Release|Win32.ActiveCfg = Release|Win32
		{F443A97A-FECA-1BAD-63A6-43B48B846D3E}.Release|Win32.Build.0 = Release|Win32
		{F443A97A-FECA-1BAD-63A6-43B48B846D3E}.Release|x64.ActiveCfg = Release|x64
		{F443A97A-FECA-1BAD-63A6-43B48B846D3E}.Release|x64.Build.0 = Release|x64
		{4FB76137-FECA-1BAD-3D13-3640B2B97F42}.Debug|Win32.ActiveCfg = Debug|Win32
		{4FB76137-FECA-1BAD-3D13-3640B2B97F42}.Debug|Win32.Build.0 = Debug|Win32
		{4FB76137-FECA-1BAD-3D13-3640B2B97F42}.Debug|x64.ActiveCfg = Debug|x64
		{4FB76137-FECA-1BAD-3D13-3640B2B97F42}.Debug|x64.Build.0 = Debug|x64
		{4FB76137-FECA-1BAD-3D13-3640B2B97F42}.Release|Win32.ActiveCfg = Release|Win32
		{4FB76137-FECA-1BAD-3D13-3640B2B97F42}.Release|Win32.Build.0 = Release|Win32
		{4FB76137-FECA-1BAD-3D13-3640B2B97F42}.Release|x64.ActiveCfg = Release|x64
		{4FB76137-FECA-1BAD-3D13-3640B2B97F42}.Release|x64.Build.0 = Release|x64
		{678FD247-FECA-1BAD-3D13-3640B2B97F42}.Debug|Win32.ActiveCfg = Debug|Win32
		{678FD247-FECA-1BAD-3D13-3640B2B97F42}.Debug|Win32.Build.0 = Debug|Win32
		{678FD247-FECA-1BAD-3D13-3640B2B97F42}.Debug|x64.ActiveCfg = Debug|x64
		{678FD247-FECA-1BAD-3D13-3640B2B97F42}.Debug|x64.Build.0 = Debug|x64
		{678FD247-FECA-1BAD-3D13-3640B2B97F42}.Release|Win32.ActiveCfg = Release|Win32
		{678FD247-FECA-1BAD-3D13-3640B2B97F42}.Release|Win32.Build.0 = Release|Win32
		{678FD247-FECA-1BAD-3D13-3640B2B97F42}.Release|x64.ActiveCfg = Release|x64
		{678FD247-FECA-1BAD-3D13-3640B2B97F42}.Release|x64.Build.0 = Release|x64
		{351C2CBF-FECA-1BAD-D57C-7CD5F82C972F}.Debug|Win32.ActiveCfg = Debug|Win32
		{351C2CBF-FECA-1BAD-D57C-7CD5F82C972F}.Debug|Win32.Build.0 = Debug|Win32
		{351C2CBF-FECA-1BAD-D57C-7CD5F82C972F}.Debug|x64.ActiveCfg = Debug|x64
		{351C2CBF-FECA-1BAD-D57C-7CD5F82C972F}.Debug|x64.Build.0 = Debug|x64
		{351C2CBF-FECA-1BAD-D57C-7CD5F82C972F}.Release|Win32.ActiveCfg = Release|Win32
		{351C2CBF-FECA-1BAD-D57C-7CD5F82C972F}.Release|Win32.Build.0 = Release|Win32
		{351C2CBF-FECA-1BAD-D57C-7CD5F82C972F}.Release|x64.ActiveCfg = Release|x64
		{351C2CBF-FECA-1BAD-D57C-7CD5F82C972F}.Release|x64.Build.0 = Release|x64
		{3DBF9ABE-FECA-1BAD-D57C-7CD5F82C972F}.Debug|Win32.ActiveCfg = Debug|Win32
		{3DBF9ABE-FECA-1BAD-D57C-7CD5F82C972F}.Debug|Win32.Build.0 = Debug|Win32
		{3DBF9ABE-FECA-1BAD-D57C-7CD5F82C972F}.Debug|x64.ActiveCfg = Debug|x64
		{3DBF9ABE-FECA-1BAD-D57C-7CD5F82C972F}.Debug|x64.Build.0 = Debug|x64
		{3DBF9ABE-FECA-1BAD-D57C-7CD5F82C972F}.Release|Win32.ActiveCfg = Release|Win32
		{3DBF9ABE-FECA-1BAD-D57C-7CD5F82C972F}.Release|Win32.Build.0 = Release|Win32
		{3DBF9ABE-FECA-1BAD-D57C-7CD5F82C972F}.Release|x64.ActiveCfg = Release|x64
		{3DBF9ABE-FECA-1BAD-D57C-7CD5F82C972F}.Release|x64.Build.0 = Release|x64
		{35031B81-FECA-1BAD-D57C-7CD5F82C972F}.Debug|Win32.ActiveCfg = Debug|Win32
		{35031B81-FECA-1BAD-D57C-7CD5F82C972F}.Debug|Win32.Build.0 = Debug|Win32
		{35031B81-FECA-1BAD-D57C-7CD5F82C972F}.Debug|x64.ActiveCfg = Debug|x64
		{35031B81-FECA-1BAD-D57C-7CD5F82C972F}.Debug|x64.Build.0 = Debug|x64
		{35031B81-FECA-1BAD-D57C-7CD5F82C972F}.Release|Win32.ActiveCfg = Release|Win32
		{35031B81-FECA-1BAD-D57C-7CD5F82C972F}.Release|Win32.Build.0 = Release|Win32
		{35031B81-FECA-1BAD-D57C-7CD5F82C972F}.Release|x64.ActiveCfg = Release|x64
		{35031B81-FECA-1BAD-D57C-7CD5F82C972F}.Release|x64.Build.0 = Release|x64
		{3DA0AD80-FECA-1BAD-D57C-7CD5F82C972F}.Debug|Win32.ActiveCfg = Debug|Win32
		{3DA0AD80-FECA-1BAD-D57C-7CD5F82C972F}.Debug|Win32.Build.0 = Debug|Win32
		{3DA0AD80-FECA-1BAD-D57C-7CD5F82C972F}.Debug|x64.ActiveCfg = Debug|x64
		{3DA0AD80-FECA-1BAD-D57C-7CD5F82C972F}.Debug|x64.Build.0 = Debug|x64
		{3DA0AD80-FECA-1BAD-D57C-7CD5F82C972F}.Release|Win32.ActiveCfg = Release|Win32
		{3DA0AD80-FECA-1BAD-D57C-7CD5F82C972F}.Release|Win32.Build.0 = Release|Win32
		{3DA0AD80-FECA-1BAD-D57C-7CD5F82C972F}.Release|x64.ActiveCfg = Release|x64
		{3DA0AD80-FECA-1BAD-D57C-7CD5F82C972F}.Release|x64.Build.0 = Release|x64
		{19E6F107-FECA-1BAD-D57C-7CD5F82C972F}.Debug|Win32.ActiveCfg = Debug|Win32
		{19E6F107-FECA-1BAD-D57C-7CD5F82C972F}.Debug|Win32.Build.0 = Debug|Win32
		{19E6F107-FECA-1BAD-D57C-7CD5F82C972F}.Debug|x64.ActiveCfg = Debug|x64
		{19E6F107-FECA-1BAD-D57C-7CD5F82C972F}.Debug|x64.Build.0 = Debug|x64
		{19E6F107-FECA-1BAD-D57C-7CD5F82C972F}.Release|Win32.ActiveCfg = Release|Win32
		{19E6F107-FECA-1BAD-D57C-7CD5F82C972F}.Release|Win32.Build.0 = Release|Win32
		{19E6F107-FECA-1BAD-D57C-7CD5F82C972F}.Release|x64.ActiveCfg = Release|x64
		{19E6F107-FECA-1BAD-D57C-7CD5F82C972F}.Release|x64.Build.0 = Release|x64
		{11454706-FECA-1BAD-D57C-7CD5F82C972F}.Debug|Win32.ActiveCfg = Debug|Win32
		{11454706-FECA-1BAD-D57C-7CD5F82C972F}.Debug|Win32.Build.0 = Debug|Win32
		{11454706-FECA-1BAD-D57C-7CD5F82C972F}.Debug|x64.ActiveCfg = Debug|x64
		{11454706-FECA-1BAD-D57C-7CD5F82C972F}.Debug|x64.Build.0 = Debug|x64
		{11454706-FECA-1BAD-D57C-7CD5F82C972F}.Release|Win32.ActiveCfg = Release|Win32
		{11454706-FECA-1BAD-D57C-7CD5F82C972F}.Release|Win32.Build.0 = Release|Win32
		{11454706-FECA-1BAD-D57C-7CD5F82C972F}.Release|x64.ActiveCfg = Release|x64
		{11454706-FECA-1BAD-D57C-7CD5F82C972F}.Release|x64.Build.0 = Release|x64
		{9B28950E-FECA-1BAD-D57C-7CD5F82C972F}.Debug|Win32.ActiveCfg = Debug|Win32
		{9B28950E-FECA-1BAD-D57C-7CD5F82C972F}.Debug|Win32.Build.0 = Debug|Win32
		{9B28950E-FECA-1BAD-D57C-7CD5F82C972F}.Debug|x64.ActiveCfg = Debug|x64
		{9B28950E-FECA-1BAD-D57C-7CD5F82C972F}.Debug|x64.Build.0 = Debug|x64
		{9B28950E-FECA-1BAD-D57C-7CD5F82C972F}.Release|Win32.ActiveCfg = Release|Win32
		{9B28950E-FECA-1BAD-D57C-7CD5F82C972F}.Release|Win32.Build.0 = Release|Win32
		{9B28950E-FECA-1BAD-D57C-7CD5F82C972F}.Release|x64.ActiveCfg = Release|x64
		{9B28950E-FECA-1BAD-D57C-7CD5F82C972F}.Release|x64.Build.0 = Release|x64
		{938B230F-FECA-1BAD-D57C-7CD5F82C972F}.Debug|Win32.ActiveCfg = Debug|Win32
		{938B230F-FECA-1BAD-D57C-7CD5F82C972F}.Debug|Win32.Build.0 = Debug|Win32
		{938B230F-FECA-1BAD-D57C-7CD5F82C972F}.Debug|x64.ActiveCfg = Debug|x64
		{938B230F-FECA-1BAD-D57C-7CD5F82C972F}.Debug|x64.Build.0 = Debug|x64
		{938B230F-FECA-1BAD-D57C-7CD5F82C972F}.Release|Win32.ActiveCfg = Release|Win32
		{938B230F-FECA-1BAD-D57C-7CD5F82C972F}.Release|Win32.Build.0 = Release|Win32
		{938B230F-FECA-1BAD-D57C-7CD5F82C972F}.Release|x64.ActiveCfg = Release|x64
		{938B230F-FECA-1BAD-D57C-7CD5F82C972F}.Release|x64.Build.0 = Release|x64
	EndGlobalSection
	GlobalSection(SolutionProperties) = preSolution
		HideSolutionNode = FALSE
	EndGlobalSection
EndGlobal
