
Microsoft Visual Studio Solution File, Format Version 9.00
# Visual Studio 2005
# $Id: VC8WorkspaceCreator.pm 1456 2008-07-18 16:05:54Z elliott_c $
#
# This file was generated by MPC.  Any changes made directly to
# this file will be lost the next time it is generated.
#
# MPC Command:
# /export/anduriltmp/bczar/DOC_ROOT/stage-4800/ACE_wrappers/bin/mwc.pl -type vc8 -static -name_modifier "*_vc8_Static" -apply_project -exclude TAO/CIAO -recurse -hierarchy -relative ACE_ROOT=/export/anduriltmp/bczar/DOC_ROOT/stage-4800/ACE_wrappers -relative TAO_ROOT=/export/anduriltmp/bczar/DOC_ROOT/stage-4800/ACE_wrappers/TAO -relative CIAO_ROOT=/export/anduriltmp/bczar/DOC_ROOT/stage-4800/ACE_wrappers/TAO/CIAO
Project("{8BC9CEB8-8B4A-11D0-8D11-00A0C91BC942}") = "Timer_Queue_Async_vc8_Static", "Timer_Queue_Async_vc8_Static.vcproj", "{8549B4FE-FECA-1BAD-60CC-ADC565F56E26}"
	ProjectSection(ProjectDependencies) = postProject
		{4786C5A8-FECA-1BAD-60CC-ADC565F56E26} = {4786C5A8-FECA-1BAD-60CC-ADC565F56E26}
	EndProjectSection
EndProject
Project("{8BC9CEB8-8B4A-11D0-8D11-00A0C91BC942}") = "Timer_Queue_Library_vc8_Static", "Timer_Queue_Library_vc8_Static.vcproj", "{4786C5A8-FECA-1BAD-60CC-ADC565F56E26}"
EndProject
Project("{8BC9CEB8-8B4A-11D0-8D11-00A0C91BC942}") = "Timer_Queue_Reactor_vc8_Static", "Timer_Queue_Reactor_vc8_Static.vcproj", "{85821EB6-FECA-1BAD-60CC-ADC565F56E26}"
	ProjectSection(ProjectDependencies) = postProject
		{4786C5A8-FECA-1BAD-60CC-ADC565F56E26} = {4786C5A8-FECA-1BAD-60CC-ADC565F56E26}
	EndProjectSection
EndProject
Project("{8BC9CEB8-8B4A-11D0-8D11-00A0C91BC942}") = "Timer_Queue_Thread_vc8_Static", "Timer_Queue_Thread_vc8_Static.vcproj", "{41852F8D-FECA-1BAD-60CC-ADC565F56E26}"
	ProjectSection(ProjectDependencies) = postProject
		{4786C5A8-FECA-1BAD-60CC-ADC565F56E26} = {4786C5A8-FECA-1BAD-60CC-ADC565F56E26}
	EndProjectSection
EndProject
Global
	GlobalSection(SolutionConfigurationPlatforms) = preSolution
		Debug|Win32 = Debug|Win32
		Debug|x64 = Debug|x64
		Release|Win32 = Release|Win32
		Release|x64 = Release|x64
	EndGlobalSection
	GlobalSection(ProjectConfigurationPlatforms) = postSolution
		{8549B4FE-FECA-1BAD-60CC-ADC565F56E26}.Debug|Win32.ActiveCfg = Debug|Win32
		{8549B4FE-FECA-1BAD-60CC-ADC565F56E26}.Debug|Win32.Build.0 = Debug|Win32
		{8549B4FE-FECA-1BAD-60CC-ADC565F56E26}.Debug|x64.ActiveCfg = Debug|x64
		{8549B4FE-FECA-1BAD-60CC-ADC565F56E26}.Debug|x64.Build.0 = Debug|x64
		{8549B4FE-FECA-1BAD-60CC-ADC565F56E26}.Release|Win32.ActiveCfg = Release|Win32
		{8549B4FE-FECA-1BAD-60CC-ADC565F56E26}.Release|Win32.Build.0 = Release|Win32
		{8549B4FE-FECA-1BAD-60CC-ADC565F56E26}.Release|x64.ActiveCfg = Release|x64
		{8549B4FE-FECA-1BAD-60CC-ADC565F56E26}.Release|x64.Build.0 = Release|x64
		{4786C5A8-FECA-1BAD-60CC-ADC565F56E26}.Debug|Win32.ActiveCfg = Debug|Win32
		{4786C5A8-FECA-1BAD-60CC-ADC565F56E26}.Debug|Win32.Build.0 = Debug|Win32
		{4786C5A8-FECA-1BAD-60CC-ADC565F56E26}.Debug|x64.ActiveCfg = Debug|x64
		{4786C5A8-FECA-1BAD-60CC-ADC565F56E26}.Debug|x64.Build.0 = Debug|x64
		{4786C5A8-FECA-1BAD-60CC-ADC565F56E26}.Release|Win32.ActiveCfg = Release|Win32
		{4786C5A8-FECA-1BAD-60CC-ADC565F56E26}.Release|Win32.Build.0 = Release|Win32
		{4786C5A8-FECA-1BAD-60CC-ADC565F56E26}.Release|x64.ActiveCfg = Release|x64
		{4786C5A8-FECA-1BAD-60CC-ADC565F56E26}.Release|x64.Build.0 = Release|x64
		{85821EB6-FECA-1BAD-60CC-ADC565F56E26}.Debug|Win32.ActiveCfg = Debug|Win32
		{85821EB6-FECA-1BAD-60CC-ADC565F56E26}.Debug|Win32.Build.0 = Debug|Win32
		{85821EB6-FECA-1BAD-60CC-ADC565F56E26}.Debug|x64.ActiveCfg = Debug|x64
		{85821EB6-FECA-1BAD-60CC-ADC565F56E26}.Debug|x64.Build.0 = Debug|x64
		{85821EB6-FECA-1BAD-60CC-ADC565F56E26}.Release|Win32.ActiveCfg = Release|Win32
		{85821EB6-FECA-1BAD-60CC-ADC565F56E26}.Release|Win32.Build.0 = Release|Win32
		{85821EB6-FECA-1BAD-60CC-ADC565F56E26}.Release|x64.ActiveCfg = Release|x64
		{85821EB6-FECA-1BAD-60CC-ADC565F56E26}.Release|x64.Build.0 = Release|x64
		{41852F8D-FECA-1BAD-60CC-ADC565F56E26}.Debug|Win32.ActiveCfg = Debug|Win32
		{41852F8D-FECA-1BAD-60CC-ADC565F56E26}.Debug|Win32.Build.0 = Debug|Win32
		{41852F8D-FECA-1BAD-60CC-ADC565F56E26}.Debug|x64.ActiveCfg = Debug|x64
		{41852F8D-FECA-1BAD-60CC-ADC565F56E26}.Debug|x64.Build.0 = Debug|x64
		{41852F8D-FECA-1BAD-60CC-ADC565F56E26}.Release|Win32.ActiveCfg = Release|Win32
		{41852F8D-FECA-1BAD-60CC-ADC565F56E26}.Release|Win32.Build.0 = Release|Win32
		{41852F8D-FECA-1BAD-60CC-ADC565F56E26}.Release|x64.ActiveCfg = Release|x64
		{41852F8D-FECA-1BAD-60CC-ADC565F56E26}.Release|x64.Build.0 = Release|x64
	EndGlobalSection
	GlobalSection(SolutionProperties) = preSolution
		HideSolutionNode = FALSE
	EndGlobalSection
EndGlobal
