<?xml version="1.0" encoding="utf-8"?>
<Project ToolsVersion="4.0" xmlns="http://schemas.microsoft.com/developer/msbuild/2003">
  <ItemGroup>
    <Filter Include="Source Files">
      <UniqueIdentifier>{9cca994b-0351-49f7-8d5d-1f585eee47d4}</UniqueIdentifier>
      <Extensions>cpp;cxx;cc;C;c</Extensions>
    </Filter>
    <Filter Include="Header Files">
      <UniqueIdentifier>{7899deef-6808-46c3-b4d3-be5cb2ca631e}</UniqueIdentifier>
      <Extensions>h;hpp;hxx;hh</Extensions>
    </Filter>
    <Filter Include="Template Files">
      <UniqueIdentifier>{ab29ddb4-039f-49ec-9f44-8e3670f0615a}</UniqueIdentifier>
    </Filter>
  </ItemGroup>
  <ItemGroup>
    <ClCompile Include="TestProdCons.cpp">
      <Filter>Source Files</Filter>
    </ClCompile>
    <ClCompile Include="Producer_Consumer_Queue_T.h">
      <Filter>Header Files</Filter>
    </ClCompile>
    <ClCompile Include="Thread_Pool_T.h">
      <Filter>Header Files</Filter>
    </ClCompile>
  </ItemGroup>
</Project>